
Microsoft Visual Studio Solution File, Format Version 12.00
# Visual Studio Version 16
VisualStudioVersion = 16.0.29519.87
MinimumVisualStudioVersion = 10.0.40219.1
Project("{8BC9CEB8-8B4A-11D0-8D11-00A0C91BC942}") = "ex10-1", "ex10-1\ex10-1.vcxproj", "{A54ECF04-A8CA-4BB4-A396-1A52811F8E71}"
EndProject
Project("{8BC9CEB8-8B4A-11D0-8D11-00A0C91BC942}") = "ex10-2", "ex10-2\ex10-2.vcxproj", "{ABE1D067-B202-40A7-84FD-948CEB8F0784}"
EndProject
Project("{8BC9CEB8-8B4A-11D0-8D11-00A0C91BC942}") = "ex10-3", "ex10-3\ex10-3.vcxproj", "{CC055FF2-A5C7-44C5-B257-19E087548FC6}"
EndProject
Project("{8BC9CEB8-8B4A-11D0-8D11-00A0C91BC942}") = "ex10-4", "ex10-4\ex10-4.vcxproj", "{F04B3498-0184-422F-8BA3-69E9912886D5}"
EndProject
Project("{8BC9CEB8-8B4A-11D0-8D11-00A0C91BC942}") = "ex10-5", "ex10-5\ex10-5.vcxproj", "{77901900-3FA1-45A8-A668-744151827579}"
EndProject
Project("{8BC9CEB8-8B4A-11D0-8D11-00A0C91BC942}") = "10.1-04", "10.1-04\10.1-04.vcxproj", "{F40A4761-DF41-4344-A11D-A33795DCC51F}"
EndProject
Project("{8BC9CEB8-8B4A-11D0-8D11-00A0C91BC942}") = "ex10-6", "ex10-6\ex10-6.vcxproj", "{A79A9721-81B0-490E-AD54-E21109024358}"
EndProject
Project("{8BC9CEB8-8B4A-11D0-8D11-00A0C91BC942}") = "ex10-7", "ex10-7\ex10-7.vcxproj", "{4745F935-A4D9-4A68-B60B-3F986DCCA8E4}"
EndProject
Project("{8BC9CEB8-8B4A-11D0-8D11-00A0C91BC942}") = "ex10-8", "ex10-8\ex10-8.vcxproj", "{69B37F28-9822-4B2F-A404-6C6481B50F26}"
EndProject
Project("{8BC9CEB8-8B4A-11D0-8D11-00A0C91BC942}") = "10.2-02", "10.2-02\10.2-02.vcxproj", "{ADE3C40B-DA8B-44C1-AC5F-4F4B3858CFF4}"
EndProject
Project("{8BC9CEB8-8B4A-11D0-8D11-00A0C91BC942}") = "10.2-03", "10.2-03\10.2-03.vcxproj", "{1AC347F6-974A-4A79-BF03-3815162F03C0}"
EndProject
Project("{8BC9CEB8-8B4A-11D0-8D11-00A0C91BC942}") = "10.2-04", "10.2-04\10.2-04.vcxproj", "{616F79A9-5005-4D85-8FAD-D4E7E8D363C0}"
EndProject
Project("{8BC9CEB8-8B4A-11D0-8D11-00A0C91BC942}") = "10.2-05", "10.2-05\10.2-05.vcxproj", "{2E67E36D-E62F-4104-A489-91239B79D38D}"
EndProject
Project("{8BC9CEB8-8B4A-11D0-8D11-00A0C91BC942}") = "challenge-01", "challenge-01\challenge-01.vcxproj", "{D5E14FB1-DEE6-46C2-BEEF-5AB34BB3A586}"
EndProject
Project("{8BC9CEB8-8B4A-11D0-8D11-00A0C91BC942}") = "challenge-02", "challenge-02\challenge-02.vcxproj", "{DB88B4EB-72E4-489D-B25A-B273704165E9}"
EndProject
Project("{8BC9CEB8-8B4A-11D0-8D11-00A0C91BC942}") = "challenge-03", "challenge-03\challenge-03.vcxproj", "{28F6390C-CF95-4AB9-8CF7-5CF03AFE57A4}"
EndProject
Global
	GlobalSection(SolutionConfigurationPlatforms) = preSolution
		Debug|x64 = Debug|x64
		Debug|x86 = Debug|x86
		Release|x64 = Release|x64
		Release|x86 = Release|x86
	EndGlobalSection
	GlobalSection(ProjectConfigurationPlatforms) = postSolution
		{A54ECF04-A8CA-4BB4-A396-1A52811F8E71}.Debug|x64.ActiveCfg = Debug|x64
		{A54ECF04-A8CA-4BB4-A396-1A52811F8E71}.Debug|x64.Build.0 = Debug|x64
		{A54ECF04-A8CA-4BB4-A396-1A52811F8E71}.Debug|x86.ActiveCfg = Debug|Win32
		{A54ECF04-A8CA-4BB4-A396-1A52811F8E71}.Debug|x86.Build.0 = Debug|Win32
		{A54ECF04-A8CA-4BB4-A396-1A52811F8E71}.Release|x64.ActiveCfg = Release|x64
		{A54ECF04-A8CA-4BB4-A396-1A52811F8E71}.Release|x64.Build.0 = Release|x64
		{A54ECF04-A8CA-4BB4-A396-1A52811F8E71}.Release|x86.ActiveCfg = Release|Win32
		{A54ECF04-A8CA-4BB4-A396-1A52811F8E71}.Release|x86.Build.0 = Release|Win32
		{ABE1D067-B202-40A7-84FD-948CEB8F0784}.Debug|x64.ActiveCfg = Debug|x64
		{ABE1D067-B202-40A7-84FD-948CEB8F0784}.Debug|x64.Build.0 = Debug|x64
		{ABE1D067-B202-40A7-84FD-948CEB8F0784}.Debug|x86.ActiveCfg = Debug|Win32
		{ABE1D067-B202-40A7-84FD-948CEB8F0784}.Debug|x86.Build.0 = Debug|Win32
		{ABE1D067-B202-40A7-84FD-948CEB8F0784}.Release|x64.ActiveCfg = Release|x64
		{ABE1D067-B202-40A7-84FD-948CEB8F0784}.Release|x64.Build.0 = Release|x64
		{ABE1D067-B202-40A7-84FD-948CEB8F0784}.Release|x86.ActiveCfg = Release|Win32
		{ABE1D067-B202-40A7-84FD-948CEB8F0784}.Release|x86.Build.0 = Release|Win32
		{CC055FF2-A5C7-44C5-B257-19E087548FC6}.Debug|x64.ActiveCfg = Debug|x64
		{CC055FF2-A5C7-44C5-B257-19E087548FC6}.Debug|x64.Build.0 = Debug|x64
		{CC055FF2-A5C7-44C5-B257-19E087548FC6}.Debug|x86.ActiveCfg = Debug|Win32
		{CC055FF2-A5C7-44C5-B257-19E087548FC6}.Debug|x86.Build.0 = Debug|Win32
		{CC055FF2-A5C7-44C5-B257-19E087548FC6}.Release|x64.ActiveCfg = Release|x64
		{CC055FF2-A5C7-44C5-B257-19E087548FC6}.Release|x64.Build.0 = Release|x64
		{CC055FF2-A5C7-44C5-B257-19E087548FC6}.Release|x86.ActiveCfg = Release|Win32
		{CC055FF2-A5C7-44C5-B257-19E087548FC6}.Release|x86.Build.0 = Release|Win32
		{F04B3498-0184-422F-8BA3-69E9912886D5}.Debug|x64.ActiveCfg = Debug|x64
		{F04B3498-0184-422F-8BA3-69E9912886D5}.Debug|x64.Build.0 = Debug|x64
		{F04B3498-0184-422F-8BA3-69E9912886D5}.Debug|x86.ActiveCfg = Debug|Win32
		{F04B3498-0184-422F-8BA3-69E9912886D5}.Debug|x86.Build.0 = Debug|Win32
		{F04B3498-0184-422F-8BA3-69E9912886D5}.Release|x64.ActiveCfg = Release|x64
		{F04B3498-0184-422F-8BA3-69E9912886D5}.Release|x64.Build.0 = Release|x64
		{F04B3498-0184-422F-8BA3-69E9912886D5}.Release|x86.ActiveCfg = Release|Win32
		{F04B3498-0184-422F-8BA3-69E9912886D5}.Release|x86.Build.0 = Release|Win32
		{77901900-3FA1-45A8-A668-744151827579}.Debug|x64.ActiveCfg = Debug|x64
		{77901900-3FA1-45A8-A668-744151827579}.Debug|x64.Build.0 = Debug|x64
		{77901900-3FA1-45A8-A668-744151827579}.Debug|x86.ActiveCfg = Debug|Win32
		{77901900-3FA1-45A8-A668-744151827579}.Debug|x86.Build.0 = Debug|Win32
		{77901900-3FA1-45A8-A668-744151827579}.Release|x64.ActiveCfg = Release|x64
		{77901900-3FA1-45A8-A668-744151827579}.Release|x64.Build.0 = Release|x64
		{77901900-3FA1-45A8-A668-744151827579}.Release|x86.ActiveCfg = Release|Win32
		{77901900-3FA1-45A8-A668-744151827579}.Release|x86.Build.0 = Release|Win32
		{F40A4761-DF41-4344-A11D-A33795DCC51F}.Debug|x64.ActiveCfg = Debug|x64
		{F40A4761-DF41-4344-A11D-A33795DCC51F}.Debug|x64.Build.0 = Debug|x64
		{F40A4761-DF41-4344-A11D-A33795DCC51F}.Debug|x86.ActiveCfg = Debug|Win32
		{F40A4761-DF41-4344-A11D-A33795DCC51F}.Debug|x86.Build.0 = Debug|Win32
		{F40A4761-DF41-4344-A11D-A33795DCC51F}.Release|x64.ActiveCfg = Release|x64
		{F40A4761-DF41-4344-A11D-A33795DCC51F}.Release|x64.Build.0 = Release|x64
		{F40A4761-DF41-4344-A11D-A33795DCC51F}.Release|x86.ActiveCfg = Release|Win32
		{F40A4761-DF41-4344-A11D-A33795DCC51F}.Release|x86.Build.0 = Release|Win32
		{A79A9721-81B0-490E-AD54-E21109024358}.Debug|x64.ActiveCfg = Debug|x64
		{A79A9721-81B0-490E-AD54-E21109024358}.Debug|x64.Build.0 = Debug|x64
		{A79A9721-81B0-490E-AD54-E21109024358}.Debug|x86.ActiveCfg = Debug|Win32
		{A79A9721-81B0-490E-AD54-E21109024358}.Debug|x86.Build.0 = Debug|Win32
		{A79A9721-81B0-490E-AD54-E21109024358}.Release|x64.ActiveCfg = Release|x64
		{A79A9721-81B0-490E-AD54-E21109024358}.Release|x64.Build.0 = Release|x64
		{A79A9721-81B0-490E-AD54-E21109024358}.Release|x86.ActiveCfg = Release|Win32
		{A79A9721-81B0-490E-AD54-E21109024358}.Release|x86.Build.0 = Release|Win32
		{4745F935-A4D9-4A68-B60B-3F986DCCA8E4}.Debug|x64.ActiveCfg = Debug|x64
		{4745F935-A4D9-4A68-B60B-3F986DCCA8E4}.Debug|x64.Build.0 = Debug|x64
		{4745F935-A4D9-4A68-B60B-3F986DCCA8E4}.Debug|x86.ActiveCfg = Debug|Win32
		{4745F935-A4D9-4A68-B60B-3F986DCCA8E4}.Debug|x86.Build.0 = Debug|Win32
		{4745F935-A4D9-4A68-B60B-3F986DCCA8E4}.Release|x64.ActiveCfg = Release|x64
		{4745F935-A4D9-4A68-B60B-3F986DCCA8E4}.Release|x64.Build.0 = Release|x64
		{4745F935-A4D9-4A68-B60B-3F986DCCA8E4}.Release|x86.ActiveCfg = Release|Win32
		{4745F935-A4D9-4A68-B60B-3F986DCCA8E4}.Release|x86.Build.0 = Release|Win32
		{69B37F28-9822-4B2F-A404-6C6481B50F26}.Debug|x64.ActiveCfg = Debug|x64
		{69B37F28-9822-4B2F-A404-6C6481B50F26}.Debug|x64.Build.0 = Debug|x64
		{69B37F28-9822-4B2F-A404-6C6481B50F26}.Debug|x86.ActiveCfg = Debug|Win32
		{69B37F28-9822-4B2F-A404-6C6481B50F26}.Debug|x86.Build.0 = Debug|Win32
		{69B37F28-9822-4B2F-A404-6C6481B50F26}.Release|x64.ActiveCfg = Release|x64
		{69B37F28-9822-4B2F-A404-6C6481B50F26}.Release|x64.Build.0 = Release|x64
		{69B37F28-9822-4B2F-A404-6C6481B50F26}.Release|x86.ActiveCfg = Release|Win32
		{69B37F28-9822-4B2F-A404-6C6481B50F26}.Release|x86.Build.0 = Release|Win32
		{ADE3C40B-DA8B-44C1-AC5F-4F4B3858CFF4}.Debug|x64.ActiveCfg = Debug|x64
		{ADE3C40B-DA8B-44C1-AC5F-4F4B3858CFF4}.Debug|x64.Build.0 = Debug|x64
		{ADE3C40B-DA8B-44C1-AC5F-4F4B3858CFF4}.Debug|x86.ActiveCfg = Debug|Win32
		{ADE3C40B-DA8B-44C1-AC5F-4F4B3858CFF4}.Debug|x86.Build.0 = Debug|Win32
		{ADE3C40B-DA8B-44C1-AC5F-4F4B3858CFF4}.Release|x64.ActiveCfg = Release|x64
		{ADE3C40B-DA8B-44C1-AC5F-4F4B3858CFF4}.Release|x64.Build.0 = Release|x64
		{ADE3C40B-DA8B-44C1-AC5F-4F4B3858CFF4}.Release|x86.ActiveCfg = Release|Win32
		{ADE3C40B-DA8B-44C1-AC5F-4F4B3858CFF4}.Release|x86.Build.0 = Release|Win32
		{1AC347F6-974A-4A79-BF03-3815162F03C0}.Debug|x64.ActiveCfg = Debug|x64
		{1AC347F6-974A-4A79-BF03-3815162F03C0}.Debug|x64.Build.0 = Debug|x64
		{1AC347F6-974A-4A79-BF03-3815162F03C0}.Debug|x86.ActiveCfg = Debug|Win32
		{1AC347F6-974A-4A79-BF03-3815162F03C0}.Debug|x86.Build.0 = Debug|Win32
		{1AC347F6-974A-4A79-BF03-3815162F03C0}.Release|x64.ActiveCfg = Release|x64
		{1AC347F6-974A-4A79-BF03-3815162F03C0}.Release|x64.Build.0 = Release|x64
		{1AC347F6-974A-4A79-BF03-3815162F03C0}.Release|x86.ActiveCfg = Release|Win32
		{1AC347F6-974A-4A79-BF03-3815162F03C0}.Release|x86.Build.0 = Release|Win32
		{616F79A9-5005-4D85-8FAD-D4E7E8D363C0}.Debug|x64.ActiveCfg = Debug|x64
		{616F79A9-5005-4D85-8FAD-D4E7E8D363C0}.Debug|x64.Build.0 = Debug|x64
		{616F79A9-5005-4D85-8FAD-D4E7E8D363C0}.Debug|x86.ActiveCfg = Debug|Win32
		{616F79A9-5005-4D85-8FAD-D4E7E8D363C0}.Debug|x86.Build.0 = Debug|Win32
		{616F79A9-5005-4D85-8FAD-D4E7E8D363C0}.Release|x64.ActiveCfg = Release|x64
		{616F79A9-5005-4D85-8FAD-D4E7E8D363C0}.Release|x64.Build.0 = Release|x64
		{616F79A9-5005-4D85-8FAD-D4E7E8D363C0}.Release|x86.ActiveCfg = Release|Win32
		{616F79A9-5005-4D85-8FAD-D4E7E8D363C0}.Release|x86.Build.0 = Release|Win32
		{2E67E36D-E62F-4104-A489-91239B79D38D}.Debug|x64.ActiveCfg = Debug|x64
		{2E67E36D-E62F-4104-A489-91239B79D38D}.Debug|x64.Build.0 = Debug|x64
		{2E67E36D-E62F-4104-A489-91239B79D38D}.Debug|x86.ActiveCfg = Debug|Win32
		{2E67E36D-E62F-4104-A489-91239B79D38D}.Debug|x86.Build.0 = Debug|Win32
		{2E67E36D-E62F-4104-A489-91239B79D38D}.Release|x64.ActiveCfg = Release|x64
		{2E67E36D-E62F-4104-A489-91239B79D38D}.Release|x64.Build.0 = Release|x64
		{2E67E36D-E62F-4104-A489-91239B79D38D}.Release|x86.ActiveCfg = Release|Win32
		{2E67E36D-E62F-4104-A489-91239B79D38D}.Release|x86.Build.0 = Release|Win32
		{D5E14FB1-DEE6-46C2-BEEF-5AB34BB3A586}.Debug|x64.ActiveCfg = Debug|x64
		{D5E14FB1-DEE6-46C2-BEEF-5AB34BB3A586}.Debug|x64.Build.0 = Debug|x64
		{D5E14FB1-DEE6-46C2-BEEF-5AB34BB3A586}.Debug|x86.ActiveCfg = Debug|Win32
		{D5E14FB1-DEE6-46C2-BEEF-5AB34BB3A586}.Debug|x86.Build.0 = Debug|Win32
		{D5E14FB1-DEE6-46C2-BEEF-5AB34BB3A586}.Release|x64.ActiveCfg = Release|x64
		{D5E14FB1-DEE6-46C2-BEEF-5AB34BB3A586}.Release|x64.Build.0 = Release|x64
		{D5E14FB1-DEE6-46C2-BEEF-5AB34BB3A586}.Release|x86.ActiveCfg = Release|Win32
		{D5E14FB1-DEE6-46C2-BEEF-5AB34BB3A586}.Release|x86.Build.0 = Release|Win32
		{DB88B4EB-72E4-489D-B25A-B273704165E9}.Debug|x64.ActiveCfg = Debug|x64
		{DB88B4EB-72E4-489D-B25A-B273704165E9}.Debug|x64.Build.0 = Debug|x64
		{DB88B4EB-72E4-489D-B25A-B273704165E9}.Debug|x86.ActiveCfg = Debug|Win32
		{DB88B4EB-72E4-489D-B25A-B273704165E9}.Debug|x86.Build.0 = Debug|Win32
		{DB88B4EB-72E4-489D-B25A-B273704165E9}.Release|x64.ActiveCfg = Release|x64
		{DB88B4EB-72E4-489D-B25A-B273704165E9}.Release|x64.Build.0 = Release|x64
		{DB88B4EB-72E4-489D-B25A-B273704165E9}.Release|x86.ActiveCfg = Release|Win32
		{DB88B4EB-72E4-489D-B25A-B273704165E9}.Release|x86.Build.0 = Release|Win32
		{28F6390C-CF95-4AB9-8CF7-5CF03AFE57A4}.Debug|x64.ActiveCfg = Debug|x64
		{28F6390C-CF95-4AB9-8CF7-5CF03AFE57A4}.Debug|x64.Build.0 = Debug|x64
		{28F6390C-CF95-4AB9-8CF7-5CF03AFE57A4}.Debug|x86.ActiveCfg = Debug|Win32
		{28F6390C-CF95-4AB9-8CF7-5CF03AFE57A4}.Debug|x86.Build.0 = Debug|Win32
		{28F6390C-CF95-4AB9-8CF7-5CF03AFE57A4}.Release|x64.ActiveCfg = Release|x64
		{28F6390C-CF95-4AB9-8CF7-5CF03AFE57A4}.Release|x64.Build.0 = Release|x64
		{28F6390C-CF95-4AB9-8CF7-5CF03AFE57A4}.Release|x86.ActiveCfg = Release|Win32
		{28F6390C-CF95-4AB9-8CF7-5CF03AFE57A4}.Release|x86.Build.0 = Release|Win32
	EndGlobalSection
	GlobalSection(SolutionProperties) = preSolution
		HideSolutionNode = FALSE
	EndGlobalSection
	GlobalSection(ExtensibilityGlobals) = postSolution
		SolutionGuid = {A6AA2870-F19F-4730-9A1F-4663F4B7242C}
	EndGlobalSection
EndGlobal
