
Microsoft Visual Studio Solution File, Format Version 12.00
# Visual Studio Version 16
VisualStudioVersion = 16.0.29806.167
MinimumVisualStudioVersion = 10.0.40219.1
Project("{8BC9CEB8-8B4A-11D0-8D11-00A0C91BC942}") = "ex15-1", "ex15-1\ex15-1.vcxproj", "{B05AA3EF-7593-4870-BF0D-B9A077EBF6B2}"
EndProject
Project("{8BC9CEB8-8B4A-11D0-8D11-00A0C91BC942}") = "ex15-2", "ex15-2\ex15-2.vcxproj", "{42C82A7F-644A-4924-91C1-45AEB10DF5F8}"
EndProject
Project("{8BC9CEB8-8B4A-11D0-8D11-00A0C91BC942}") = "ex15-3", "ex15-3\ex15-3.vcxproj", "{798964C2-AD50-4E84-85A5-51CB64221BCF}"
EndProject
Project("{8BC9CEB8-8B4A-11D0-8D11-00A0C91BC942}") = "ex15-4", "ex15-4\ex15-4.vcxproj", "{6AC1AD12-1EB9-4850-82D8-2827E7C4B202}"
EndProject
Project("{8BC9CEB8-8B4A-11D0-8D11-00A0C91BC942}") = "ex15-5", "ex15-5\ex15-5.vcxproj", "{CCACFD1F-2D6A-40F2-806E-094961DDC053}"
EndProject
Project("{8BC9CEB8-8B4A-11D0-8D11-00A0C91BC942}") = "ex15-6", "ex15-6\ex15-6.vcxproj", "{3A49C222-FD2D-4F50-8C9B-827F511A4128}"
EndProject
Project("{8BC9CEB8-8B4A-11D0-8D11-00A0C91BC942}") = "15.1-04", "15.1-04\15.1-04.vcxproj", "{AFE1AF7B-D71F-401B-B31F-F5F0B119458F}"
EndProject
Project("{8BC9CEB8-8B4A-11D0-8D11-00A0C91BC942}") = "15.1-05", "15.1-05\15.1-05.vcxproj", "{9BC24A09-5282-4DD7-91B6-0D4241553D8F}"
EndProject
Project("{8BC9CEB8-8B4A-11D0-8D11-00A0C91BC942}") = "ex15-7", "ex15-7\ex15-7.vcxproj", "{4DBDC381-FAC5-47A6-8BB7-B314148E024A}"
EndProject
Project("{8BC9CEB8-8B4A-11D0-8D11-00A0C91BC942}") = "ex15-8", "ex15-8\ex15-8.vcxproj", "{4FBB1FCC-93F4-40D7-971F-C20DA381862D}"
EndProject
Project("{8BC9CEB8-8B4A-11D0-8D11-00A0C91BC942}") = "ex15-9", "ex15-9\ex15-9.vcxproj", "{0E6A9FE6-C173-4357-A81A-6A3A946DEF41}"
EndProject
Project("{8BC9CEB8-8B4A-11D0-8D11-00A0C91BC942}") = "15.2-02", "15.2-02\15.2-02.vcxproj", "{37C3B94E-B7AF-4668-98D7-07A2D79D7F7E}"
EndProject
Project("{8BC9CEB8-8B4A-11D0-8D11-00A0C91BC942}") = "15.2-05", "15.2-05\15.2-05.vcxproj", "{C5CC403D-FBDA-4E44-9537-6DC3DB623AC2}"
EndProject
Project("{8BC9CEB8-8B4A-11D0-8D11-00A0C91BC942}") = "challenge-01", "challenge-01\challenge-01.vcxproj", "{FA1EE19C-795F-4702-8FC1-6838EE36C114}"
EndProject
Project("{8BC9CEB8-8B4A-11D0-8D11-00A0C91BC942}") = "challenge-02", "challenge-02\challenge-02.vcxproj", "{B854A386-7D4E-4B30-8CEE-15C30CEA1114}"
EndProject
Project("{8BC9CEB8-8B4A-11D0-8D11-00A0C91BC942}") = "challenge-03", "challenge-03\challenge-03.vcxproj", "{537DDFFF-9B98-4598-82BC-95C9B76FC7B3}"
EndProject
Global
	GlobalSection(SolutionConfigurationPlatforms) = preSolution
		Debug|x64 = Debug|x64
		Debug|x86 = Debug|x86
		Release|x64 = Release|x64
		Release|x86 = Release|x86
	EndGlobalSection
	GlobalSection(ProjectConfigurationPlatforms) = postSolution
		{B05AA3EF-7593-4870-BF0D-B9A077EBF6B2}.Debug|x64.ActiveCfg = Debug|x64
		{B05AA3EF-7593-4870-BF0D-B9A077EBF6B2}.Debug|x64.Build.0 = Debug|x64
		{B05AA3EF-7593-4870-BF0D-B9A077EBF6B2}.Debug|x86.ActiveCfg = Debug|Win32
		{B05AA3EF-7593-4870-BF0D-B9A077EBF6B2}.Debug|x86.Build.0 = Debug|Win32
		{B05AA3EF-7593-4870-BF0D-B9A077EBF6B2}.Release|x64.ActiveCfg = Release|x64
		{B05AA3EF-7593-4870-BF0D-B9A077EBF6B2}.Release|x64.Build.0 = Release|x64
		{B05AA3EF-7593-4870-BF0D-B9A077EBF6B2}.Release|x86.ActiveCfg = Release|Win32
		{B05AA3EF-7593-4870-BF0D-B9A077EBF6B2}.Release|x86.Build.0 = Release|Win32
		{42C82A7F-644A-4924-91C1-45AEB10DF5F8}.Debug|x64.ActiveCfg = Debug|x64
		{42C82A7F-644A-4924-91C1-45AEB10DF5F8}.Debug|x64.Build.0 = Debug|x64
		{42C82A7F-644A-4924-91C1-45AEB10DF5F8}.Debug|x86.ActiveCfg = Debug|Win32
		{42C82A7F-644A-4924-91C1-45AEB10DF5F8}.Debug|x86.Build.0 = Debug|Win32
		{42C82A7F-644A-4924-91C1-45AEB10DF5F8}.Release|x64.ActiveCfg = Release|x64
		{42C82A7F-644A-4924-91C1-45AEB10DF5F8}.Release|x64.Build.0 = Release|x64
		{42C82A7F-644A-4924-91C1-45AEB10DF5F8}.Release|x86.ActiveCfg = Release|Win32
		{42C82A7F-644A-4924-91C1-45AEB10DF5F8}.Release|x86.Build.0 = Release|Win32
		{798964C2-AD50-4E84-85A5-51CB64221BCF}.Debug|x64.ActiveCfg = Debug|x64
		{798964C2-AD50-4E84-85A5-51CB64221BCF}.Debug|x64.Build.0 = Debug|x64
		{798964C2-AD50-4E84-85A5-51CB64221BCF}.Debug|x86.ActiveCfg = Debug|Win32
		{798964C2-AD50-4E84-85A5-51CB64221BCF}.Debug|x86.Build.0 = Debug|Win32
		{798964C2-AD50-4E84-85A5-51CB64221BCF}.Release|x64.ActiveCfg = Release|x64
		{798964C2-AD50-4E84-85A5-51CB64221BCF}.Release|x64.Build.0 = Release|x64
		{798964C2-AD50-4E84-85A5-51CB64221BCF}.Release|x86.ActiveCfg = Release|Win32
		{798964C2-AD50-4E84-85A5-51CB64221BCF}.Release|x86.Build.0 = Release|Win32
		{6AC1AD12-1EB9-4850-82D8-2827E7C4B202}.Debug|x64.ActiveCfg = Debug|x64
		{6AC1AD12-1EB9-4850-82D8-2827E7C4B202}.Debug|x64.Build.0 = Debug|x64
		{6AC1AD12-1EB9-4850-82D8-2827E7C4B202}.Debug|x86.ActiveCfg = Debug|Win32
		{6AC1AD12-1EB9-4850-82D8-2827E7C4B202}.Debug|x86.Build.0 = Debug|Win32
		{6AC1AD12-1EB9-4850-82D8-2827E7C4B202}.Release|x64.ActiveCfg = Release|x64
		{6AC1AD12-1EB9-4850-82D8-2827E7C4B202}.Release|x64.Build.0 = Release|x64
		{6AC1AD12-1EB9-4850-82D8-2827E7C4B202}.Release|x86.ActiveCfg = Release|Win32
		{6AC1AD12-1EB9-4850-82D8-2827E7C4B202}.Release|x86.Build.0 = Release|Win32
		{CCACFD1F-2D6A-40F2-806E-094961DDC053}.Debug|x64.ActiveCfg = Debug|x64
		{CCACFD1F-2D6A-40F2-806E-094961DDC053}.Debug|x64.Build.0 = Debug|x64
		{CCACFD1F-2D6A-40F2-806E-094961DDC053}.Debug|x86.ActiveCfg = Debug|Win32
		{CCACFD1F-2D6A-40F2-806E-094961DDC053}.Debug|x86.Build.0 = Debug|Win32
		{CCACFD1F-2D6A-40F2-806E-094961DDC053}.Release|x64.ActiveCfg = Release|x64
		{CCACFD1F-2D6A-40F2-806E-094961DDC053}.Release|x64.Build.0 = Release|x64
		{CCACFD1F-2D6A-40F2-806E-094961DDC053}.Release|x86.ActiveCfg = Release|Win32
		{CCACFD1F-2D6A-40F2-806E-094961DDC053}.Release|x86.Build.0 = Release|Win32
		{3A49C222-FD2D-4F50-8C9B-827F511A4128}.Debug|x64.ActiveCfg = Debug|x64
		{3A49C222-FD2D-4F50-8C9B-827F511A4128}.Debug|x64.Build.0 = Debug|x64
		{3A49C222-FD2D-4F50-8C9B-827F511A4128}.Debug|x86.ActiveCfg = Debug|Win32
		{3A49C222-FD2D-4F50-8C9B-827F511A4128}.Debug|x86.Build.0 = Debug|Win32
		{3A49C222-FD2D-4F50-8C9B-827F511A4128}.Release|x64.ActiveCfg = Release|x64
		{3A49C222-FD2D-4F50-8C9B-827F511A4128}.Release|x64.Build.0 = Release|x64
		{3A49C222-FD2D-4F50-8C9B-827F511A4128}.Release|x86.ActiveCfg = Release|Win32
		{3A49C222-FD2D-4F50-8C9B-827F511A4128}.Release|x86.Build.0 = Release|Win32
		{AFE1AF7B-D71F-401B-B31F-F5F0B119458F}.Debug|x64.ActiveCfg = Debug|x64
		{AFE1AF7B-D71F-401B-B31F-F5F0B119458F}.Debug|x64.Build.0 = Debug|x64
		{AFE1AF7B-D71F-401B-B31F-F5F0B119458F}.Debug|x86.ActiveCfg = Debug|Win32
		{AFE1AF7B-D71F-401B-B31F-F5F0B119458F}.Debug|x86.Build.0 = Debug|Win32
		{AFE1AF7B-D71F-401B-B31F-F5F0B119458F}.Release|x64.ActiveCfg = Release|x64
		{AFE1AF7B-D71F-401B-B31F-F5F0B119458F}.Release|x64.Build.0 = Release|x64
		{AFE1AF7B-D71F-401B-B31F-F5F0B119458F}.Release|x86.ActiveCfg = Release|Win32
		{AFE1AF7B-D71F-401B-B31F-F5F0B119458F}.Release|x86.Build.0 = Release|Win32
		{9BC24A09-5282-4DD7-91B6-0D4241553D8F}.Debug|x64.ActiveCfg = Debug|x64
		{9BC24A09-5282-4DD7-91B6-0D4241553D8F}.Debug|x64.Build.0 = Debug|x64
		{9BC24A09-5282-4DD7-91B6-0D4241553D8F}.Debug|x86.ActiveCfg = Debug|Win32
		{9BC24A09-5282-4DD7-91B6-0D4241553D8F}.Debug|x86.Build.0 = Debug|Win32
		{9BC24A09-5282-4DD7-91B6-0D4241553D8F}.Release|x64.ActiveCfg = Release|x64
		{9BC24A09-5282-4DD7-91B6-0D4241553D8F}.Release|x64.Build.0 = Release|x64
		{9BC24A09-5282-4DD7-91B6-0D4241553D8F}.Release|x86.ActiveCfg = Release|Win32
		{9BC24A09-5282-4DD7-91B6-0D4241553D8F}.Release|x86.Build.0 = Release|Win32
		{4DBDC381-FAC5-47A6-8BB7-B314148E024A}.Debug|x64.ActiveCfg = Debug|x64
		{4DBDC381-FAC5-47A6-8BB7-B314148E024A}.Debug|x64.Build.0 = Debug|x64
		{4DBDC381-FAC5-47A6-8BB7-B314148E024A}.Debug|x86.ActiveCfg = Debug|Win32
		{4DBDC381-FAC5-47A6-8BB7-B314148E024A}.Debug|x86.Build.0 = Debug|Win32
		{4DBDC381-FAC5-47A6-8BB7-B314148E024A}.Release|x64.ActiveCfg = Release|x64
		{4DBDC381-FAC5-47A6-8BB7-B314148E024A}.Release|x64.Build.0 = Release|x64
		{4DBDC381-FAC5-47A6-8BB7-B314148E024A}.Release|x86.ActiveCfg = Release|Win32
		{4DBDC381-FAC5-47A6-8BB7-B314148E024A}.Release|x86.Build.0 = Release|Win32
		{4FBB1FCC-93F4-40D7-971F-C20DA381862D}.Debug|x64.ActiveCfg = Debug|x64
		{4FBB1FCC-93F4-40D7-971F-C20DA381862D}.Debug|x64.Build.0 = Debug|x64
		{4FBB1FCC-93F4-40D7-971F-C20DA381862D}.Debug|x86.ActiveCfg = Debug|Win32
		{4FBB1FCC-93F4-40D7-971F-C20DA381862D}.Debug|x86.Build.0 = Debug|Win32
		{4FBB1FCC-93F4-40D7-971F-C20DA381862D}.Release|x64.ActiveCfg = Release|x64
		{4FBB1FCC-93F4-40D7-971F-C20DA381862D}.Release|x64.Build.0 = Release|x64
		{4FBB1FCC-93F4-40D7-971F-C20DA381862D}.Release|x86.ActiveCfg = Release|Win32
		{4FBB1FCC-93F4-40D7-971F-C20DA381862D}.Release|x86.Build.0 = Release|Win32
		{0E6A9FE6-C173-4357-A81A-6A3A946DEF41}.Debug|x64.ActiveCfg = Debug|x64
		{0E6A9FE6-C173-4357-A81A-6A3A946DEF41}.Debug|x64.Build.0 = Debug|x64
		{0E6A9FE6-C173-4357-A81A-6A3A946DEF41}.Debug|x86.ActiveCfg = Debug|Win32
		{0E6A9FE6-C173-4357-A81A-6A3A946DEF41}.Debug|x86.Build.0 = Debug|Win32
		{0E6A9FE6-C173-4357-A81A-6A3A946DEF41}.Release|x64.ActiveCfg = Release|x64
		{0E6A9FE6-C173-4357-A81A-6A3A946DEF41}.Release|x64.Build.0 = Release|x64
		{0E6A9FE6-C173-4357-A81A-6A3A946DEF41}.Release|x86.ActiveCfg = Release|Win32
		{0E6A9FE6-C173-4357-A81A-6A3A946DEF41}.Release|x86.Build.0 = Release|Win32
		{37C3B94E-B7AF-4668-98D7-07A2D79D7F7E}.Debug|x64.ActiveCfg = Debug|x64
		{37C3B94E-B7AF-4668-98D7-07A2D79D7F7E}.Debug|x64.Build.0 = Debug|x64
		{37C3B94E-B7AF-4668-98D7-07A2D79D7F7E}.Debug|x86.ActiveCfg = Debug|Win32
		{37C3B94E-B7AF-4668-98D7-07A2D79D7F7E}.Debug|x86.Build.0 = Debug|Win32
		{37C3B94E-B7AF-4668-98D7-07A2D79D7F7E}.Release|x64.ActiveCfg = Release|x64
		{37C3B94E-B7AF-4668-98D7-07A2D79D7F7E}.Release|x64.Build.0 = Release|x64
		{37C3B94E-B7AF-4668-98D7-07A2D79D7F7E}.Release|x86.ActiveCfg = Release|Win32
		{37C3B94E-B7AF-4668-98D7-07A2D79D7F7E}.Release|x86.Build.0 = Release|Win32
		{C5CC403D-FBDA-4E44-9537-6DC3DB623AC2}.Debug|x64.ActiveCfg = Debug|x64
		{C5CC403D-FBDA-4E44-9537-6DC3DB623AC2}.Debug|x64.Build.0 = Debug|x64
		{C5CC403D-FBDA-4E44-9537-6DC3DB623AC2}.Debug|x86.ActiveCfg = Debug|Win32
		{C5CC403D-FBDA-4E44-9537-6DC3DB623AC2}.Debug|x86.Build.0 = Debug|Win32
		{C5CC403D-FBDA-4E44-9537-6DC3DB623AC2}.Release|x64.ActiveCfg = Release|x64
		{C5CC403D-FBDA-4E44-9537-6DC3DB623AC2}.Release|x64.Build.0 = Release|x64
		{C5CC403D-FBDA-4E44-9537-6DC3DB623AC2}.Release|x86.ActiveCfg = Release|Win32
		{C5CC403D-FBDA-4E44-9537-6DC3DB623AC2}.Release|x86.Build.0 = Release|Win32
		{FA1EE19C-795F-4702-8FC1-6838EE36C114}.Debug|x64.ActiveCfg = Debug|x64
		{FA1EE19C-795F-4702-8FC1-6838EE36C114}.Debug|x64.Build.0 = Debug|x64
		{FA1EE19C-795F-4702-8FC1-6838EE36C114}.Debug|x86.ActiveCfg = Debug|Win32
		{FA1EE19C-795F-4702-8FC1-6838EE36C114}.Debug|x86.Build.0 = Debug|Win32
		{FA1EE19C-795F-4702-8FC1-6838EE36C114}.Release|x64.ActiveCfg = Release|x64
		{FA1EE19C-795F-4702-8FC1-6838EE36C114}.Release|x64.Build.0 = Release|x64
		{FA1EE19C-795F-4702-8FC1-6838EE36C114}.Release|x86.ActiveCfg = Release|Win32
		{FA1EE19C-795F-4702-8FC1-6838EE36C114}.Release|x86.Build.0 = Release|Win32
		{B854A386-7D4E-4B30-8CEE-15C30CEA1114}.Debug|x64.ActiveCfg = Debug|x64
		{B854A386-7D4E-4B30-8CEE-15C30CEA1114}.Debug|x64.Build.0 = Debug|x64
		{B854A386-7D4E-4B30-8CEE-15C30CEA1114}.Debug|x86.ActiveCfg = Debug|Win32
		{B854A386-7D4E-4B30-8CEE-15C30CEA1114}.Debug|x86.Build.0 = Debug|Win32
		{B854A386-7D4E-4B30-8CEE-15C30CEA1114}.Release|x64.ActiveCfg = Release|x64
		{B854A386-7D4E-4B30-8CEE-15C30CEA1114}.Release|x64.Build.0 = Release|x64
		{B854A386-7D4E-4B30-8CEE-15C30CEA1114}.Release|x86.ActiveCfg = Release|Win32
		{B854A386-7D4E-4B30-8CEE-15C30CEA1114}.Release|x86.Build.0 = Release|Win32
		{537DDFFF-9B98-4598-82BC-95C9B76FC7B3}.Debug|x64.ActiveCfg = Debug|x64
		{537DDFFF-9B98-4598-82BC-95C9B76FC7B3}.Debug|x64.Build.0 = Debug|x64
		{537DDFFF-9B98-4598-82BC-95C9B76FC7B3}.Debug|x86.ActiveCfg = Debug|Win32
		{537DDFFF-9B98-4598-82BC-95C9B76FC7B3}.Debug|x86.Build.0 = Debug|Win32
		{537DDFFF-9B98-4598-82BC-95C9B76FC7B3}.Release|x64.ActiveCfg = Release|x64
		{537DDFFF-9B98-4598-82BC-95C9B76FC7B3}.Release|x64.Build.0 = Release|x64
		{537DDFFF-9B98-4598-82BC-95C9B76FC7B3}.Release|x86.ActiveCfg = Release|Win32
		{537DDFFF-9B98-4598-82BC-95C9B76FC7B3}.Release|x86.Build.0 = Release|Win32
	EndGlobalSection
	GlobalSection(SolutionProperties) = preSolution
		HideSolutionNode = FALSE
	EndGlobalSection
	GlobalSection(ExtensibilityGlobals) = postSolution
		SolutionGuid = {218B507D-EB15-40A6-8CAE-21A3287FAC8E}
	EndGlobalSection
EndGlobal
