
Microsoft Visual Studio Solution File, Format Version 12.00
# Visual Studio Version 16
VisualStudioVersion = 16.0.29905.134
MinimumVisualStudioVersion = 10.0.40219.1
Project("{8BC9CEB8-8B4A-11D0-8D11-00A0C91BC942}") = "ex18-1", "ex18-1\ex18-1.vcxproj", "{E6BB074A-A4FF-4C5C-9861-B0279A8B09C1}"
EndProject
Project("{8BC9CEB8-8B4A-11D0-8D11-00A0C91BC942}") = "ex18-11", "ex18-11\ex18-11.vcxproj", "{EC7A2459-25F5-4AA6-83FA-086B11AC4531}"
EndProject
Project("{8BC9CEB8-8B4A-11D0-8D11-00A0C91BC942}") = "ex18-10", "ex18-10\ex18-10.vcxproj", "{1F13E1AD-D30C-4A93-9188-22B54FF6D0A0}"
EndProject
Project("{8BC9CEB8-8B4A-11D0-8D11-00A0C91BC942}") = "ex18-9", "ex18-9\ex18-9.vcxproj", "{5D709C19-A916-4677-96E3-AAC050AD8D51}"
EndProject
Project("{8BC9CEB8-8B4A-11D0-8D11-00A0C91BC942}") = "ex18-8", "ex18-8\ex18-8.vcxproj", "{8AB450EC-BD9B-4101-9B69-FB6F0F5E2593}"
EndProject
Project("{8BC9CEB8-8B4A-11D0-8D11-00A0C91BC942}") = "ex18-2", "ex18-2\ex18-2.vcxproj", "{36317A08-2442-42AA-81FB-1A27A18DABF7}"
EndProject
Project("{8BC9CEB8-8B4A-11D0-8D11-00A0C91BC942}") = "ex18-3", "ex18-3\ex18-3.vcxproj", "{29C69DAF-9A55-46D9-A347-77744097B119}"
EndProject
Project("{8BC9CEB8-8B4A-11D0-8D11-00A0C91BC942}") = "ex18-4", "ex18-4\ex18-4.vcxproj", "{516B20B9-945D-44FD-92CF-899C91BDBD94}"
EndProject
Project("{8BC9CEB8-8B4A-11D0-8D11-00A0C91BC942}") = "ex18-5", "ex18-5\ex18-5.vcxproj", "{D16BF59D-E1E7-462C-9FA2-B57E80502C72}"
EndProject
Project("{8BC9CEB8-8B4A-11D0-8D11-00A0C91BC942}") = "ex18-6", "ex18-6\ex18-6.vcxproj", "{69EEB98E-9AC9-4A0F-B3FE-4DEA82D23B31}"
EndProject
Project("{8BC9CEB8-8B4A-11D0-8D11-00A0C91BC942}") = "ex18-7", "ex18-7\ex18-7.vcxproj", "{0AF900ED-1B26-4503-BBCA-6622CD1373F5}"
EndProject
Project("{8BC9CEB8-8B4A-11D0-8D11-00A0C91BC942}") = "18.1-04", "18.1-04\18.1-04.vcxproj", "{A8B9A1D1-5DE4-45D1-8DD1-EFAE18D38427}"
EndProject
Project("{8BC9CEB8-8B4A-11D0-8D11-00A0C91BC942}") = "18.1-05", "18.1-05\18.1-05.vcxproj", "{1C876FC8-C2D9-485A-8C4F-6534C8A53C1B}"
EndProject
Project("{8BC9CEB8-8B4A-11D0-8D11-00A0C91BC942}") = "18.2-04", "18.2-04\18.2-04.vcxproj", "{AC99B122-388D-4750-B5A7-EC066C060B37}"
EndProject
Project("{8BC9CEB8-8B4A-11D0-8D11-00A0C91BC942}") = "18.2-05", "18.2-05\18.2-05.vcxproj", "{C2B43091-1205-4DEC-B60C-9CF32A5EDC02}"
EndProject
Project("{8BC9CEB8-8B4A-11D0-8D11-00A0C91BC942}") = "challenge-01", "challenge-01\challenge-01.vcxproj", "{E904E73C-BE0D-40E3-B760-04EC60CDEBD4}"
EndProject
Project("{8BC9CEB8-8B4A-11D0-8D11-00A0C91BC942}") = "challenge-02", "challenge-02\challenge-02.vcxproj", "{0F9BEC27-B3C3-4CE7-9FBD-89BA70B0656F}"
EndProject
Project("{8BC9CEB8-8B4A-11D0-8D11-00A0C91BC942}") = "challenge-03", "challenge-03\challenge-03.vcxproj", "{702C0314-875B-4FC7-91D4-113C1D2D2017}"
EndProject
Global
	GlobalSection(SolutionConfigurationPlatforms) = preSolution
		Debug|x64 = Debug|x64
		Debug|x86 = Debug|x86
		Release|x64 = Release|x64
		Release|x86 = Release|x86
	EndGlobalSection
	GlobalSection(ProjectConfigurationPlatforms) = postSolution
		{E6BB074A-A4FF-4C5C-9861-B0279A8B09C1}.Debug|x64.ActiveCfg = Debug|x64
		{E6BB074A-A4FF-4C5C-9861-B0279A8B09C1}.Debug|x64.Build.0 = Debug|x64
		{E6BB074A-A4FF-4C5C-9861-B0279A8B09C1}.Debug|x86.ActiveCfg = Debug|Win32
		{E6BB074A-A4FF-4C5C-9861-B0279A8B09C1}.Debug|x86.Build.0 = Debug|Win32
		{E6BB074A-A4FF-4C5C-9861-B0279A8B09C1}.Release|x64.ActiveCfg = Release|x64
		{E6BB074A-A4FF-4C5C-9861-B0279A8B09C1}.Release|x64.Build.0 = Release|x64
		{E6BB074A-A4FF-4C5C-9861-B0279A8B09C1}.Release|x86.ActiveCfg = Release|Win32
		{E6BB074A-A4FF-4C5C-9861-B0279A8B09C1}.Release|x86.Build.0 = Release|Win32
		{EC7A2459-25F5-4AA6-83FA-086B11AC4531}.Debug|x64.ActiveCfg = Debug|x64
		{EC7A2459-25F5-4AA6-83FA-086B11AC4531}.Debug|x64.Build.0 = Debug|x64
		{EC7A2459-25F5-4AA6-83FA-086B11AC4531}.Debug|x86.ActiveCfg = Debug|Win32
		{EC7A2459-25F5-4AA6-83FA-086B11AC4531}.Debug|x86.Build.0 = Debug|Win32
		{EC7A2459-25F5-4AA6-83FA-086B11AC4531}.Release|x64.ActiveCfg = Release|x64
		{EC7A2459-25F5-4AA6-83FA-086B11AC4531}.Release|x64.Build.0 = Release|x64
		{EC7A2459-25F5-4AA6-83FA-086B11AC4531}.Release|x86.ActiveCfg = Release|Win32
		{EC7A2459-25F5-4AA6-83FA-086B11AC4531}.Release|x86.Build.0 = Release|Win32
		{1F13E1AD-D30C-4A93-9188-22B54FF6D0A0}.Debug|x64.ActiveCfg = Debug|x64
		{1F13E1AD-D30C-4A93-9188-22B54FF6D0A0}.Debug|x64.Build.0 = Debug|x64
		{1F13E1AD-D30C-4A93-9188-22B54FF6D0A0}.Debug|x86.ActiveCfg = Debug|Win32
		{1F13E1AD-D30C-4A93-9188-22B54FF6D0A0}.Debug|x86.Build.0 = Debug|Win32
		{1F13E1AD-D30C-4A93-9188-22B54FF6D0A0}.Release|x64.ActiveCfg = Release|x64
		{1F13E1AD-D30C-4A93-9188-22B54FF6D0A0}.Release|x64.Build.0 = Release|x64
		{1F13E1AD-D30C-4A93-9188-22B54FF6D0A0}.Release|x86.ActiveCfg = Release|Win32
		{1F13E1AD-D30C-4A93-9188-22B54FF6D0A0}.Release|x86.Build.0 = Release|Win32
		{5D709C19-A916-4677-96E3-AAC050AD8D51}.Debug|x64.ActiveCfg = Debug|x64
		{5D709C19-A916-4677-96E3-AAC050AD8D51}.Debug|x64.Build.0 = Debug|x64
		{5D709C19-A916-4677-96E3-AAC050AD8D51}.Debug|x86.ActiveCfg = Debug|Win32
		{5D709C19-A916-4677-96E3-AAC050AD8D51}.Debug|x86.Build.0 = Debug|Win32
		{5D709C19-A916-4677-96E3-AAC050AD8D51}.Release|x64.ActiveCfg = Release|x64
		{5D709C19-A916-4677-96E3-AAC050AD8D51}.Release|x64.Build.0 = Release|x64
		{5D709C19-A916-4677-96E3-AAC050AD8D51}.Release|x86.ActiveCfg = Release|Win32
		{5D709C19-A916-4677-96E3-AAC050AD8D51}.Release|x86.Build.0 = Release|Win32
		{8AB450EC-BD9B-4101-9B69-FB6F0F5E2593}.Debug|x64.ActiveCfg = Debug|x64
		{8AB450EC-BD9B-4101-9B69-FB6F0F5E2593}.Debug|x64.Build.0 = Debug|x64
		{8AB450EC-BD9B-4101-9B69-FB6F0F5E2593}.Debug|x86.ActiveCfg = Debug|Win32
		{8AB450EC-BD9B-4101-9B69-FB6F0F5E2593}.Debug|x86.Build.0 = Debug|Win32
		{8AB450EC-BD9B-4101-9B69-FB6F0F5E2593}.Release|x64.ActiveCfg = Release|x64
		{8AB450EC-BD9B-4101-9B69-FB6F0F5E2593}.Release|x64.Build.0 = Release|x64
		{8AB450EC-BD9B-4101-9B69-FB6F0F5E2593}.Release|x86.ActiveCfg = Release|Win32
		{8AB450EC-BD9B-4101-9B69-FB6F0F5E2593}.Release|x86.Build.0 = Release|Win32
		{36317A08-2442-42AA-81FB-1A27A18DABF7}.Debug|x64.ActiveCfg = Debug|x64
		{36317A08-2442-42AA-81FB-1A27A18DABF7}.Debug|x64.Build.0 = Debug|x64
		{36317A08-2442-42AA-81FB-1A27A18DABF7}.Debug|x86.ActiveCfg = Debug|Win32
		{36317A08-2442-42AA-81FB-1A27A18DABF7}.Debug|x86.Build.0 = Debug|Win32
		{36317A08-2442-42AA-81FB-1A27A18DABF7}.Release|x64.ActiveCfg = Release|x64
		{36317A08-2442-42AA-81FB-1A27A18DABF7}.Release|x64.Build.0 = Release|x64
		{36317A08-2442-42AA-81FB-1A27A18DABF7}.Release|x86.ActiveCfg = Release|Win32
		{36317A08-2442-42AA-81FB-1A27A18DABF7}.Release|x86.Build.0 = Release|Win32
		{29C69DAF-9A55-46D9-A347-77744097B119}.Debug|x64.ActiveCfg = Debug|x64
		{29C69DAF-9A55-46D9-A347-77744097B119}.Debug|x64.Build.0 = Debug|x64
		{29C69DAF-9A55-46D9-A347-77744097B119}.Debug|x86.ActiveCfg = Debug|Win32
		{29C69DAF-9A55-46D9-A347-77744097B119}.Debug|x86.Build.0 = Debug|Win32
		{29C69DAF-9A55-46D9-A347-77744097B119}.Release|x64.ActiveCfg = Release|x64
		{29C69DAF-9A55-46D9-A347-77744097B119}.Release|x64.Build.0 = Release|x64
		{29C69DAF-9A55-46D9-A347-77744097B119}.Release|x86.ActiveCfg = Release|Win32
		{29C69DAF-9A55-46D9-A347-77744097B119}.Release|x86.Build.0 = Release|Win32
		{516B20B9-945D-44FD-92CF-899C91BDBD94}.Debug|x64.ActiveCfg = Debug|x64
		{516B20B9-945D-44FD-92CF-899C91BDBD94}.Debug|x64.Build.0 = Debug|x64
		{516B20B9-945D-44FD-92CF-899C91BDBD94}.Debug|x86.ActiveCfg = Debug|Win32
		{516B20B9-945D-44FD-92CF-899C91BDBD94}.Debug|x86.Build.0 = Debug|Win32
		{516B20B9-945D-44FD-92CF-899C91BDBD94}.Release|x64.ActiveCfg = Release|x64
		{516B20B9-945D-44FD-92CF-899C91BDBD94}.Release|x64.Build.0 = Release|x64
		{516B20B9-945D-44FD-92CF-899C91BDBD94}.Release|x86.ActiveCfg = Release|Win32
		{516B20B9-945D-44FD-92CF-899C91BDBD94}.Release|x86.Build.0 = Release|Win32
		{D16BF59D-E1E7-462C-9FA2-B57E80502C72}.Debug|x64.ActiveCfg = Debug|x64
		{D16BF59D-E1E7-462C-9FA2-B57E80502C72}.Debug|x64.Build.0 = Debug|x64
		{D16BF59D-E1E7-462C-9FA2-B57E80502C72}.Debug|x86.ActiveCfg = Debug|Win32
		{D16BF59D-E1E7-462C-9FA2-B57E80502C72}.Debug|x86.Build.0 = Debug|Win32
		{D16BF59D-E1E7-462C-9FA2-B57E80502C72}.Release|x64.ActiveCfg = Release|x64
		{D16BF59D-E1E7-462C-9FA2-B57E80502C72}.Release|x64.Build.0 = Release|x64
		{D16BF59D-E1E7-462C-9FA2-B57E80502C72}.Release|x86.ActiveCfg = Release|Win32
		{D16BF59D-E1E7-462C-9FA2-B57E80502C72}.Release|x86.Build.0 = Release|Win32
		{69EEB98E-9AC9-4A0F-B3FE-4DEA82D23B31}.Debug|x64.ActiveCfg = Debug|x64
		{69EEB98E-9AC9-4A0F-B3FE-4DEA82D23B31}.Debug|x64.Build.0 = Debug|x64
		{69EEB98E-9AC9-4A0F-B3FE-4DEA82D23B31}.Debug|x86.ActiveCfg = Debug|Win32
		{69EEB98E-9AC9-4A0F-B3FE-4DEA82D23B31}.Debug|x86.Build.0 = Debug|Win32
		{69EEB98E-9AC9-4A0F-B3FE-4DEA82D23B31}.Release|x64.ActiveCfg = Release|x64
		{69EEB98E-9AC9-4A0F-B3FE-4DEA82D23B31}.Release|x64.Build.0 = Release|x64
		{69EEB98E-9AC9-4A0F-B3FE-4DEA82D23B31}.Release|x86.ActiveCfg = Release|Win32
		{69EEB98E-9AC9-4A0F-B3FE-4DEA82D23B31}.Release|x86.Build.0 = Release|Win32
		{0AF900ED-1B26-4503-BBCA-6622CD1373F5}.Debug|x64.ActiveCfg = Debug|x64
		{0AF900ED-1B26-4503-BBCA-6622CD1373F5}.Debug|x64.Build.0 = Debug|x64
		{0AF900ED-1B26-4503-BBCA-6622CD1373F5}.Debug|x86.ActiveCfg = Debug|Win32
		{0AF900ED-1B26-4503-BBCA-6622CD1373F5}.Debug|x86.Build.0 = Debug|Win32
		{0AF900ED-1B26-4503-BBCA-6622CD1373F5}.Release|x64.ActiveCfg = Release|x64
		{0AF900ED-1B26-4503-BBCA-6622CD1373F5}.Release|x64.Build.0 = Release|x64
		{0AF900ED-1B26-4503-BBCA-6622CD1373F5}.Release|x86.ActiveCfg = Release|Win32
		{0AF900ED-1B26-4503-BBCA-6622CD1373F5}.Release|x86.Build.0 = Release|Win32
		{A8B9A1D1-5DE4-45D1-8DD1-EFAE18D38427}.Debug|x64.ActiveCfg = Debug|x64
		{A8B9A1D1-5DE4-45D1-8DD1-EFAE18D38427}.Debug|x64.Build.0 = Debug|x64
		{A8B9A1D1-5DE4-45D1-8DD1-EFAE18D38427}.Debug|x86.ActiveCfg = Debug|Win32
		{A8B9A1D1-5DE4-45D1-8DD1-EFAE18D38427}.Debug|x86.Build.0 = Debug|Win32
		{A8B9A1D1-5DE4-45D1-8DD1-EFAE18D38427}.Release|x64.ActiveCfg = Release|x64
		{A8B9A1D1-5DE4-45D1-8DD1-EFAE18D38427}.Release|x64.Build.0 = Release|x64
		{A8B9A1D1-5DE4-45D1-8DD1-EFAE18D38427}.Release|x86.ActiveCfg = Release|Win32
		{A8B9A1D1-5DE4-45D1-8DD1-EFAE18D38427}.Release|x86.Build.0 = Release|Win32
		{1C876FC8-C2D9-485A-8C4F-6534C8A53C1B}.Debug|x64.ActiveCfg = Debug|x64
		{1C876FC8-C2D9-485A-8C4F-6534C8A53C1B}.Debug|x64.Build.0 = Debug|x64
		{1C876FC8-C2D9-485A-8C4F-6534C8A53C1B}.Debug|x86.ActiveCfg = Debug|Win32
		{1C876FC8-C2D9-485A-8C4F-6534C8A53C1B}.Debug|x86.Build.0 = Debug|Win32
		{1C876FC8-C2D9-485A-8C4F-6534C8A53C1B}.Release|x64.ActiveCfg = Release|x64
		{1C876FC8-C2D9-485A-8C4F-6534C8A53C1B}.Release|x64.Build.0 = Release|x64
		{1C876FC8-C2D9-485A-8C4F-6534C8A53C1B}.Release|x86.ActiveCfg = Release|Win32
		{1C876FC8-C2D9-485A-8C4F-6534C8A53C1B}.Release|x86.Build.0 = Release|Win32
		{AC99B122-388D-4750-B5A7-EC066C060B37}.Debug|x64.ActiveCfg = Debug|x64
		{AC99B122-388D-4750-B5A7-EC066C060B37}.Debug|x64.Build.0 = Debug|x64
		{AC99B122-388D-4750-B5A7-EC066C060B37}.Debug|x86.ActiveCfg = Debug|Win32
		{AC99B122-388D-4750-B5A7-EC066C060B37}.Debug|x86.Build.0 = Debug|Win32
		{AC99B122-388D-4750-B5A7-EC066C060B37}.Release|x64.ActiveCfg = Release|x64
		{AC99B122-388D-4750-B5A7-EC066C060B37}.Release|x64.Build.0 = Release|x64
		{AC99B122-388D-4750-B5A7-EC066C060B37}.Release|x86.ActiveCfg = Release|Win32
		{AC99B122-388D-4750-B5A7-EC066C060B37}.Release|x86.Build.0 = Release|Win32
		{C2B43091-1205-4DEC-B60C-9CF32A5EDC02}.Debug|x64.ActiveCfg = Debug|x64
		{C2B43091-1205-4DEC-B60C-9CF32A5EDC02}.Debug|x64.Build.0 = Debug|x64
		{C2B43091-1205-4DEC-B60C-9CF32A5EDC02}.Debug|x86.ActiveCfg = Debug|Win32
		{C2B43091-1205-4DEC-B60C-9CF32A5EDC02}.Debug|x86.Build.0 = Debug|Win32
		{C2B43091-1205-4DEC-B60C-9CF32A5EDC02}.Release|x64.ActiveCfg = Release|x64
		{C2B43091-1205-4DEC-B60C-9CF32A5EDC02}.Release|x64.Build.0 = Release|x64
		{C2B43091-1205-4DEC-B60C-9CF32A5EDC02}.Release|x86.ActiveCfg = Release|Win32
		{C2B43091-1205-4DEC-B60C-9CF32A5EDC02}.Release|x86.Build.0 = Release|Win32
		{E904E73C-BE0D-40E3-B760-04EC60CDEBD4}.Debug|x64.ActiveCfg = Debug|x64
		{E904E73C-BE0D-40E3-B760-04EC60CDEBD4}.Debug|x64.Build.0 = Debug|x64
		{E904E73C-BE0D-40E3-B760-04EC60CDEBD4}.Debug|x86.ActiveCfg = Debug|Win32
		{E904E73C-BE0D-40E3-B760-04EC60CDEBD4}.Debug|x86.Build.0 = Debug|Win32
		{E904E73C-BE0D-40E3-B760-04EC60CDEBD4}.Release|x64.ActiveCfg = Release|x64
		{E904E73C-BE0D-40E3-B760-04EC60CDEBD4}.Release|x64.Build.0 = Release|x64
		{E904E73C-BE0D-40E3-B760-04EC60CDEBD4}.Release|x86.ActiveCfg = Release|Win32
		{E904E73C-BE0D-40E3-B760-04EC60CDEBD4}.Release|x86.Build.0 = Release|Win32
		{0F9BEC27-B3C3-4CE7-9FBD-89BA70B0656F}.Debug|x64.ActiveCfg = Debug|x64
		{0F9BEC27-B3C3-4CE7-9FBD-89BA70B0656F}.Debug|x64.Build.0 = Debug|x64
		{0F9BEC27-B3C3-4CE7-9FBD-89BA70B0656F}.Debug|x86.ActiveCfg = Debug|Win32
		{0F9BEC27-B3C3-4CE7-9FBD-89BA70B0656F}.Debug|x86.Build.0 = Debug|Win32
		{0F9BEC27-B3C3-4CE7-9FBD-89BA70B0656F}.Release|x64.ActiveCfg = Release|x64
		{0F9BEC27-B3C3-4CE7-9FBD-89BA70B0656F}.Release|x64.Build.0 = Release|x64
		{0F9BEC27-B3C3-4CE7-9FBD-89BA70B0656F}.Release|x86.ActiveCfg = Release|Win32
		{0F9BEC27-B3C3-4CE7-9FBD-89BA70B0656F}.Release|x86.Build.0 = Release|Win32
		{702C0314-875B-4FC7-91D4-113C1D2D2017}.Debug|x64.ActiveCfg = Debug|x64
		{702C0314-875B-4FC7-91D4-113C1D2D2017}.Debug|x64.Build.0 = Debug|x64
		{702C0314-875B-4FC7-91D4-113C1D2D2017}.Debug|x86.ActiveCfg = Debug|Win32
		{702C0314-875B-4FC7-91D4-113C1D2D2017}.Debug|x86.Build.0 = Debug|Win32
		{702C0314-875B-4FC7-91D4-113C1D2D2017}.Release|x64.ActiveCfg = Release|x64
		{702C0314-875B-4FC7-91D4-113C1D2D2017}.Release|x64.Build.0 = Release|x64
		{702C0314-875B-4FC7-91D4-113C1D2D2017}.Release|x86.ActiveCfg = Release|Win32
		{702C0314-875B-4FC7-91D4-113C1D2D2017}.Release|x86.Build.0 = Release|Win32
	EndGlobalSection
	GlobalSection(SolutionProperties) = preSolution
		HideSolutionNode = FALSE
	EndGlobalSection
	GlobalSection(ExtensibilityGlobals) = postSolution
		SolutionGuid = {FE8AB416-7700-40A3-BDC3-C20EE44FD8F5}
	EndGlobalSection
EndGlobal
