
Microsoft Visual Studio Solution File, Format Version 12.00
# Visual Studio Version 16
VisualStudioVersion = 16.0.29905.134
MinimumVisualStudioVersion = 10.0.40219.1
Project("{8BC9CEB8-8B4A-11D0-8D11-00A0C91BC942}") = "ex17-1", "ex17-1\ex17-1.vcxproj", "{D4EE382C-FDD4-4909-ABE3-080AFBFDC916}"
EndProject
Project("{8BC9CEB8-8B4A-11D0-8D11-00A0C91BC942}") = "ex17-2", "ex17-2\ex17-2.vcxproj", "{CC08D71F-8F74-42D7-821D-92D52B526166}"
EndProject
Project("{8BC9CEB8-8B4A-11D0-8D11-00A0C91BC942}") = "ex17-3", "ex17-3\ex17-3.vcxproj", "{CE090787-27FE-487B-A4C8-E5D96614F9CC}"
EndProject
Project("{8BC9CEB8-8B4A-11D0-8D11-00A0C91BC942}") = "ex17-4", "ex17-4\ex17-4.vcxproj", "{E2938045-FD12-4E5A-B8B3-11947253032E}"
EndProject
Project("{8BC9CEB8-8B4A-11D0-8D11-00A0C91BC942}") = "ex17-5", "ex17-5\ex17-5.vcxproj", "{C2DBC4C7-A772-4162-9AD6-F777ADCB5BE7}"
EndProject
Project("{8BC9CEB8-8B4A-11D0-8D11-00A0C91BC942}") = "ex17-6", "ex17-6\ex17-6.vcxproj", "{D0E7082D-4F85-436E-B373-3C5CAB2C4F9C}"
EndProject
Project("{8BC9CEB8-8B4A-11D0-8D11-00A0C91BC942}") = "17.1-02", "17.1-02\17.1-02.vcxproj", "{B6E506DE-61B4-4086-883D-F7CEB001ECE7}"
EndProject
Project("{8BC9CEB8-8B4A-11D0-8D11-00A0C91BC942}") = "17.1-05", "17.1-05\17.1-05.vcxproj", "{C4F73635-CB1F-499B-8E26-F5F5BBDF8254}"
EndProject
Project("{8BC9CEB8-8B4A-11D0-8D11-00A0C91BC942}") = "ex17-7", "ex17-7\ex17-7.vcxproj", "{66ADC215-ED6F-461F-BFF1-97C364752B4D}"
EndProject
Project("{8BC9CEB8-8B4A-11D0-8D11-00A0C91BC942}") = "ex17-8", "ex17-8\ex17-8.vcxproj", "{AD6743F5-379A-4957-B905-0B05417B798D}"
EndProject
Project("{8BC9CEB8-8B4A-11D0-8D11-00A0C91BC942}") = "ex17-9", "ex17-9\ex17-9.vcxproj", "{D0757024-3BCE-40F6-A26E-0E812AD3B7E0}"
EndProject
Project("{8BC9CEB8-8B4A-11D0-8D11-00A0C91BC942}") = "ex17-10", "ex17-10\ex17-10.vcxproj", "{33A36774-DBD0-4B94-B237-36D11BAF2A53}"
EndProject
Project("{8BC9CEB8-8B4A-11D0-8D11-00A0C91BC942}") = "ex17-11", "ex17-11\ex17-11.vcxproj", "{898A72E8-F1FE-4B5E-9DD0-B2D8559A1867}"
EndProject
Project("{8BC9CEB8-8B4A-11D0-8D11-00A0C91BC942}") = "ex17-12", "ex17-12\ex17-12.vcxproj", "{C114C66F-A2EA-451D-A913-91246AD03424}"
EndProject
Project("{8BC9CEB8-8B4A-11D0-8D11-00A0C91BC942}") = "ex17-13", "ex17-13\ex17-13.vcxproj", "{021B324D-E9DD-4ECE-998F-34CA562F4BCB}"
EndProject
Project("{8BC9CEB8-8B4A-11D0-8D11-00A0C91BC942}") = "ex17-14", "ex17-14\ex17-14.vcxproj", "{D7BBBE71-BAF7-4D66-9ACE-EE4996ED0974}"
EndProject
Project("{8BC9CEB8-8B4A-11D0-8D11-00A0C91BC942}") = "17.2-01", "17.2-01\17.2-01.vcxproj", "{E86A97F4-7D2A-44F9-81F6-F2F9B48AC9C2}"
EndProject
Project("{8BC9CEB8-8B4A-11D0-8D11-00A0C91BC942}") = "17.2-04", "17.2-04\17.2-04.vcxproj", "{66938F73-2F53-408D-B164-12F40D513810}"
EndProject
Project("{8BC9CEB8-8B4A-11D0-8D11-00A0C91BC942}") = "17.2-05", "17.2-05\17.2-05.vcxproj", "{B88C8FC5-A475-42FE-BE89-4E0DA05BDFD0}"
EndProject
Project("{8BC9CEB8-8B4A-11D0-8D11-00A0C91BC942}") = "challenge-01", "challenge-01\challenge-01.vcxproj", "{B8F32046-178F-42A6-AB62-ED0580043A9F}"
EndProject
Project("{8BC9CEB8-8B4A-11D0-8D11-00A0C91BC942}") = "challenge-02", "challenge-02\challenge-02.vcxproj", "{839FA72A-5D9C-490C-9AA0-12C2160A725A}"
EndProject
Project("{8BC9CEB8-8B4A-11D0-8D11-00A0C91BC942}") = "challenge-03", "challenge-03\challenge-03.vcxproj", "{9FB2CA4D-3466-4943-87DC-8794457E69B5}"
EndProject
Global
	GlobalSection(SolutionConfigurationPlatforms) = preSolution
		Debug|x64 = Debug|x64
		Debug|x86 = Debug|x86
		Release|x64 = Release|x64
		Release|x86 = Release|x86
	EndGlobalSection
	GlobalSection(ProjectConfigurationPlatforms) = postSolution
		{D4EE382C-FDD4-4909-ABE3-080AFBFDC916}.Debug|x64.ActiveCfg = Debug|x64
		{D4EE382C-FDD4-4909-ABE3-080AFBFDC916}.Debug|x64.Build.0 = Debug|x64
		{D4EE382C-FDD4-4909-ABE3-080AFBFDC916}.Debug|x86.ActiveCfg = Debug|Win32
		{D4EE382C-FDD4-4909-ABE3-080AFBFDC916}.Debug|x86.Build.0 = Debug|Win32
		{D4EE382C-FDD4-4909-ABE3-080AFBFDC916}.Release|x64.ActiveCfg = Release|x64
		{D4EE382C-FDD4-4909-ABE3-080AFBFDC916}.Release|x64.Build.0 = Release|x64
		{D4EE382C-FDD4-4909-ABE3-080AFBFDC916}.Release|x86.ActiveCfg = Release|Win32
		{D4EE382C-FDD4-4909-ABE3-080AFBFDC916}.Release|x86.Build.0 = Release|Win32
		{CC08D71F-8F74-42D7-821D-92D52B526166}.Debug|x64.ActiveCfg = Debug|x64
		{CC08D71F-8F74-42D7-821D-92D52B526166}.Debug|x64.Build.0 = Debug|x64
		{CC08D71F-8F74-42D7-821D-92D52B526166}.Debug|x86.ActiveCfg = Debug|Win32
		{CC08D71F-8F74-42D7-821D-92D52B526166}.Debug|x86.Build.0 = Debug|Win32
		{CC08D71F-8F74-42D7-821D-92D52B526166}.Release|x64.ActiveCfg = Release|x64
		{CC08D71F-8F74-42D7-821D-92D52B526166}.Release|x64.Build.0 = Release|x64
		{CC08D71F-8F74-42D7-821D-92D52B526166}.Release|x86.ActiveCfg = Release|Win32
		{CC08D71F-8F74-42D7-821D-92D52B526166}.Release|x86.Build.0 = Release|Win32
		{CE090787-27FE-487B-A4C8-E5D96614F9CC}.Debug|x64.ActiveCfg = Debug|x64
		{CE090787-27FE-487B-A4C8-E5D96614F9CC}.Debug|x64.Build.0 = Debug|x64
		{CE090787-27FE-487B-A4C8-E5D96614F9CC}.Debug|x86.ActiveCfg = Debug|Win32
		{CE090787-27FE-487B-A4C8-E5D96614F9CC}.Debug|x86.Build.0 = Debug|Win32
		{CE090787-27FE-487B-A4C8-E5D96614F9CC}.Release|x64.ActiveCfg = Release|x64
		{CE090787-27FE-487B-A4C8-E5D96614F9CC}.Release|x64.Build.0 = Release|x64
		{CE090787-27FE-487B-A4C8-E5D96614F9CC}.Release|x86.ActiveCfg = Release|Win32
		{CE090787-27FE-487B-A4C8-E5D96614F9CC}.Release|x86.Build.0 = Release|Win32
		{E2938045-FD12-4E5A-B8B3-11947253032E}.Debug|x64.ActiveCfg = Debug|x64
		{E2938045-FD12-4E5A-B8B3-11947253032E}.Debug|x64.Build.0 = Debug|x64
		{E2938045-FD12-4E5A-B8B3-11947253032E}.Debug|x86.ActiveCfg = Debug|Win32
		{E2938045-FD12-4E5A-B8B3-11947253032E}.Debug|x86.Build.0 = Debug|Win32
		{E2938045-FD12-4E5A-B8B3-11947253032E}.Release|x64.ActiveCfg = Release|x64
		{E2938045-FD12-4E5A-B8B3-11947253032E}.Release|x64.Build.0 = Release|x64
		{E2938045-FD12-4E5A-B8B3-11947253032E}.Release|x86.ActiveCfg = Release|Win32
		{E2938045-FD12-4E5A-B8B3-11947253032E}.Release|x86.Build.0 = Release|Win32
		{C2DBC4C7-A772-4162-9AD6-F777ADCB5BE7}.Debug|x64.ActiveCfg = Debug|x64
		{C2DBC4C7-A772-4162-9AD6-F777ADCB5BE7}.Debug|x64.Build.0 = Debug|x64
		{C2DBC4C7-A772-4162-9AD6-F777ADCB5BE7}.Debug|x86.ActiveCfg = Debug|Win32
		{C2DBC4C7-A772-4162-9AD6-F777ADCB5BE7}.Debug|x86.Build.0 = Debug|Win32
		{C2DBC4C7-A772-4162-9AD6-F777ADCB5BE7}.Release|x64.ActiveCfg = Release|x64
		{C2DBC4C7-A772-4162-9AD6-F777ADCB5BE7}.Release|x64.Build.0 = Release|x64
		{C2DBC4C7-A772-4162-9AD6-F777ADCB5BE7}.Release|x86.ActiveCfg = Release|Win32
		{C2DBC4C7-A772-4162-9AD6-F777ADCB5BE7}.Release|x86.Build.0 = Release|Win32
		{D0E7082D-4F85-436E-B373-3C5CAB2C4F9C}.Debug|x64.ActiveCfg = Debug|x64
		{D0E7082D-4F85-436E-B373-3C5CAB2C4F9C}.Debug|x64.Build.0 = Debug|x64
		{D0E7082D-4F85-436E-B373-3C5CAB2C4F9C}.Debug|x86.ActiveCfg = Debug|Win32
		{D0E7082D-4F85-436E-B373-3C5CAB2C4F9C}.Debug|x86.Build.0 = Debug|Win32
		{D0E7082D-4F85-436E-B373-3C5CAB2C4F9C}.Release|x64.ActiveCfg = Release|x64
		{D0E7082D-4F85-436E-B373-3C5CAB2C4F9C}.Release|x64.Build.0 = Release|x64
		{D0E7082D-4F85-436E-B373-3C5CAB2C4F9C}.Release|x86.ActiveCfg = Release|Win32
		{D0E7082D-4F85-436E-B373-3C5CAB2C4F9C}.Release|x86.Build.0 = Release|Win32
		{B6E506DE-61B4-4086-883D-F7CEB001ECE7}.Debug|x64.ActiveCfg = Debug|x64
		{B6E506DE-61B4-4086-883D-F7CEB001ECE7}.Debug|x64.Build.0 = Debug|x64
		{B6E506DE-61B4-4086-883D-F7CEB001ECE7}.Debug|x86.ActiveCfg = Debug|Win32
		{B6E506DE-61B4-4086-883D-F7CEB001ECE7}.Debug|x86.Build.0 = Debug|Win32
		{B6E506DE-61B4-4086-883D-F7CEB001ECE7}.Release|x64.ActiveCfg = Release|x64
		{B6E506DE-61B4-4086-883D-F7CEB001ECE7}.Release|x64.Build.0 = Release|x64
		{B6E506DE-61B4-4086-883D-F7CEB001ECE7}.Release|x86.ActiveCfg = Release|Win32
		{B6E506DE-61B4-4086-883D-F7CEB001ECE7}.Release|x86.Build.0 = Release|Win32
		{C4F73635-CB1F-499B-8E26-F5F5BBDF8254}.Debug|x64.ActiveCfg = Debug|x64
		{C4F73635-CB1F-499B-8E26-F5F5BBDF8254}.Debug|x64.Build.0 = Debug|x64
		{C4F73635-CB1F-499B-8E26-F5F5BBDF8254}.Debug|x86.ActiveCfg = Debug|Win32
		{C4F73635-CB1F-499B-8E26-F5F5BBDF8254}.Debug|x86.Build.0 = Debug|Win32
		{C4F73635-CB1F-499B-8E26-F5F5BBDF8254}.Release|x64.ActiveCfg = Release|x64
		{C4F73635-CB1F-499B-8E26-F5F5BBDF8254}.Release|x64.Build.0 = Release|x64
		{C4F73635-CB1F-499B-8E26-F5F5BBDF8254}.Release|x86.ActiveCfg = Release|Win32
		{C4F73635-CB1F-499B-8E26-F5F5BBDF8254}.Release|x86.Build.0 = Release|Win32
		{66ADC215-ED6F-461F-BFF1-97C364752B4D}.Debug|x64.ActiveCfg = Debug|x64
		{66ADC215-ED6F-461F-BFF1-97C364752B4D}.Debug|x64.Build.0 = Debug|x64
		{66ADC215-ED6F-461F-BFF1-97C364752B4D}.Debug|x86.ActiveCfg = Debug|Win32
		{66ADC215-ED6F-461F-BFF1-97C364752B4D}.Debug|x86.Build.0 = Debug|Win32
		{66ADC215-ED6F-461F-BFF1-97C364752B4D}.Release|x64.ActiveCfg = Release|x64
		{66ADC215-ED6F-461F-BFF1-97C364752B4D}.Release|x64.Build.0 = Release|x64
		{66ADC215-ED6F-461F-BFF1-97C364752B4D}.Release|x86.ActiveCfg = Release|Win32
		{66ADC215-ED6F-461F-BFF1-97C364752B4D}.Release|x86.Build.0 = Release|Win32
		{AD6743F5-379A-4957-B905-0B05417B798D}.Debug|x64.ActiveCfg = Debug|x64
		{AD6743F5-379A-4957-B905-0B05417B798D}.Debug|x64.Build.0 = Debug|x64
		{AD6743F5-379A-4957-B905-0B05417B798D}.Debug|x86.ActiveCfg = Debug|Win32
		{AD6743F5-379A-4957-B905-0B05417B798D}.Debug|x86.Build.0 = Debug|Win32
		{AD6743F5-379A-4957-B905-0B05417B798D}.Release|x64.ActiveCfg = Release|x64
		{AD6743F5-379A-4957-B905-0B05417B798D}.Release|x64.Build.0 = Release|x64
		{AD6743F5-379A-4957-B905-0B05417B798D}.Release|x86.ActiveCfg = Release|Win32
		{AD6743F5-379A-4957-B905-0B05417B798D}.Release|x86.Build.0 = Release|Win32
		{D0757024-3BCE-40F6-A26E-0E812AD3B7E0}.Debug|x64.ActiveCfg = Debug|x64
		{D0757024-3BCE-40F6-A26E-0E812AD3B7E0}.Debug|x64.Build.0 = Debug|x64
		{D0757024-3BCE-40F6-A26E-0E812AD3B7E0}.Debug|x86.ActiveCfg = Debug|Win32
		{D0757024-3BCE-40F6-A26E-0E812AD3B7E0}.Debug|x86.Build.0 = Debug|Win32
		{D0757024-3BCE-40F6-A26E-0E812AD3B7E0}.Release|x64.ActiveCfg = Release|x64
		{D0757024-3BCE-40F6-A26E-0E812AD3B7E0}.Release|x64.Build.0 = Release|x64
		{D0757024-3BCE-40F6-A26E-0E812AD3B7E0}.Release|x86.ActiveCfg = Release|Win32
		{D0757024-3BCE-40F6-A26E-0E812AD3B7E0}.Release|x86.Build.0 = Release|Win32
		{33A36774-DBD0-4B94-B237-36D11BAF2A53}.Debug|x64.ActiveCfg = Debug|x64
		{33A36774-DBD0-4B94-B237-36D11BAF2A53}.Debug|x64.Build.0 = Debug|x64
		{33A36774-DBD0-4B94-B237-36D11BAF2A53}.Debug|x86.ActiveCfg = Debug|Win32
		{33A36774-DBD0-4B94-B237-36D11BAF2A53}.Debug|x86.Build.0 = Debug|Win32
		{33A36774-DBD0-4B94-B237-36D11BAF2A53}.Release|x64.ActiveCfg = Release|x64
		{33A36774-DBD0-4B94-B237-36D11BAF2A53}.Release|x64.Build.0 = Release|x64
		{33A36774-DBD0-4B94-B237-36D11BAF2A53}.Release|x86.ActiveCfg = Release|Win32
		{33A36774-DBD0-4B94-B237-36D11BAF2A53}.Release|x86.Build.0 = Release|Win32
		{898A72E8-F1FE-4B5E-9DD0-B2D8559A1867}.Debug|x64.ActiveCfg = Debug|x64
		{898A72E8-F1FE-4B5E-9DD0-B2D8559A1867}.Debug|x64.Build.0 = Debug|x64
		{898A72E8-F1FE-4B5E-9DD0-B2D8559A1867}.Debug|x86.ActiveCfg = Debug|Win32
		{898A72E8-F1FE-4B5E-9DD0-B2D8559A1867}.Debug|x86.Build.0 = Debug|Win32
		{898A72E8-F1FE-4B5E-9DD0-B2D8559A1867}.Release|x64.ActiveCfg = Release|x64
		{898A72E8-F1FE-4B5E-9DD0-B2D8559A1867}.Release|x64.Build.0 = Release|x64
		{898A72E8-F1FE-4B5E-9DD0-B2D8559A1867}.Release|x86.ActiveCfg = Release|Win32
		{898A72E8-F1FE-4B5E-9DD0-B2D8559A1867}.Release|x86.Build.0 = Release|Win32
		{C114C66F-A2EA-451D-A913-91246AD03424}.Debug|x64.ActiveCfg = Debug|x64
		{C114C66F-A2EA-451D-A913-91246AD03424}.Debug|x64.Build.0 = Debug|x64
		{C114C66F-A2EA-451D-A913-91246AD03424}.Debug|x86.ActiveCfg = Debug|Win32
		{C114C66F-A2EA-451D-A913-91246AD03424}.Debug|x86.Build.0 = Debug|Win32
		{C114C66F-A2EA-451D-A913-91246AD03424}.Release|x64.ActiveCfg = Release|x64
		{C114C66F-A2EA-451D-A913-91246AD03424}.Release|x64.Build.0 = Release|x64
		{C114C66F-A2EA-451D-A913-91246AD03424}.Release|x86.ActiveCfg = Release|Win32
		{C114C66F-A2EA-451D-A913-91246AD03424}.Release|x86.Build.0 = Release|Win32
		{021B324D-E9DD-4ECE-998F-34CA562F4BCB}.Debug|x64.ActiveCfg = Debug|x64
		{021B324D-E9DD-4ECE-998F-34CA562F4BCB}.Debug|x64.Build.0 = Debug|x64
		{021B324D-E9DD-4ECE-998F-34CA562F4BCB}.Debug|x86.ActiveCfg = Debug|Win32
		{021B324D-E9DD-4ECE-998F-34CA562F4BCB}.Debug|x86.Build.0 = Debug|Win32
		{021B324D-E9DD-4ECE-998F-34CA562F4BCB}.Release|x64.ActiveCfg = Release|x64
		{021B324D-E9DD-4ECE-998F-34CA562F4BCB}.Release|x64.Build.0 = Release|x64
		{021B324D-E9DD-4ECE-998F-34CA562F4BCB}.Release|x86.ActiveCfg = Release|Win32
		{021B324D-E9DD-4ECE-998F-34CA562F4BCB}.Release|x86.Build.0 = Release|Win32
		{D7BBBE71-BAF7-4D66-9ACE-EE4996ED0974}.Debug|x64.ActiveCfg = Debug|x64
		{D7BBBE71-BAF7-4D66-9ACE-EE4996ED0974}.Debug|x64.Build.0 = Debug|x64
		{D7BBBE71-BAF7-4D66-9ACE-EE4996ED0974}.Debug|x86.ActiveCfg = Debug|Win32
		{D7BBBE71-BAF7-4D66-9ACE-EE4996ED0974}.Debug|x86.Build.0 = Debug|Win32
		{D7BBBE71-BAF7-4D66-9ACE-EE4996ED0974}.Release|x64.ActiveCfg = Release|x64
		{D7BBBE71-BAF7-4D66-9ACE-EE4996ED0974}.Release|x64.Build.0 = Release|x64
		{D7BBBE71-BAF7-4D66-9ACE-EE4996ED0974}.Release|x86.ActiveCfg = Release|Win32
		{D7BBBE71-BAF7-4D66-9ACE-EE4996ED0974}.Release|x86.Build.0 = Release|Win32
		{E86A97F4-7D2A-44F9-81F6-F2F9B48AC9C2}.Debug|x64.ActiveCfg = Debug|x64
		{E86A97F4-7D2A-44F9-81F6-F2F9B48AC9C2}.Debug|x64.Build.0 = Debug|x64
		{E86A97F4-7D2A-44F9-81F6-F2F9B48AC9C2}.Debug|x86.ActiveCfg = Debug|Win32
		{E86A97F4-7D2A-44F9-81F6-F2F9B48AC9C2}.Debug|x86.Build.0 = Debug|Win32
		{E86A97F4-7D2A-44F9-81F6-F2F9B48AC9C2}.Release|x64.ActiveCfg = Release|x64
		{E86A97F4-7D2A-44F9-81F6-F2F9B48AC9C2}.Release|x64.Build.0 = Release|x64
		{E86A97F4-7D2A-44F9-81F6-F2F9B48AC9C2}.Release|x86.ActiveCfg = Release|Win32
		{E86A97F4-7D2A-44F9-81F6-F2F9B48AC9C2}.Release|x86.Build.0 = Release|Win32
		{66938F73-2F53-408D-B164-12F40D513810}.Debug|x64.ActiveCfg = Debug|x64
		{66938F73-2F53-408D-B164-12F40D513810}.Debug|x64.Build.0 = Debug|x64
		{66938F73-2F53-408D-B164-12F40D513810}.Debug|x86.ActiveCfg = Debug|Win32
		{66938F73-2F53-408D-B164-12F40D513810}.Debug|x86.Build.0 = Debug|Win32
		{66938F73-2F53-408D-B164-12F40D513810}.Release|x64.ActiveCfg = Release|x64
		{66938F73-2F53-408D-B164-12F40D513810}.Release|x64.Build.0 = Release|x64
		{66938F73-2F53-408D-B164-12F40D513810}.Release|x86.ActiveCfg = Release|Win32
		{66938F73-2F53-408D-B164-12F40D513810}.Release|x86.Build.0 = Release|Win32
		{B88C8FC5-A475-42FE-BE89-4E0DA05BDFD0}.Debug|x64.ActiveCfg = Debug|x64
		{B88C8FC5-A475-42FE-BE89-4E0DA05BDFD0}.Debug|x64.Build.0 = Debug|x64
		{B88C8FC5-A475-42FE-BE89-4E0DA05BDFD0}.Debug|x86.ActiveCfg = Debug|Win32
		{B88C8FC5-A475-42FE-BE89-4E0DA05BDFD0}.Debug|x86.Build.0 = Debug|Win32
		{B88C8FC5-A475-42FE-BE89-4E0DA05BDFD0}.Release|x64.ActiveCfg = Release|x64
		{B88C8FC5-A475-42FE-BE89-4E0DA05BDFD0}.Release|x64.Build.0 = Release|x64
		{B88C8FC5-A475-42FE-BE89-4E0DA05BDFD0}.Release|x86.ActiveCfg = Release|Win32
		{B88C8FC5-A475-42FE-BE89-4E0DA05BDFD0}.Release|x86.Build.0 = Release|Win32
		{B8F32046-178F-42A6-AB62-ED0580043A9F}.Debug|x64.ActiveCfg = Debug|x64
		{B8F32046-178F-42A6-AB62-ED0580043A9F}.Debug|x64.Build.0 = Debug|x64
		{B8F32046-178F-42A6-AB62-ED0580043A9F}.Debug|x86.ActiveCfg = Debug|Win32
		{B8F32046-178F-42A6-AB62-ED0580043A9F}.Debug|x86.Build.0 = Debug|Win32
		{B8F32046-178F-42A6-AB62-ED0580043A9F}.Release|x64.ActiveCfg = Release|x64
		{B8F32046-178F-42A6-AB62-ED0580043A9F}.Release|x64.Build.0 = Release|x64
		{B8F32046-178F-42A6-AB62-ED0580043A9F}.Release|x86.ActiveCfg = Release|Win32
		{B8F32046-178F-42A6-AB62-ED0580043A9F}.Release|x86.Build.0 = Release|Win32
		{839FA72A-5D9C-490C-9AA0-12C2160A725A}.Debug|x64.ActiveCfg = Debug|x64
		{839FA72A-5D9C-490C-9AA0-12C2160A725A}.Debug|x64.Build.0 = Debug|x64
		{839FA72A-5D9C-490C-9AA0-12C2160A725A}.Debug|x86.ActiveCfg = Debug|Win32
		{839FA72A-5D9C-490C-9AA0-12C2160A725A}.Debug|x86.Build.0 = Debug|Win32
		{839FA72A-5D9C-490C-9AA0-12C2160A725A}.Release|x64.ActiveCfg = Release|x64
		{839FA72A-5D9C-490C-9AA0-12C2160A725A}.Release|x64.Build.0 = Release|x64
		{839FA72A-5D9C-490C-9AA0-12C2160A725A}.Release|x86.ActiveCfg = Release|Win32
		{839FA72A-5D9C-490C-9AA0-12C2160A725A}.Release|x86.Build.0 = Release|Win32
		{9FB2CA4D-3466-4943-87DC-8794457E69B5}.Debug|x64.ActiveCfg = Debug|x64
		{9FB2CA4D-3466-4943-87DC-8794457E69B5}.Debug|x64.Build.0 = Debug|x64
		{9FB2CA4D-3466-4943-87DC-8794457E69B5}.Debug|x86.ActiveCfg = Debug|Win32
		{9FB2CA4D-3466-4943-87DC-8794457E69B5}.Debug|x86.Build.0 = Debug|Win32
		{9FB2CA4D-3466-4943-87DC-8794457E69B5}.Release|x64.ActiveCfg = Release|x64
		{9FB2CA4D-3466-4943-87DC-8794457E69B5}.Release|x64.Build.0 = Release|x64
		{9FB2CA4D-3466-4943-87DC-8794457E69B5}.Release|x86.ActiveCfg = Release|Win32
		{9FB2CA4D-3466-4943-87DC-8794457E69B5}.Release|x86.Build.0 = Release|Win32
	EndGlobalSection
	GlobalSection(SolutionProperties) = preSolution
		HideSolutionNode = FALSE
	EndGlobalSection
	GlobalSection(ExtensibilityGlobals) = postSolution
		SolutionGuid = {75629AE5-8044-49F1-B973-D186A7EC019C}
	EndGlobalSection
EndGlobal
