
Microsoft Visual Studio Solution File, Format Version 12.00
# Visual Studio Version 16
VisualStudioVersion = 16.0.29920.165
MinimumVisualStudioVersion = 10.0.40219.1
Project("{8BC9CEB8-8B4A-11D0-8D11-00A0C91BC942}") = "ex19-1", "ex19-1\ex19-1.vcxproj", "{1A7D7E8D-ADEA-4754-A0A2-B0E6179E4C74}"
EndProject
Project("{8BC9CEB8-8B4A-11D0-8D11-00A0C91BC942}") = "ex19-10", "ex19-10\ex19-10.vcxproj", "{6B86A1E8-93DA-47C7-9677-AC93F1562FA9}"
EndProject
Project("{8BC9CEB8-8B4A-11D0-8D11-00A0C91BC942}") = "ex19-2", "ex19-2\ex19-2.vcxproj", "{A7209DAE-8C82-459D-8D52-2C7C379016B7}"
EndProject
Project("{8BC9CEB8-8B4A-11D0-8D11-00A0C91BC942}") = "ex19-3", "ex19-3\ex19-3.vcxproj", "{695EE792-39C8-47D2-869D-40B8227A6416}"
EndProject
Project("{8BC9CEB8-8B4A-11D0-8D11-00A0C91BC942}") = "ex19-4", "ex19-4\ex19-4.vcxproj", "{9FFC9714-34AA-4775-BE67-6E1DE28BAAC1}"
EndProject
Project("{8BC9CEB8-8B4A-11D0-8D11-00A0C91BC942}") = "ex19-5", "ex19-5\ex19-5.vcxproj", "{2654E958-AA66-4EA9-A95A-B75BC44387D3}"
EndProject
Project("{8BC9CEB8-8B4A-11D0-8D11-00A0C91BC942}") = "ex19-6", "ex19-6\ex19-6.vcxproj", "{2ABEEDDA-CD2D-4A25-954F-5D19A141CF05}"
EndProject
Project("{8BC9CEB8-8B4A-11D0-8D11-00A0C91BC942}") = "ex19-7", "ex19-7\ex19-7.vcxproj", "{62F21660-364E-40D8-8A18-643AF0A4C0B9}"
EndProject
Project("{8BC9CEB8-8B4A-11D0-8D11-00A0C91BC942}") = "19.1-04", "19.1-04\19.1-04.vcxproj", "{853C98B8-CED6-4AC6-8173-8FADB56E1BC5}"
EndProject
Project("{8BC9CEB8-8B4A-11D0-8D11-00A0C91BC942}") = "19.1-05", "19.1-05\19.1-05.vcxproj", "{516C5A38-AA23-42DA-BB01-E46148642761}"
EndProject
Project("{8BC9CEB8-8B4A-11D0-8D11-00A0C91BC942}") = "ex19-8", "ex19-8\ex19-8.vcxproj", "{3EBE4AD2-6DD1-4938-80DA-9B6B51936730}"
EndProject
Project("{8BC9CEB8-8B4A-11D0-8D11-00A0C91BC942}") = "ex19-9", "ex19-9\ex19-9.vcxproj", "{99E014E3-050A-4911-A1B4-2C87C3390746}"
EndProject
Project("{8BC9CEB8-8B4A-11D0-8D11-00A0C91BC942}") = "19.2-05", "19.2-05\19.2-05.vcxproj", "{175F4C1F-98F8-4010-834B-04EFB1EBDF0C}"
EndProject
Project("{8BC9CEB8-8B4A-11D0-8D11-00A0C91BC942}") = "challenge-01", "challenge-01\challenge-01.vcxproj", "{606AC88D-A850-49FB-9C23-AB0D61DCF260}"
EndProject
Project("{8BC9CEB8-8B4A-11D0-8D11-00A0C91BC942}") = "challenge-02", "challenge-02\challenge-02.vcxproj", "{E4A9E8F5-D2E6-4ADE-A364-5F882BB07E59}"
EndProject
Project("{8BC9CEB8-8B4A-11D0-8D11-00A0C91BC942}") = "challenge-03", "challenge-03\challenge-03.vcxproj", "{115EF24D-008E-487C-BA8A-2C4F4EDE17E1}"
EndProject
Global
	GlobalSection(SolutionConfigurationPlatforms) = preSolution
		Debug|x64 = Debug|x64
		Debug|x86 = Debug|x86
		Release|x64 = Release|x64
		Release|x86 = Release|x86
	EndGlobalSection
	GlobalSection(ProjectConfigurationPlatforms) = postSolution
		{1A7D7E8D-ADEA-4754-A0A2-B0E6179E4C74}.Debug|x64.ActiveCfg = Debug|x64
		{1A7D7E8D-ADEA-4754-A0A2-B0E6179E4C74}.Debug|x64.Build.0 = Debug|x64
		{1A7D7E8D-ADEA-4754-A0A2-B0E6179E4C74}.Debug|x86.ActiveCfg = Debug|Win32
		{1A7D7E8D-ADEA-4754-A0A2-B0E6179E4C74}.Debug|x86.Build.0 = Debug|Win32
		{1A7D7E8D-ADEA-4754-A0A2-B0E6179E4C74}.Release|x64.ActiveCfg = Release|x64
		{1A7D7E8D-ADEA-4754-A0A2-B0E6179E4C74}.Release|x64.Build.0 = Release|x64
		{1A7D7E8D-ADEA-4754-A0A2-B0E6179E4C74}.Release|x86.ActiveCfg = Release|Win32
		{1A7D7E8D-ADEA-4754-A0A2-B0E6179E4C74}.Release|x86.Build.0 = Release|Win32
		{6B86A1E8-93DA-47C7-9677-AC93F1562FA9}.Debug|x64.ActiveCfg = Debug|x64
		{6B86A1E8-93DA-47C7-9677-AC93F1562FA9}.Debug|x64.Build.0 = Debug|x64
		{6B86A1E8-93DA-47C7-9677-AC93F1562FA9}.Debug|x86.ActiveCfg = Debug|Win32
		{6B86A1E8-93DA-47C7-9677-AC93F1562FA9}.Debug|x86.Build.0 = Debug|Win32
		{6B86A1E8-93DA-47C7-9677-AC93F1562FA9}.Release|x64.ActiveCfg = Release|x64
		{6B86A1E8-93DA-47C7-9677-AC93F1562FA9}.Release|x64.Build.0 = Release|x64
		{6B86A1E8-93DA-47C7-9677-AC93F1562FA9}.Release|x86.ActiveCfg = Release|Win32
		{6B86A1E8-93DA-47C7-9677-AC93F1562FA9}.Release|x86.Build.0 = Release|Win32
		{A7209DAE-8C82-459D-8D52-2C7C379016B7}.Debug|x64.ActiveCfg = Debug|x64
		{A7209DAE-8C82-459D-8D52-2C7C379016B7}.Debug|x64.Build.0 = Debug|x64
		{A7209DAE-8C82-459D-8D52-2C7C379016B7}.Debug|x86.ActiveCfg = Debug|Win32
		{A7209DAE-8C82-459D-8D52-2C7C379016B7}.Debug|x86.Build.0 = Debug|Win32
		{A7209DAE-8C82-459D-8D52-2C7C379016B7}.Release|x64.ActiveCfg = Release|x64
		{A7209DAE-8C82-459D-8D52-2C7C379016B7}.Release|x64.Build.0 = Release|x64
		{A7209DAE-8C82-459D-8D52-2C7C379016B7}.Release|x86.ActiveCfg = Release|Win32
		{A7209DAE-8C82-459D-8D52-2C7C379016B7}.Release|x86.Build.0 = Release|Win32
		{695EE792-39C8-47D2-869D-40B8227A6416}.Debug|x64.ActiveCfg = Debug|x64
		{695EE792-39C8-47D2-869D-40B8227A6416}.Debug|x64.Build.0 = Debug|x64
		{695EE792-39C8-47D2-869D-40B8227A6416}.Debug|x86.ActiveCfg = Debug|Win32
		{695EE792-39C8-47D2-869D-40B8227A6416}.Debug|x86.Build.0 = Debug|Win32
		{695EE792-39C8-47D2-869D-40B8227A6416}.Release|x64.ActiveCfg = Release|x64
		{695EE792-39C8-47D2-869D-40B8227A6416}.Release|x64.Build.0 = Release|x64
		{695EE792-39C8-47D2-869D-40B8227A6416}.Release|x86.ActiveCfg = Release|Win32
		{695EE792-39C8-47D2-869D-40B8227A6416}.Release|x86.Build.0 = Release|Win32
		{9FFC9714-34AA-4775-BE67-6E1DE28BAAC1}.Debug|x64.ActiveCfg = Debug|x64
		{9FFC9714-34AA-4775-BE67-6E1DE28BAAC1}.Debug|x64.Build.0 = Debug|x64
		{9FFC9714-34AA-4775-BE67-6E1DE28BAAC1}.Debug|x86.ActiveCfg = Debug|Win32
		{9FFC9714-34AA-4775-BE67-6E1DE28BAAC1}.Debug|x86.Build.0 = Debug|Win32
		{9FFC9714-34AA-4775-BE67-6E1DE28BAAC1}.Release|x64.ActiveCfg = Release|x64
		{9FFC9714-34AA-4775-BE67-6E1DE28BAAC1}.Release|x64.Build.0 = Release|x64
		{9FFC9714-34AA-4775-BE67-6E1DE28BAAC1}.Release|x86.ActiveCfg = Release|Win32
		{9FFC9714-34AA-4775-BE67-6E1DE28BAAC1}.Release|x86.Build.0 = Release|Win32
		{2654E958-AA66-4EA9-A95A-B75BC44387D3}.Debug|x64.ActiveCfg = Debug|x64
		{2654E958-AA66-4EA9-A95A-B75BC44387D3}.Debug|x64.Build.0 = Debug|x64
		{2654E958-AA66-4EA9-A95A-B75BC44387D3}.Debug|x86.ActiveCfg = Debug|Win32
		{2654E958-AA66-4EA9-A95A-B75BC44387D3}.Debug|x86.Build.0 = Debug|Win32
		{2654E958-AA66-4EA9-A95A-B75BC44387D3}.Release|x64.ActiveCfg = Release|x64
		{2654E958-AA66-4EA9-A95A-B75BC44387D3}.Release|x64.Build.0 = Release|x64
		{2654E958-AA66-4EA9-A95A-B75BC44387D3}.Release|x86.ActiveCfg = Release|Win32
		{2654E958-AA66-4EA9-A95A-B75BC44387D3}.Release|x86.Build.0 = Release|Win32
		{2ABEEDDA-CD2D-4A25-954F-5D19A141CF05}.Debug|x64.ActiveCfg = Debug|x64
		{2ABEEDDA-CD2D-4A25-954F-5D19A141CF05}.Debug|x64.Build.0 = Debug|x64
		{2ABEEDDA-CD2D-4A25-954F-5D19A141CF05}.Debug|x86.ActiveCfg = Debug|Win32
		{2ABEEDDA-CD2D-4A25-954F-5D19A141CF05}.Debug|x86.Build.0 = Debug|Win32
		{2ABEEDDA-CD2D-4A25-954F-5D19A141CF05}.Release|x64.ActiveCfg = Release|x64
		{2ABEEDDA-CD2D-4A25-954F-5D19A141CF05}.Release|x64.Build.0 = Release|x64
		{2ABEEDDA-CD2D-4A25-954F-5D19A141CF05}.Release|x86.ActiveCfg = Release|Win32
		{2ABEEDDA-CD2D-4A25-954F-5D19A141CF05}.Release|x86.Build.0 = Release|Win32
		{62F21660-364E-40D8-8A18-643AF0A4C0B9}.Debug|x64.ActiveCfg = Debug|x64
		{62F21660-364E-40D8-8A18-643AF0A4C0B9}.Debug|x64.Build.0 = Debug|x64
		{62F21660-364E-40D8-8A18-643AF0A4C0B9}.Debug|x86.ActiveCfg = Debug|Win32
		{62F21660-364E-40D8-8A18-643AF0A4C0B9}.Debug|x86.Build.0 = Debug|Win32
		{62F21660-364E-40D8-8A18-643AF0A4C0B9}.Release|x64.ActiveCfg = Release|x64
		{62F21660-364E-40D8-8A18-643AF0A4C0B9}.Release|x64.Build.0 = Release|x64
		{62F21660-364E-40D8-8A18-643AF0A4C0B9}.Release|x86.ActiveCfg = Release|Win32
		{62F21660-364E-40D8-8A18-643AF0A4C0B9}.Release|x86.Build.0 = Release|Win32
		{853C98B8-CED6-4AC6-8173-8FADB56E1BC5}.Debug|x64.ActiveCfg = Debug|x64
		{853C98B8-CED6-4AC6-8173-8FADB56E1BC5}.Debug|x64.Build.0 = Debug|x64
		{853C98B8-CED6-4AC6-8173-8FADB56E1BC5}.Debug|x86.ActiveCfg = Debug|Win32
		{853C98B8-CED6-4AC6-8173-8FADB56E1BC5}.Debug|x86.Build.0 = Debug|Win32
		{853C98B8-CED6-4AC6-8173-8FADB56E1BC5}.Release|x64.ActiveCfg = Release|x64
		{853C98B8-CED6-4AC6-8173-8FADB56E1BC5}.Release|x64.Build.0 = Release|x64
		{853C98B8-CED6-4AC6-8173-8FADB56E1BC5}.Release|x86.ActiveCfg = Release|Win32
		{853C98B8-CED6-4AC6-8173-8FADB56E1BC5}.Release|x86.Build.0 = Release|Win32
		{516C5A38-AA23-42DA-BB01-E46148642761}.Debug|x64.ActiveCfg = Debug|x64
		{516C5A38-AA23-42DA-BB01-E46148642761}.Debug|x64.Build.0 = Debug|x64
		{516C5A38-AA23-42DA-BB01-E46148642761}.Debug|x86.ActiveCfg = Debug|Win32
		{516C5A38-AA23-42DA-BB01-E46148642761}.Debug|x86.Build.0 = Debug|Win32
		{516C5A38-AA23-42DA-BB01-E46148642761}.Release|x64.ActiveCfg = Release|x64
		{516C5A38-AA23-42DA-BB01-E46148642761}.Release|x64.Build.0 = Release|x64
		{516C5A38-AA23-42DA-BB01-E46148642761}.Release|x86.ActiveCfg = Release|Win32
		{516C5A38-AA23-42DA-BB01-E46148642761}.Release|x86.Build.0 = Release|Win32
		{3EBE4AD2-6DD1-4938-80DA-9B6B51936730}.Debug|x64.ActiveCfg = Debug|x64
		{3EBE4AD2-6DD1-4938-80DA-9B6B51936730}.Debug|x64.Build.0 = Debug|x64
		{3EBE4AD2-6DD1-4938-80DA-9B6B51936730}.Debug|x86.ActiveCfg = Debug|Win32
		{3EBE4AD2-6DD1-4938-80DA-9B6B51936730}.Debug|x86.Build.0 = Debug|Win32
		{3EBE4AD2-6DD1-4938-80DA-9B6B51936730}.Release|x64.ActiveCfg = Release|x64
		{3EBE4AD2-6DD1-4938-80DA-9B6B51936730}.Release|x64.Build.0 = Release|x64
		{3EBE4AD2-6DD1-4938-80DA-9B6B51936730}.Release|x86.ActiveCfg = Release|Win32
		{3EBE4AD2-6DD1-4938-80DA-9B6B51936730}.Release|x86.Build.0 = Release|Win32
		{99E014E3-050A-4911-A1B4-2C87C3390746}.Debug|x64.ActiveCfg = Debug|x64
		{99E014E3-050A-4911-A1B4-2C87C3390746}.Debug|x64.Build.0 = Debug|x64
		{99E014E3-050A-4911-A1B4-2C87C3390746}.Debug|x86.ActiveCfg = Debug|Win32
		{99E014E3-050A-4911-A1B4-2C87C3390746}.Debug|x86.Build.0 = Debug|Win32
		{99E014E3-050A-4911-A1B4-2C87C3390746}.Release|x64.ActiveCfg = Release|x64
		{99E014E3-050A-4911-A1B4-2C87C3390746}.Release|x64.Build.0 = Release|x64
		{99E014E3-050A-4911-A1B4-2C87C3390746}.Release|x86.ActiveCfg = Release|Win32
		{99E014E3-050A-4911-A1B4-2C87C3390746}.Release|x86.Build.0 = Release|Win32
		{175F4C1F-98F8-4010-834B-04EFB1EBDF0C}.Debug|x64.ActiveCfg = Debug|x64
		{175F4C1F-98F8-4010-834B-04EFB1EBDF0C}.Debug|x64.Build.0 = Debug|x64
		{175F4C1F-98F8-4010-834B-04EFB1EBDF0C}.Debug|x86.ActiveCfg = Debug|Win32
		{175F4C1F-98F8-4010-834B-04EFB1EBDF0C}.Debug|x86.Build.0 = Debug|Win32
		{175F4C1F-98F8-4010-834B-04EFB1EBDF0C}.Release|x64.ActiveCfg = Release|x64
		{175F4C1F-98F8-4010-834B-04EFB1EBDF0C}.Release|x64.Build.0 = Release|x64
		{175F4C1F-98F8-4010-834B-04EFB1EBDF0C}.Release|x86.ActiveCfg = Release|Win32
		{175F4C1F-98F8-4010-834B-04EFB1EBDF0C}.Release|x86.Build.0 = Release|Win32
		{606AC88D-A850-49FB-9C23-AB0D61DCF260}.Debug|x64.ActiveCfg = Debug|x64
		{606AC88D-A850-49FB-9C23-AB0D61DCF260}.Debug|x64.Build.0 = Debug|x64
		{606AC88D-A850-49FB-9C23-AB0D61DCF260}.Debug|x86.ActiveCfg = Debug|Win32
		{606AC88D-A850-49FB-9C23-AB0D61DCF260}.Debug|x86.Build.0 = Debug|Win32
		{606AC88D-A850-49FB-9C23-AB0D61DCF260}.Release|x64.ActiveCfg = Release|x64
		{606AC88D-A850-49FB-9C23-AB0D61DCF260}.Release|x64.Build.0 = Release|x64
		{606AC88D-A850-49FB-9C23-AB0D61DCF260}.Release|x86.ActiveCfg = Release|Win32
		{606AC88D-A850-49FB-9C23-AB0D61DCF260}.Release|x86.Build.0 = Release|Win32
		{E4A9E8F5-D2E6-4ADE-A364-5F882BB07E59}.Debug|x64.ActiveCfg = Debug|x64
		{E4A9E8F5-D2E6-4ADE-A364-5F882BB07E59}.Debug|x64.Build.0 = Debug|x64
		{E4A9E8F5-D2E6-4ADE-A364-5F882BB07E59}.Debug|x86.ActiveCfg = Debug|Win32
		{E4A9E8F5-D2E6-4ADE-A364-5F882BB07E59}.Debug|x86.Build.0 = Debug|Win32
		{E4A9E8F5-D2E6-4ADE-A364-5F882BB07E59}.Release|x64.ActiveCfg = Release|x64
		{E4A9E8F5-D2E6-4ADE-A364-5F882BB07E59}.Release|x64.Build.0 = Release|x64
		{E4A9E8F5-D2E6-4ADE-A364-5F882BB07E59}.Release|x86.ActiveCfg = Release|Win32
		{E4A9E8F5-D2E6-4ADE-A364-5F882BB07E59}.Release|x86.Build.0 = Release|Win32
		{115EF24D-008E-487C-BA8A-2C4F4EDE17E1}.Debug|x64.ActiveCfg = Debug|x64
		{115EF24D-008E-487C-BA8A-2C4F4EDE17E1}.Debug|x64.Build.0 = Debug|x64
		{115EF24D-008E-487C-BA8A-2C4F4EDE17E1}.Debug|x86.ActiveCfg = Debug|Win32
		{115EF24D-008E-487C-BA8A-2C4F4EDE17E1}.Debug|x86.Build.0 = Debug|Win32
		{115EF24D-008E-487C-BA8A-2C4F4EDE17E1}.Release|x64.ActiveCfg = Release|x64
		{115EF24D-008E-487C-BA8A-2C4F4EDE17E1}.Release|x64.Build.0 = Release|x64
		{115EF24D-008E-487C-BA8A-2C4F4EDE17E1}.Release|x86.ActiveCfg = Release|Win32
		{115EF24D-008E-487C-BA8A-2C4F4EDE17E1}.Release|x86.Build.0 = Release|Win32
	EndGlobalSection
	GlobalSection(SolutionProperties) = preSolution
		HideSolutionNode = FALSE
	EndGlobalSection
	GlobalSection(ExtensibilityGlobals) = postSolution
		SolutionGuid = {56F2A373-0388-4354-AB0E-A34E7D63C2AA}
	EndGlobalSection
EndGlobal
