
Microsoft Visual Studio Solution File, Format Version 12.00
# Visual Studio Version 16
VisualStudioVersion = 16.0.29519.87
MinimumVisualStudioVersion = 10.0.40219.1
Project("{8BC9CEB8-8B4A-11D0-8D11-00A0C91BC942}") = "ex7-1", "ex7-1\ex7-1.vcxproj", "{4E41907E-DA00-4F22-B14F-4850E7DC94F9}"
EndProject
Project("{8BC9CEB8-8B4A-11D0-8D11-00A0C91BC942}") = "7.1-03", "7.1-03\7.1-03.vcxproj", "{2857677A-20BC-4F24-9B8C-6223668A79C3}"
EndProject
Project("{8BC9CEB8-8B4A-11D0-8D11-00A0C91BC942}") = "7.1-04", "7.1-04\7.1-04.vcxproj", "{AE1C6D41-5E14-4951-825A-744F49B545DC}"
EndProject
Project("{8BC9CEB8-8B4A-11D0-8D11-00A0C91BC942}") = "7.1-05", "7.1-05\7.1-05.vcxproj", "{19140BD9-D65E-495B-86E4-E8594BF9F493}"
EndProject
Project("{8BC9CEB8-8B4A-11D0-8D11-00A0C91BC942}") = "ex7-2", "ex7-2\ex7-2.vcxproj", "{9E529AB0-120C-49A1-A015-FFE4FD027267}"
EndProject
Project("{8BC9CEB8-8B4A-11D0-8D11-00A0C91BC942}") = "ex7-3", "ex7-3\ex7-3.vcxproj", "{1385FCC5-06EB-4634-9D84-2C6D7B5D4227}"
EndProject
Project("{8BC9CEB8-8B4A-11D0-8D11-00A0C91BC942}") = "ex7-4", "ex7-4\ex7-4.vcxproj", "{C1BCAFC5-E2B5-4A1E-9C02-46CEC014BC52}"
EndProject
Project("{8BC9CEB8-8B4A-11D0-8D11-00A0C91BC942}") = "ex7-5", "ex7-5\ex7-5.vcxproj", "{39605907-07A3-4AF3-936F-54B5519D01A4}"
EndProject
Project("{8BC9CEB8-8B4A-11D0-8D11-00A0C91BC942}") = "ex7-6", "ex7-6\ex7-6.vcxproj", "{C3C0E757-C48F-434C-898C-E8EBC035F59C}"
EndProject
Project("{8BC9CEB8-8B4A-11D0-8D11-00A0C91BC942}") = "ex7-7", "ex7-7\ex7-7.vcxproj", "{756ABF64-FB1E-48C5-85D9-B8841A5D7437}"
EndProject
Project("{8BC9CEB8-8B4A-11D0-8D11-00A0C91BC942}") = "7.2-03", "7.2-03\7.2-03.vcxproj", "{24FE26B3-A193-4A86-B282-2BE1F0D22DF8}"
EndProject
Project("{8BC9CEB8-8B4A-11D0-8D11-00A0C91BC942}") = "7.2-04", "7.2-04\7.2-04.vcxproj", "{525A76F0-433A-4112-89C3-F300562726AD}"
EndProject
Project("{8BC9CEB8-8B4A-11D0-8D11-00A0C91BC942}") = "challenge-01", "challenge-01\challenge-01.vcxproj", "{7DB26998-CEC1-4B45-B5B2-57D70D2D856F}"
EndProject
Project("{8BC9CEB8-8B4A-11D0-8D11-00A0C91BC942}") = "challenge-02", "challenge-02\challenge-02.vcxproj", "{85685836-DDAF-4F6D-B5CF-839949DC9E17}"
EndProject
Project("{8BC9CEB8-8B4A-11D0-8D11-00A0C91BC942}") = "challenge-03", "challenge-03\challenge-03.vcxproj", "{F96257C7-CC3B-4338-B1A2-F48A5164822A}"
EndProject
Global
	GlobalSection(SolutionConfigurationPlatforms) = preSolution
		Debug|x64 = Debug|x64
		Debug|x86 = Debug|x86
		Release|x64 = Release|x64
		Release|x86 = Release|x86
	EndGlobalSection
	GlobalSection(ProjectConfigurationPlatforms) = postSolution
		{4E41907E-DA00-4F22-B14F-4850E7DC94F9}.Debug|x64.ActiveCfg = Debug|x64
		{4E41907E-DA00-4F22-B14F-4850E7DC94F9}.Debug|x64.Build.0 = Debug|x64
		{4E41907E-DA00-4F22-B14F-4850E7DC94F9}.Debug|x86.ActiveCfg = Debug|Win32
		{4E41907E-DA00-4F22-B14F-4850E7DC94F9}.Debug|x86.Build.0 = Debug|Win32
		{4E41907E-DA00-4F22-B14F-4850E7DC94F9}.Release|x64.ActiveCfg = Release|x64
		{4E41907E-DA00-4F22-B14F-4850E7DC94F9}.Release|x64.Build.0 = Release|x64
		{4E41907E-DA00-4F22-B14F-4850E7DC94F9}.Release|x86.ActiveCfg = Release|Win32
		{4E41907E-DA00-4F22-B14F-4850E7DC94F9}.Release|x86.Build.0 = Release|Win32
		{2857677A-20BC-4F24-9B8C-6223668A79C3}.Debug|x64.ActiveCfg = Debug|x64
		{2857677A-20BC-4F24-9B8C-6223668A79C3}.Debug|x64.Build.0 = Debug|x64
		{2857677A-20BC-4F24-9B8C-6223668A79C3}.Debug|x86.ActiveCfg = Debug|Win32
		{2857677A-20BC-4F24-9B8C-6223668A79C3}.Debug|x86.Build.0 = Debug|Win32
		{2857677A-20BC-4F24-9B8C-6223668A79C3}.Release|x64.ActiveCfg = Release|x64
		{2857677A-20BC-4F24-9B8C-6223668A79C3}.Release|x64.Build.0 = Release|x64
		{2857677A-20BC-4F24-9B8C-6223668A79C3}.Release|x86.ActiveCfg = Release|Win32
		{2857677A-20BC-4F24-9B8C-6223668A79C3}.Release|x86.Build.0 = Release|Win32
		{AE1C6D41-5E14-4951-825A-744F49B545DC}.Debug|x64.ActiveCfg = Debug|x64
		{AE1C6D41-5E14-4951-825A-744F49B545DC}.Debug|x64.Build.0 = Debug|x64
		{AE1C6D41-5E14-4951-825A-744F49B545DC}.Debug|x86.ActiveCfg = Debug|Win32
		{AE1C6D41-5E14-4951-825A-744F49B545DC}.Debug|x86.Build.0 = Debug|Win32
		{AE1C6D41-5E14-4951-825A-744F49B545DC}.Release|x64.ActiveCfg = Release|x64
		{AE1C6D41-5E14-4951-825A-744F49B545DC}.Release|x64.Build.0 = Release|x64
		{AE1C6D41-5E14-4951-825A-744F49B545DC}.Release|x86.ActiveCfg = Release|Win32
		{AE1C6D41-5E14-4951-825A-744F49B545DC}.Release|x86.Build.0 = Release|Win32
		{19140BD9-D65E-495B-86E4-E8594BF9F493}.Debug|x64.ActiveCfg = Debug|x64
		{19140BD9-D65E-495B-86E4-E8594BF9F493}.Debug|x64.Build.0 = Debug|x64
		{19140BD9-D65E-495B-86E4-E8594BF9F493}.Debug|x86.ActiveCfg = Debug|Win32
		{19140BD9-D65E-495B-86E4-E8594BF9F493}.Debug|x86.Build.0 = Debug|Win32
		{19140BD9-D65E-495B-86E4-E8594BF9F493}.Release|x64.ActiveCfg = Release|x64
		{19140BD9-D65E-495B-86E4-E8594BF9F493}.Release|x64.Build.0 = Release|x64
		{19140BD9-D65E-495B-86E4-E8594BF9F493}.Release|x86.ActiveCfg = Release|Win32
		{19140BD9-D65E-495B-86E4-E8594BF9F493}.Release|x86.Build.0 = Release|Win32
		{9E529AB0-120C-49A1-A015-FFE4FD027267}.Debug|x64.ActiveCfg = Debug|x64
		{9E529AB0-120C-49A1-A015-FFE4FD027267}.Debug|x64.Build.0 = Debug|x64
		{9E529AB0-120C-49A1-A015-FFE4FD027267}.Debug|x86.ActiveCfg = Debug|Win32
		{9E529AB0-120C-49A1-A015-FFE4FD027267}.Debug|x86.Build.0 = Debug|Win32
		{9E529AB0-120C-49A1-A015-FFE4FD027267}.Release|x64.ActiveCfg = Release|x64
		{9E529AB0-120C-49A1-A015-FFE4FD027267}.Release|x64.Build.0 = Release|x64
		{9E529AB0-120C-49A1-A015-FFE4FD027267}.Release|x86.ActiveCfg = Release|Win32
		{9E529AB0-120C-49A1-A015-FFE4FD027267}.Release|x86.Build.0 = Release|Win32
		{1385FCC5-06EB-4634-9D84-2C6D7B5D4227}.Debug|x64.ActiveCfg = Debug|x64
		{1385FCC5-06EB-4634-9D84-2C6D7B5D4227}.Debug|x64.Build.0 = Debug|x64
		{1385FCC5-06EB-4634-9D84-2C6D7B5D4227}.Debug|x86.ActiveCfg = Debug|Win32
		{1385FCC5-06EB-4634-9D84-2C6D7B5D4227}.Debug|x86.Build.0 = Debug|Win32
		{1385FCC5-06EB-4634-9D84-2C6D7B5D4227}.Release|x64.ActiveCfg = Release|x64
		{1385FCC5-06EB-4634-9D84-2C6D7B5D4227}.Release|x64.Build.0 = Release|x64
		{1385FCC5-06EB-4634-9D84-2C6D7B5D4227}.Release|x86.ActiveCfg = Release|Win32
		{1385FCC5-06EB-4634-9D84-2C6D7B5D4227}.Release|x86.Build.0 = Release|Win32
		{C1BCAFC5-E2B5-4A1E-9C02-46CEC014BC52}.Debug|x64.ActiveCfg = Debug|x64
		{C1BCAFC5-E2B5-4A1E-9C02-46CEC014BC52}.Debug|x64.Build.0 = Debug|x64
		{C1BCAFC5-E2B5-4A1E-9C02-46CEC014BC52}.Debug|x86.ActiveCfg = Debug|Win32
		{C1BCAFC5-E2B5-4A1E-9C02-46CEC014BC52}.Debug|x86.Build.0 = Debug|Win32
		{C1BCAFC5-E2B5-4A1E-9C02-46CEC014BC52}.Release|x64.ActiveCfg = Release|x64
		{C1BCAFC5-E2B5-4A1E-9C02-46CEC014BC52}.Release|x64.Build.0 = Release|x64
		{C1BCAFC5-E2B5-4A1E-9C02-46CEC014BC52}.Release|x86.ActiveCfg = Release|Win32
		{C1BCAFC5-E2B5-4A1E-9C02-46CEC014BC52}.Release|x86.Build.0 = Release|Win32
		{39605907-07A3-4AF3-936F-54B5519D01A4}.Debug|x64.ActiveCfg = Debug|x64
		{39605907-07A3-4AF3-936F-54B5519D01A4}.Debug|x64.Build.0 = Debug|x64
		{39605907-07A3-4AF3-936F-54B5519D01A4}.Debug|x86.ActiveCfg = Debug|Win32
		{39605907-07A3-4AF3-936F-54B5519D01A4}.Debug|x86.Build.0 = Debug|Win32
		{39605907-07A3-4AF3-936F-54B5519D01A4}.Release|x64.ActiveCfg = Release|x64
		{39605907-07A3-4AF3-936F-54B5519D01A4}.Release|x64.Build.0 = Release|x64
		{39605907-07A3-4AF3-936F-54B5519D01A4}.Release|x86.ActiveCfg = Release|Win32
		{39605907-07A3-4AF3-936F-54B5519D01A4}.Release|x86.Build.0 = Release|Win32
		{C3C0E757-C48F-434C-898C-E8EBC035F59C}.Debug|x64.ActiveCfg = Debug|x64
		{C3C0E757-C48F-434C-898C-E8EBC035F59C}.Debug|x64.Build.0 = Debug|x64
		{C3C0E757-C48F-434C-898C-E8EBC035F59C}.Debug|x86.ActiveCfg = Debug|Win32
		{C3C0E757-C48F-434C-898C-E8EBC035F59C}.Debug|x86.Build.0 = Debug|Win32
		{C3C0E757-C48F-434C-898C-E8EBC035F59C}.Release|x64.ActiveCfg = Release|x64
		{C3C0E757-C48F-434C-898C-E8EBC035F59C}.Release|x64.Build.0 = Release|x64
		{C3C0E757-C48F-434C-898C-E8EBC035F59C}.Release|x86.ActiveCfg = Release|Win32
		{C3C0E757-C48F-434C-898C-E8EBC035F59C}.Release|x86.Build.0 = Release|Win32
		{756ABF64-FB1E-48C5-85D9-B8841A5D7437}.Debug|x64.ActiveCfg = Debug|x64
		{756ABF64-FB1E-48C5-85D9-B8841A5D7437}.Debug|x64.Build.0 = Debug|x64
		{756ABF64-FB1E-48C5-85D9-B8841A5D7437}.Debug|x86.ActiveCfg = Debug|Win32
		{756ABF64-FB1E-48C5-85D9-B8841A5D7437}.Debug|x86.Build.0 = Debug|Win32
		{756ABF64-FB1E-48C5-85D9-B8841A5D7437}.Release|x64.ActiveCfg = Release|x64
		{756ABF64-FB1E-48C5-85D9-B8841A5D7437}.Release|x64.Build.0 = Release|x64
		{756ABF64-FB1E-48C5-85D9-B8841A5D7437}.Release|x86.ActiveCfg = Release|Win32
		{756ABF64-FB1E-48C5-85D9-B8841A5D7437}.Release|x86.Build.0 = Release|Win32
		{24FE26B3-A193-4A86-B282-2BE1F0D22DF8}.Debug|x64.ActiveCfg = Debug|x64
		{24FE26B3-A193-4A86-B282-2BE1F0D22DF8}.Debug|x64.Build.0 = Debug|x64
		{24FE26B3-A193-4A86-B282-2BE1F0D22DF8}.Debug|x86.ActiveCfg = Debug|Win32
		{24FE26B3-A193-4A86-B282-2BE1F0D22DF8}.Debug|x86.Build.0 = Debug|Win32
		{24FE26B3-A193-4A86-B282-2BE1F0D22DF8}.Release|x64.ActiveCfg = Release|x64
		{24FE26B3-A193-4A86-B282-2BE1F0D22DF8}.Release|x64.Build.0 = Release|x64
		{24FE26B3-A193-4A86-B282-2BE1F0D22DF8}.Release|x86.ActiveCfg = Release|Win32
		{24FE26B3-A193-4A86-B282-2BE1F0D22DF8}.Release|x86.Build.0 = Release|Win32
		{525A76F0-433A-4112-89C3-F300562726AD}.Debug|x64.ActiveCfg = Debug|x64
		{525A76F0-433A-4112-89C3-F300562726AD}.Debug|x64.Build.0 = Debug|x64
		{525A76F0-433A-4112-89C3-F300562726AD}.Debug|x86.ActiveCfg = Debug|Win32
		{525A76F0-433A-4112-89C3-F300562726AD}.Debug|x86.Build.0 = Debug|Win32
		{525A76F0-433A-4112-89C3-F300562726AD}.Release|x64.ActiveCfg = Release|x64
		{525A76F0-433A-4112-89C3-F300562726AD}.Release|x64.Build.0 = Release|x64
		{525A76F0-433A-4112-89C3-F300562726AD}.Release|x86.ActiveCfg = Release|Win32
		{525A76F0-433A-4112-89C3-F300562726AD}.Release|x86.Build.0 = Release|Win32
		{7DB26998-CEC1-4B45-B5B2-57D70D2D856F}.Debug|x64.ActiveCfg = Debug|x64
		{7DB26998-CEC1-4B45-B5B2-57D70D2D856F}.Debug|x64.Build.0 = Debug|x64
		{7DB26998-CEC1-4B45-B5B2-57D70D2D856F}.Debug|x86.ActiveCfg = Debug|Win32
		{7DB26998-CEC1-4B45-B5B2-57D70D2D856F}.Debug|x86.Build.0 = Debug|Win32
		{7DB26998-CEC1-4B45-B5B2-57D70D2D856F}.Release|x64.ActiveCfg = Release|x64
		{7DB26998-CEC1-4B45-B5B2-57D70D2D856F}.Release|x64.Build.0 = Release|x64
		{7DB26998-CEC1-4B45-B5B2-57D70D2D856F}.Release|x86.ActiveCfg = Release|Win32
		{7DB26998-CEC1-4B45-B5B2-57D70D2D856F}.Release|x86.Build.0 = Release|Win32
		{85685836-DDAF-4F6D-B5CF-839949DC9E17}.Debug|x64.ActiveCfg = Debug|x64
		{85685836-DDAF-4F6D-B5CF-839949DC9E17}.Debug|x64.Build.0 = Debug|x64
		{85685836-DDAF-4F6D-B5CF-839949DC9E17}.Debug|x86.ActiveCfg = Debug|Win32
		{85685836-DDAF-4F6D-B5CF-839949DC9E17}.Debug|x86.Build.0 = Debug|Win32
		{85685836-DDAF-4F6D-B5CF-839949DC9E17}.Release|x64.ActiveCfg = Release|x64
		{85685836-DDAF-4F6D-B5CF-839949DC9E17}.Release|x64.Build.0 = Release|x64
		{85685836-DDAF-4F6D-B5CF-839949DC9E17}.Release|x86.ActiveCfg = Release|Win32
		{85685836-DDAF-4F6D-B5CF-839949DC9E17}.Release|x86.Build.0 = Release|Win32
		{F96257C7-CC3B-4338-B1A2-F48A5164822A}.Debug|x64.ActiveCfg = Debug|x64
		{F96257C7-CC3B-4338-B1A2-F48A5164822A}.Debug|x64.Build.0 = Debug|x64
		{F96257C7-CC3B-4338-B1A2-F48A5164822A}.Debug|x86.ActiveCfg = Debug|Win32
		{F96257C7-CC3B-4338-B1A2-F48A5164822A}.Debug|x86.Build.0 = Debug|Win32
		{F96257C7-CC3B-4338-B1A2-F48A5164822A}.Release|x64.ActiveCfg = Release|x64
		{F96257C7-CC3B-4338-B1A2-F48A5164822A}.Release|x64.Build.0 = Release|x64
		{F96257C7-CC3B-4338-B1A2-F48A5164822A}.Release|x86.ActiveCfg = Release|Win32
		{F96257C7-CC3B-4338-B1A2-F48A5164822A}.Release|x86.Build.0 = Release|Win32
	EndGlobalSection
	GlobalSection(SolutionProperties) = preSolution
		HideSolutionNode = FALSE
	EndGlobalSection
	GlobalSection(ExtensibilityGlobals) = postSolution
		SolutionGuid = {4E629C46-C684-4BED-B078-5AA086DD3E3B}
	EndGlobalSection
EndGlobal
