
Microsoft Visual Studio Solution File, Format Version 12.00
# Visual Studio Version 16
VisualStudioVersion = 16.0.29709.97
MinimumVisualStudioVersion = 10.0.40219.1
Project("{8BC9CEB8-8B4A-11D0-8D11-00A0C91BC942}") = "ex12-1", "ex12-1\ex12-1.vcxproj", "{CBD70887-DE3F-466D-971C-D3A66F51717E}"
EndProject
Project("{8BC9CEB8-8B4A-11D0-8D11-00A0C91BC942}") = "ex12-2", "ex12-2\ex12-2.vcxproj", "{5935EE17-9E7F-447C-89AA-29A89C439D53}"
EndProject
Project("{8BC9CEB8-8B4A-11D0-8D11-00A0C91BC942}") = "ex12-3", "ex12-3\ex12-3.vcxproj", "{972CA4D1-0819-4E5E-A2B6-5879C9964B5B}"
EndProject
Project("{8BC9CEB8-8B4A-11D0-8D11-00A0C91BC942}") = "ex12-4", "ex12-4\ex12-4.vcxproj", "{60A05CA0-528B-4566-9741-064951AC48FA}"
EndProject
Project("{8BC9CEB8-8B4A-11D0-8D11-00A0C91BC942}") = "ex12-5", "ex12-5\ex12-5.vcxproj", "{F6ACB44E-33D9-4968-A570-22DA00F64661}"
EndProject
Project("{8BC9CEB8-8B4A-11D0-8D11-00A0C91BC942}") = "ex12-6", "ex12-6\ex12-6.vcxproj", "{CDC5577F-6C1D-4B06-8FFE-9F14DEFB2F47}"
EndProject
Project("{8BC9CEB8-8B4A-11D0-8D11-00A0C91BC942}") = "ex12-7", "ex12-7\ex12-7.vcxproj", "{CC13D99B-258B-41C0-B72A-79E50ACDC081}"
EndProject
Project("{8BC9CEB8-8B4A-11D0-8D11-00A0C91BC942}") = "12.1-05", "12.1-05\12.1-05.vcxproj", "{FA0ECCB8-75C3-465A-80F6-904C3225F31C}"
EndProject
Project("{8BC9CEB8-8B4A-11D0-8D11-00A0C91BC942}") = "ex12-8", "ex12-8\ex12-8.vcxproj", "{4859FF28-E5E9-408F-97CC-97D297089C53}"
EndProject
Project("{8BC9CEB8-8B4A-11D0-8D11-00A0C91BC942}") = "ex12-9", "ex12-9\ex12-9.vcxproj", "{E3610664-AA82-447E-955F-BD3672EF861E}"
EndProject
Project("{8BC9CEB8-8B4A-11D0-8D11-00A0C91BC942}") = "ex12-10", "ex12-10\ex12-10.vcxproj", "{657559AB-3D00-4986-987F-41FF4A3C1FF5}"
EndProject
Project("{8BC9CEB8-8B4A-11D0-8D11-00A0C91BC942}") = "ex12-11", "ex12-11\ex12-11.vcxproj", "{69CC07AF-32A1-40A2-A845-75DD763E4172}"
EndProject
Project("{8BC9CEB8-8B4A-11D0-8D11-00A0C91BC942}") = "ex12-12", "ex12-12\ex12-12.vcxproj", "{47FFD716-9140-47DA-B165-71F53296535C}"
EndProject
Project("{8BC9CEB8-8B4A-11D0-8D11-00A0C91BC942}") = "ex12-13", "ex12-13\ex12-13.vcxproj", "{7E5222FA-01A4-470D-9CAD-C7FAD60BC23E}"
EndProject
Project("{8BC9CEB8-8B4A-11D0-8D11-00A0C91BC942}") = "12.2-04", "12.2-04\12.2-04.vcxproj", "{49469F64-4D92-4432-8E5D-D5B062D07147}"
EndProject
Project("{8BC9CEB8-8B4A-11D0-8D11-00A0C91BC942}") = "12.2-05", "12.2-05\12.2-05.vcxproj", "{60569812-9E2C-4610-A345-D4711E1EDDED}"
EndProject
Project("{8BC9CEB8-8B4A-11D0-8D11-00A0C91BC942}") = "challenge-01", "challenge-01\challenge-01.vcxproj", "{1FA443B1-1363-4958-B5BD-98F68F49D127}"
EndProject
Project("{8BC9CEB8-8B4A-11D0-8D11-00A0C91BC942}") = "challenge-02", "challenge-02\challenge-02.vcxproj", "{A9662996-2A0E-4D3F-B912-58AFD8041E28}"
EndProject
Project("{8BC9CEB8-8B4A-11D0-8D11-00A0C91BC942}") = "challenge-03", "challenge-03\challenge-03.vcxproj", "{AC9EE817-6169-40B5-B0C7-38FE253BED5C}"
EndProject
Global
	GlobalSection(SolutionConfigurationPlatforms) = preSolution
		Debug|x64 = Debug|x64
		Debug|x86 = Debug|x86
		Release|x64 = Release|x64
		Release|x86 = Release|x86
	EndGlobalSection
	GlobalSection(ProjectConfigurationPlatforms) = postSolution
		{CBD70887-DE3F-466D-971C-D3A66F51717E}.Debug|x64.ActiveCfg = Debug|x64
		{CBD70887-DE3F-466D-971C-D3A66F51717E}.Debug|x64.Build.0 = Debug|x64
		{CBD70887-DE3F-466D-971C-D3A66F51717E}.Debug|x86.ActiveCfg = Debug|Win32
		{CBD70887-DE3F-466D-971C-D3A66F51717E}.Debug|x86.Build.0 = Debug|Win32
		{CBD70887-DE3F-466D-971C-D3A66F51717E}.Release|x64.ActiveCfg = Release|x64
		{CBD70887-DE3F-466D-971C-D3A66F51717E}.Release|x64.Build.0 = Release|x64
		{CBD70887-DE3F-466D-971C-D3A66F51717E}.Release|x86.ActiveCfg = Release|Win32
		{CBD70887-DE3F-466D-971C-D3A66F51717E}.Release|x86.Build.0 = Release|Win32
		{5935EE17-9E7F-447C-89AA-29A89C439D53}.Debug|x64.ActiveCfg = Debug|x64
		{5935EE17-9E7F-447C-89AA-29A89C439D53}.Debug|x64.Build.0 = Debug|x64
		{5935EE17-9E7F-447C-89AA-29A89C439D53}.Debug|x86.ActiveCfg = Debug|Win32
		{5935EE17-9E7F-447C-89AA-29A89C439D53}.Debug|x86.Build.0 = Debug|Win32
		{5935EE17-9E7F-447C-89AA-29A89C439D53}.Release|x64.ActiveCfg = Release|x64
		{5935EE17-9E7F-447C-89AA-29A89C439D53}.Release|x64.Build.0 = Release|x64
		{5935EE17-9E7F-447C-89AA-29A89C439D53}.Release|x86.ActiveCfg = Release|Win32
		{5935EE17-9E7F-447C-89AA-29A89C439D53}.Release|x86.Build.0 = Release|Win32
		{972CA4D1-0819-4E5E-A2B6-5879C9964B5B}.Debug|x64.ActiveCfg = Debug|x64
		{972CA4D1-0819-4E5E-A2B6-5879C9964B5B}.Debug|x64.Build.0 = Debug|x64
		{972CA4D1-0819-4E5E-A2B6-5879C9964B5B}.Debug|x86.ActiveCfg = Debug|Win32
		{972CA4D1-0819-4E5E-A2B6-5879C9964B5B}.Debug|x86.Build.0 = Debug|Win32
		{972CA4D1-0819-4E5E-A2B6-5879C9964B5B}.Release|x64.ActiveCfg = Release|x64
		{972CA4D1-0819-4E5E-A2B6-5879C9964B5B}.Release|x64.Build.0 = Release|x64
		{972CA4D1-0819-4E5E-A2B6-5879C9964B5B}.Release|x86.ActiveCfg = Release|Win32
		{972CA4D1-0819-4E5E-A2B6-5879C9964B5B}.Release|x86.Build.0 = Release|Win32
		{60A05CA0-528B-4566-9741-064951AC48FA}.Debug|x64.ActiveCfg = Debug|x64
		{60A05CA0-528B-4566-9741-064951AC48FA}.Debug|x64.Build.0 = Debug|x64
		{60A05CA0-528B-4566-9741-064951AC48FA}.Debug|x86.ActiveCfg = Debug|Win32
		{60A05CA0-528B-4566-9741-064951AC48FA}.Debug|x86.Build.0 = Debug|Win32
		{60A05CA0-528B-4566-9741-064951AC48FA}.Release|x64.ActiveCfg = Release|x64
		{60A05CA0-528B-4566-9741-064951AC48FA}.Release|x64.Build.0 = Release|x64
		{60A05CA0-528B-4566-9741-064951AC48FA}.Release|x86.ActiveCfg = Release|Win32
		{60A05CA0-528B-4566-9741-064951AC48FA}.Release|x86.Build.0 = Release|Win32
		{F6ACB44E-33D9-4968-A570-22DA00F64661}.Debug|x64.ActiveCfg = Debug|x64
		{F6ACB44E-33D9-4968-A570-22DA00F64661}.Debug|x64.Build.0 = Debug|x64
		{F6ACB44E-33D9-4968-A570-22DA00F64661}.Debug|x86.ActiveCfg = Debug|Win32
		{F6ACB44E-33D9-4968-A570-22DA00F64661}.Debug|x86.Build.0 = Debug|Win32
		{F6ACB44E-33D9-4968-A570-22DA00F64661}.Release|x64.ActiveCfg = Release|x64
		{F6ACB44E-33D9-4968-A570-22DA00F64661}.Release|x64.Build.0 = Release|x64
		{F6ACB44E-33D9-4968-A570-22DA00F64661}.Release|x86.ActiveCfg = Release|Win32
		{F6ACB44E-33D9-4968-A570-22DA00F64661}.Release|x86.Build.0 = Release|Win32
		{CDC5577F-6C1D-4B06-8FFE-9F14DEFB2F47}.Debug|x64.ActiveCfg = Debug|x64
		{CDC5577F-6C1D-4B06-8FFE-9F14DEFB2F47}.Debug|x64.Build.0 = Debug|x64
		{CDC5577F-6C1D-4B06-8FFE-9F14DEFB2F47}.Debug|x86.ActiveCfg = Debug|Win32
		{CDC5577F-6C1D-4B06-8FFE-9F14DEFB2F47}.Debug|x86.Build.0 = Debug|Win32
		{CDC5577F-6C1D-4B06-8FFE-9F14DEFB2F47}.Release|x64.ActiveCfg = Release|x64
		{CDC5577F-6C1D-4B06-8FFE-9F14DEFB2F47}.Release|x64.Build.0 = Release|x64
		{CDC5577F-6C1D-4B06-8FFE-9F14DEFB2F47}.Release|x86.ActiveCfg = Release|Win32
		{CDC5577F-6C1D-4B06-8FFE-9F14DEFB2F47}.Release|x86.Build.0 = Release|Win32
		{CC13D99B-258B-41C0-B72A-79E50ACDC081}.Debug|x64.ActiveCfg = Debug|x64
		{CC13D99B-258B-41C0-B72A-79E50ACDC081}.Debug|x64.Build.0 = Debug|x64
		{CC13D99B-258B-41C0-B72A-79E50ACDC081}.Debug|x86.ActiveCfg = Debug|Win32
		{CC13D99B-258B-41C0-B72A-79E50ACDC081}.Debug|x86.Build.0 = Debug|Win32
		{CC13D99B-258B-41C0-B72A-79E50ACDC081}.Release|x64.ActiveCfg = Release|x64
		{CC13D99B-258B-41C0-B72A-79E50ACDC081}.Release|x64.Build.0 = Release|x64
		{CC13D99B-258B-41C0-B72A-79E50ACDC081}.Release|x86.ActiveCfg = Release|Win32
		{CC13D99B-258B-41C0-B72A-79E50ACDC081}.Release|x86.Build.0 = Release|Win32
		{FA0ECCB8-75C3-465A-80F6-904C3225F31C}.Debug|x64.ActiveCfg = Debug|x64
		{FA0ECCB8-75C3-465A-80F6-904C3225F31C}.Debug|x64.Build.0 = Debug|x64
		{FA0ECCB8-75C3-465A-80F6-904C3225F31C}.Debug|x86.ActiveCfg = Debug|Win32
		{FA0ECCB8-75C3-465A-80F6-904C3225F31C}.Debug|x86.Build.0 = Debug|Win32
		{FA0ECCB8-75C3-465A-80F6-904C3225F31C}.Release|x64.ActiveCfg = Release|x64
		{FA0ECCB8-75C3-465A-80F6-904C3225F31C}.Release|x64.Build.0 = Release|x64
		{FA0ECCB8-75C3-465A-80F6-904C3225F31C}.Release|x86.ActiveCfg = Release|Win32
		{FA0ECCB8-75C3-465A-80F6-904C3225F31C}.Release|x86.Build.0 = Release|Win32
		{4859FF28-E5E9-408F-97CC-97D297089C53}.Debug|x64.ActiveCfg = Debug|x64
		{4859FF28-E5E9-408F-97CC-97D297089C53}.Debug|x64.Build.0 = Debug|x64
		{4859FF28-E5E9-408F-97CC-97D297089C53}.Debug|x86.ActiveCfg = Debug|Win32
		{4859FF28-E5E9-408F-97CC-97D297089C53}.Debug|x86.Build.0 = Debug|Win32
		{4859FF28-E5E9-408F-97CC-97D297089C53}.Release|x64.ActiveCfg = Release|x64
		{4859FF28-E5E9-408F-97CC-97D297089C53}.Release|x64.Build.0 = Release|x64
		{4859FF28-E5E9-408F-97CC-97D297089C53}.Release|x86.ActiveCfg = Release|Win32
		{4859FF28-E5E9-408F-97CC-97D297089C53}.Release|x86.Build.0 = Release|Win32
		{E3610664-AA82-447E-955F-BD3672EF861E}.Debug|x64.ActiveCfg = Debug|x64
		{E3610664-AA82-447E-955F-BD3672EF861E}.Debug|x64.Build.0 = Debug|x64
		{E3610664-AA82-447E-955F-BD3672EF861E}.Debug|x86.ActiveCfg = Debug|Win32
		{E3610664-AA82-447E-955F-BD3672EF861E}.Debug|x86.Build.0 = Debug|Win32
		{E3610664-AA82-447E-955F-BD3672EF861E}.Release|x64.ActiveCfg = Release|x64
		{E3610664-AA82-447E-955F-BD3672EF861E}.Release|x64.Build.0 = Release|x64
		{E3610664-AA82-447E-955F-BD3672EF861E}.Release|x86.ActiveCfg = Release|Win32
		{E3610664-AA82-447E-955F-BD3672EF861E}.Release|x86.Build.0 = Release|Win32
		{657559AB-3D00-4986-987F-41FF4A3C1FF5}.Debug|x64.ActiveCfg = Debug|x64
		{657559AB-3D00-4986-987F-41FF4A3C1FF5}.Debug|x64.Build.0 = Debug|x64
		{657559AB-3D00-4986-987F-41FF4A3C1FF5}.Debug|x86.ActiveCfg = Debug|Win32
		{657559AB-3D00-4986-987F-41FF4A3C1FF5}.Debug|x86.Build.0 = Debug|Win32
		{657559AB-3D00-4986-987F-41FF4A3C1FF5}.Release|x64.ActiveCfg = Release|x64
		{657559AB-3D00-4986-987F-41FF4A3C1FF5}.Release|x64.Build.0 = Release|x64
		{657559AB-3D00-4986-987F-41FF4A3C1FF5}.Release|x86.ActiveCfg = Release|Win32
		{657559AB-3D00-4986-987F-41FF4A3C1FF5}.Release|x86.Build.0 = Release|Win32
		{69CC07AF-32A1-40A2-A845-75DD763E4172}.Debug|x64.ActiveCfg = Debug|x64
		{69CC07AF-32A1-40A2-A845-75DD763E4172}.Debug|x64.Build.0 = Debug|x64
		{69CC07AF-32A1-40A2-A845-75DD763E4172}.Debug|x86.ActiveCfg = Debug|Win32
		{69CC07AF-32A1-40A2-A845-75DD763E4172}.Debug|x86.Build.0 = Debug|Win32
		{69CC07AF-32A1-40A2-A845-75DD763E4172}.Release|x64.ActiveCfg = Release|x64
		{69CC07AF-32A1-40A2-A845-75DD763E4172}.Release|x64.Build.0 = Release|x64
		{69CC07AF-32A1-40A2-A845-75DD763E4172}.Release|x86.ActiveCfg = Release|Win32
		{69CC07AF-32A1-40A2-A845-75DD763E4172}.Release|x86.Build.0 = Release|Win32
		{47FFD716-9140-47DA-B165-71F53296535C}.Debug|x64.ActiveCfg = Debug|x64
		{47FFD716-9140-47DA-B165-71F53296535C}.Debug|x64.Build.0 = Debug|x64
		{47FFD716-9140-47DA-B165-71F53296535C}.Debug|x86.ActiveCfg = Debug|Win32
		{47FFD716-9140-47DA-B165-71F53296535C}.Debug|x86.Build.0 = Debug|Win32
		{47FFD716-9140-47DA-B165-71F53296535C}.Release|x64.ActiveCfg = Release|x64
		{47FFD716-9140-47DA-B165-71F53296535C}.Release|x64.Build.0 = Release|x64
		{47FFD716-9140-47DA-B165-71F53296535C}.Release|x86.ActiveCfg = Release|Win32
		{47FFD716-9140-47DA-B165-71F53296535C}.Release|x86.Build.0 = Release|Win32
		{7E5222FA-01A4-470D-9CAD-C7FAD60BC23E}.Debug|x64.ActiveCfg = Debug|x64
		{7E5222FA-01A4-470D-9CAD-C7FAD60BC23E}.Debug|x64.Build.0 = Debug|x64
		{7E5222FA-01A4-470D-9CAD-C7FAD60BC23E}.Debug|x86.ActiveCfg = Debug|Win32
		{7E5222FA-01A4-470D-9CAD-C7FAD60BC23E}.Debug|x86.Build.0 = Debug|Win32
		{7E5222FA-01A4-470D-9CAD-C7FAD60BC23E}.Release|x64.ActiveCfg = Release|x64
		{7E5222FA-01A4-470D-9CAD-C7FAD60BC23E}.Release|x64.Build.0 = Release|x64
		{7E5222FA-01A4-470D-9CAD-C7FAD60BC23E}.Release|x86.ActiveCfg = Release|Win32
		{7E5222FA-01A4-470D-9CAD-C7FAD60BC23E}.Release|x86.Build.0 = Release|Win32
		{49469F64-4D92-4432-8E5D-D5B062D07147}.Debug|x64.ActiveCfg = Debug|x64
		{49469F64-4D92-4432-8E5D-D5B062D07147}.Debug|x64.Build.0 = Debug|x64
		{49469F64-4D92-4432-8E5D-D5B062D07147}.Debug|x86.ActiveCfg = Debug|Win32
		{49469F64-4D92-4432-8E5D-D5B062D07147}.Debug|x86.Build.0 = Debug|Win32
		{49469F64-4D92-4432-8E5D-D5B062D07147}.Release|x64.ActiveCfg = Release|x64
		{49469F64-4D92-4432-8E5D-D5B062D07147}.Release|x64.Build.0 = Release|x64
		{49469F64-4D92-4432-8E5D-D5B062D07147}.Release|x86.ActiveCfg = Release|Win32
		{49469F64-4D92-4432-8E5D-D5B062D07147}.Release|x86.Build.0 = Release|Win32
		{60569812-9E2C-4610-A345-D4711E1EDDED}.Debug|x64.ActiveCfg = Debug|x64
		{60569812-9E2C-4610-A345-D4711E1EDDED}.Debug|x64.Build.0 = Debug|x64
		{60569812-9E2C-4610-A345-D4711E1EDDED}.Debug|x86.ActiveCfg = Debug|Win32
		{60569812-9E2C-4610-A345-D4711E1EDDED}.Debug|x86.Build.0 = Debug|Win32
		{60569812-9E2C-4610-A345-D4711E1EDDED}.Release|x64.ActiveCfg = Release|x64
		{60569812-9E2C-4610-A345-D4711E1EDDED}.Release|x64.Build.0 = Release|x64
		{60569812-9E2C-4610-A345-D4711E1EDDED}.Release|x86.ActiveCfg = Release|Win32
		{60569812-9E2C-4610-A345-D4711E1EDDED}.Release|x86.Build.0 = Release|Win32
		{1FA443B1-1363-4958-B5BD-98F68F49D127}.Debug|x64.ActiveCfg = Debug|x64
		{1FA443B1-1363-4958-B5BD-98F68F49D127}.Debug|x64.Build.0 = Debug|x64
		{1FA443B1-1363-4958-B5BD-98F68F49D127}.Debug|x86.ActiveCfg = Debug|Win32
		{1FA443B1-1363-4958-B5BD-98F68F49D127}.Debug|x86.Build.0 = Debug|Win32
		{1FA443B1-1363-4958-B5BD-98F68F49D127}.Release|x64.ActiveCfg = Release|x64
		{1FA443B1-1363-4958-B5BD-98F68F49D127}.Release|x64.Build.0 = Release|x64
		{1FA443B1-1363-4958-B5BD-98F68F49D127}.Release|x86.ActiveCfg = Release|Win32
		{1FA443B1-1363-4958-B5BD-98F68F49D127}.Release|x86.Build.0 = Release|Win32
		{A9662996-2A0E-4D3F-B912-58AFD8041E28}.Debug|x64.ActiveCfg = Debug|x64
		{A9662996-2A0E-4D3F-B912-58AFD8041E28}.Debug|x64.Build.0 = Debug|x64
		{A9662996-2A0E-4D3F-B912-58AFD8041E28}.Debug|x86.ActiveCfg = Debug|Win32
		{A9662996-2A0E-4D3F-B912-58AFD8041E28}.Debug|x86.Build.0 = Debug|Win32
		{A9662996-2A0E-4D3F-B912-58AFD8041E28}.Release|x64.ActiveCfg = Release|x64
		{A9662996-2A0E-4D3F-B912-58AFD8041E28}.Release|x64.Build.0 = Release|x64
		{A9662996-2A0E-4D3F-B912-58AFD8041E28}.Release|x86.ActiveCfg = Release|Win32
		{A9662996-2A0E-4D3F-B912-58AFD8041E28}.Release|x86.Build.0 = Release|Win32
		{AC9EE817-6169-40B5-B0C7-38FE253BED5C}.Debug|x64.ActiveCfg = Debug|x64
		{AC9EE817-6169-40B5-B0C7-38FE253BED5C}.Debug|x64.Build.0 = Debug|x64
		{AC9EE817-6169-40B5-B0C7-38FE253BED5C}.Debug|x86.ActiveCfg = Debug|Win32
		{AC9EE817-6169-40B5-B0C7-38FE253BED5C}.Debug|x86.Build.0 = Debug|Win32
		{AC9EE817-6169-40B5-B0C7-38FE253BED5C}.Release|x64.ActiveCfg = Release|x64
		{AC9EE817-6169-40B5-B0C7-38FE253BED5C}.Release|x64.Build.0 = Release|x64
		{AC9EE817-6169-40B5-B0C7-38FE253BED5C}.Release|x86.ActiveCfg = Release|Win32
		{AC9EE817-6169-40B5-B0C7-38FE253BED5C}.Release|x86.Build.0 = Release|Win32
	EndGlobalSection
	GlobalSection(SolutionProperties) = preSolution
		HideSolutionNode = FALSE
	EndGlobalSection
	GlobalSection(ExtensibilityGlobals) = postSolution
		SolutionGuid = {0C9494FF-2ED9-4FD2-BA54-35A5A9928CB1}
	EndGlobalSection
EndGlobal
