
Microsoft Visual Studio Solution File, Format Version 12.00
# Visual Studio Version 16
VisualStudioVersion = 16.0.29806.167
MinimumVisualStudioVersion = 10.0.40219.1
Project("{8BC9CEB8-8B4A-11D0-8D11-00A0C91BC942}") = "ex16-1", "ex16-1\ex16-1.vcxproj", "{AA4FD65E-7C4C-4436-912A-50432C41E1B9}"
EndProject
Project("{8BC9CEB8-8B4A-11D0-8D11-00A0C91BC942}") = "ex16-2", "ex16-2\ex16-2.vcxproj", "{8EBB5503-53B6-4399-9B56-20B6FFA3ACE7}"
EndProject
Project("{8BC9CEB8-8B4A-11D0-8D11-00A0C91BC942}") = "ex16-3", "ex16-3\ex16-3.vcxproj", "{77B39B1B-7AED-4D02-95B9-3329EFD946A8}"
EndProject
Project("{8BC9CEB8-8B4A-11D0-8D11-00A0C91BC942}") = "16.1-03", "16.1-03\16.1-03.vcxproj", "{591EBD99-4D42-446F-988E-DA9B1186D805}"
EndProject
Project("{8BC9CEB8-8B4A-11D0-8D11-00A0C91BC942}") = "16.1-05", "16.1-05\16.1-05.vcxproj", "{6F8A1A04-4C0F-4D70-BEBB-EF47563A9BDB}"
EndProject
Project("{8BC9CEB8-8B4A-11D0-8D11-00A0C91BC942}") = "ex16-4", "ex16-4\ex16-4.vcxproj", "{527ADEDB-3F71-488B-842D-DA4B3B29A1E9}"
EndProject
Project("{8BC9CEB8-8B4A-11D0-8D11-00A0C91BC942}") = "ex16-5", "ex16-5\ex16-5.vcxproj", "{5F811ACC-620E-4F86-9D5F-EB132FCAD372}"
EndProject
Project("{8BC9CEB8-8B4A-11D0-8D11-00A0C91BC942}") = "ex16-6", "ex16-6\ex16-6.vcxproj", "{06D108F2-1CD5-465B-941E-BADD0D6D00CD}"
EndProject
Project("{8BC9CEB8-8B4A-11D0-8D11-00A0C91BC942}") = "ex16-7", "ex16-7\ex16-7.vcxproj", "{AA269324-4B7A-4589-90B9-E2D1B802AC45}"
EndProject
Project("{8BC9CEB8-8B4A-11D0-8D11-00A0C91BC942}") = "16.2-04", "16.2-04\16.2-04.vcxproj", "{B1157632-B120-4AEA-8BB1-25F54F28A4E5}"
EndProject
Project("{8BC9CEB8-8B4A-11D0-8D11-00A0C91BC942}") = "16.2-05", "16.2-05\16.2-05.vcxproj", "{C9BA47DC-6DEE-41A4-96AA-71369C8A1BDA}"
EndProject
Project("{8BC9CEB8-8B4A-11D0-8D11-00A0C91BC942}") = "challenge-01", "challenge-01\challenge-01.vcxproj", "{60449286-ECA1-4205-B6B6-A56BE7DD4864}"
EndProject
Project("{8BC9CEB8-8B4A-11D0-8D11-00A0C91BC942}") = "challenge-02", "challenge-02\challenge-02.vcxproj", "{688C2C42-B427-48CA-9FCB-74C4870BF2CF}"
EndProject
Project("{8BC9CEB8-8B4A-11D0-8D11-00A0C91BC942}") = "challenge-03", "challenge-03\challenge-03.vcxproj", "{94F028C8-AD04-436B-9F18-A627261E7965}"
EndProject
Global
	GlobalSection(SolutionConfigurationPlatforms) = preSolution
		Debug|x64 = Debug|x64
		Debug|x86 = Debug|x86
		Release|x64 = Release|x64
		Release|x86 = Release|x86
	EndGlobalSection
	GlobalSection(ProjectConfigurationPlatforms) = postSolution
		{AA4FD65E-7C4C-4436-912A-50432C41E1B9}.Debug|x64.ActiveCfg = Debug|x64
		{AA4FD65E-7C4C-4436-912A-50432C41E1B9}.Debug|x64.Build.0 = Debug|x64
		{AA4FD65E-7C4C-4436-912A-50432C41E1B9}.Debug|x86.ActiveCfg = Debug|Win32
		{AA4FD65E-7C4C-4436-912A-50432C41E1B9}.Debug|x86.Build.0 = Debug|Win32
		{AA4FD65E-7C4C-4436-912A-50432C41E1B9}.Release|x64.ActiveCfg = Release|x64
		{AA4FD65E-7C4C-4436-912A-50432C41E1B9}.Release|x64.Build.0 = Release|x64
		{AA4FD65E-7C4C-4436-912A-50432C41E1B9}.Release|x86.ActiveCfg = Release|Win32
		{AA4FD65E-7C4C-4436-912A-50432C41E1B9}.Release|x86.Build.0 = Release|Win32
		{8EBB5503-53B6-4399-9B56-20B6FFA3ACE7}.Debug|x64.ActiveCfg = Debug|x64
		{8EBB5503-53B6-4399-9B56-20B6FFA3ACE7}.Debug|x64.Build.0 = Debug|x64
		{8EBB5503-53B6-4399-9B56-20B6FFA3ACE7}.Debug|x86.ActiveCfg = Debug|Win32
		{8EBB5503-53B6-4399-9B56-20B6FFA3ACE7}.Debug|x86.Build.0 = Debug|Win32
		{8EBB5503-53B6-4399-9B56-20B6FFA3ACE7}.Release|x64.ActiveCfg = Release|x64
		{8EBB5503-53B6-4399-9B56-20B6FFA3ACE7}.Release|x64.Build.0 = Release|x64
		{8EBB5503-53B6-4399-9B56-20B6FFA3ACE7}.Release|x86.ActiveCfg = Release|Win32
		{8EBB5503-53B6-4399-9B56-20B6FFA3ACE7}.Release|x86.Build.0 = Release|Win32
		{77B39B1B-7AED-4D02-95B9-3329EFD946A8}.Debug|x64.ActiveCfg = Debug|x64
		{77B39B1B-7AED-4D02-95B9-3329EFD946A8}.Debug|x64.Build.0 = Debug|x64
		{77B39B1B-7AED-4D02-95B9-3329EFD946A8}.Debug|x86.ActiveCfg = Debug|Win32
		{77B39B1B-7AED-4D02-95B9-3329EFD946A8}.Debug|x86.Build.0 = Debug|Win32
		{77B39B1B-7AED-4D02-95B9-3329EFD946A8}.Release|x64.ActiveCfg = Release|x64
		{77B39B1B-7AED-4D02-95B9-3329EFD946A8}.Release|x64.Build.0 = Release|x64
		{77B39B1B-7AED-4D02-95B9-3329EFD946A8}.Release|x86.ActiveCfg = Release|Win32
		{77B39B1B-7AED-4D02-95B9-3329EFD946A8}.Release|x86.Build.0 = Release|Win32
		{591EBD99-4D42-446F-988E-DA9B1186D805}.Debug|x64.ActiveCfg = Debug|x64
		{591EBD99-4D42-446F-988E-DA9B1186D805}.Debug|x64.Build.0 = Debug|x64
		{591EBD99-4D42-446F-988E-DA9B1186D805}.Debug|x86.ActiveCfg = Debug|Win32
		{591EBD99-4D42-446F-988E-DA9B1186D805}.Debug|x86.Build.0 = Debug|Win32
		{591EBD99-4D42-446F-988E-DA9B1186D805}.Release|x64.ActiveCfg = Release|x64
		{591EBD99-4D42-446F-988E-DA9B1186D805}.Release|x64.Build.0 = Release|x64
		{591EBD99-4D42-446F-988E-DA9B1186D805}.Release|x86.ActiveCfg = Release|Win32
		{591EBD99-4D42-446F-988E-DA9B1186D805}.Release|x86.Build.0 = Release|Win32
		{6F8A1A04-4C0F-4D70-BEBB-EF47563A9BDB}.Debug|x64.ActiveCfg = Debug|x64
		{6F8A1A04-4C0F-4D70-BEBB-EF47563A9BDB}.Debug|x64.Build.0 = Debug|x64
		{6F8A1A04-4C0F-4D70-BEBB-EF47563A9BDB}.Debug|x86.ActiveCfg = Debug|Win32
		{6F8A1A04-4C0F-4D70-BEBB-EF47563A9BDB}.Debug|x86.Build.0 = Debug|Win32
		{6F8A1A04-4C0F-4D70-BEBB-EF47563A9BDB}.Release|x64.ActiveCfg = Release|x64
		{6F8A1A04-4C0F-4D70-BEBB-EF47563A9BDB}.Release|x64.Build.0 = Release|x64
		{6F8A1A04-4C0F-4D70-BEBB-EF47563A9BDB}.Release|x86.ActiveCfg = Release|Win32
		{6F8A1A04-4C0F-4D70-BEBB-EF47563A9BDB}.Release|x86.Build.0 = Release|Win32
		{527ADEDB-3F71-488B-842D-DA4B3B29A1E9}.Debug|x64.ActiveCfg = Debug|x64
		{527ADEDB-3F71-488B-842D-DA4B3B29A1E9}.Debug|x64.Build.0 = Debug|x64
		{527ADEDB-3F71-488B-842D-DA4B3B29A1E9}.Debug|x86.ActiveCfg = Debug|Win32
		{527ADEDB-3F71-488B-842D-DA4B3B29A1E9}.Debug|x86.Build.0 = Debug|Win32
		{527ADEDB-3F71-488B-842D-DA4B3B29A1E9}.Release|x64.ActiveCfg = Release|x64
		{527ADEDB-3F71-488B-842D-DA4B3B29A1E9}.Release|x64.Build.0 = Release|x64
		{527ADEDB-3F71-488B-842D-DA4B3B29A1E9}.Release|x86.ActiveCfg = Release|Win32
		{527ADEDB-3F71-488B-842D-DA4B3B29A1E9}.Release|x86.Build.0 = Release|Win32
		{5F811ACC-620E-4F86-9D5F-EB132FCAD372}.Debug|x64.ActiveCfg = Debug|x64
		{5F811ACC-620E-4F86-9D5F-EB132FCAD372}.Debug|x64.Build.0 = Debug|x64
		{5F811ACC-620E-4F86-9D5F-EB132FCAD372}.Debug|x86.ActiveCfg = Debug|Win32
		{5F811ACC-620E-4F86-9D5F-EB132FCAD372}.Debug|x86.Build.0 = Debug|Win32
		{5F811ACC-620E-4F86-9D5F-EB132FCAD372}.Release|x64.ActiveCfg = Release|x64
		{5F811ACC-620E-4F86-9D5F-EB132FCAD372}.Release|x64.Build.0 = Release|x64
		{5F811ACC-620E-4F86-9D5F-EB132FCAD372}.Release|x86.ActiveCfg = Release|Win32
		{5F811ACC-620E-4F86-9D5F-EB132FCAD372}.Release|x86.Build.0 = Release|Win32
		{06D108F2-1CD5-465B-941E-BADD0D6D00CD}.Debug|x64.ActiveCfg = Debug|x64
		{06D108F2-1CD5-465B-941E-BADD0D6D00CD}.Debug|x64.Build.0 = Debug|x64
		{06D108F2-1CD5-465B-941E-BADD0D6D00CD}.Debug|x86.ActiveCfg = Debug|Win32
		{06D108F2-1CD5-465B-941E-BADD0D6D00CD}.Debug|x86.Build.0 = Debug|Win32
		{06D108F2-1CD5-465B-941E-BADD0D6D00CD}.Release|x64.ActiveCfg = Release|x64
		{06D108F2-1CD5-465B-941E-BADD0D6D00CD}.Release|x64.Build.0 = Release|x64
		{06D108F2-1CD5-465B-941E-BADD0D6D00CD}.Release|x86.ActiveCfg = Release|Win32
		{06D108F2-1CD5-465B-941E-BADD0D6D00CD}.Release|x86.Build.0 = Release|Win32
		{AA269324-4B7A-4589-90B9-E2D1B802AC45}.Debug|x64.ActiveCfg = Debug|x64
		{AA269324-4B7A-4589-90B9-E2D1B802AC45}.Debug|x64.Build.0 = Debug|x64
		{AA269324-4B7A-4589-90B9-E2D1B802AC45}.Debug|x86.ActiveCfg = Debug|Win32
		{AA269324-4B7A-4589-90B9-E2D1B802AC45}.Debug|x86.Build.0 = Debug|Win32
		{AA269324-4B7A-4589-90B9-E2D1B802AC45}.Release|x64.ActiveCfg = Release|x64
		{AA269324-4B7A-4589-90B9-E2D1B802AC45}.Release|x64.Build.0 = Release|x64
		{AA269324-4B7A-4589-90B9-E2D1B802AC45}.Release|x86.ActiveCfg = Release|Win32
		{AA269324-4B7A-4589-90B9-E2D1B802AC45}.Release|x86.Build.0 = Release|Win32
		{B1157632-B120-4AEA-8BB1-25F54F28A4E5}.Debug|x64.ActiveCfg = Debug|x64
		{B1157632-B120-4AEA-8BB1-25F54F28A4E5}.Debug|x64.Build.0 = Debug|x64
		{B1157632-B120-4AEA-8BB1-25F54F28A4E5}.Debug|x86.ActiveCfg = Debug|Win32
		{B1157632-B120-4AEA-8BB1-25F54F28A4E5}.Debug|x86.Build.0 = Debug|Win32
		{B1157632-B120-4AEA-8BB1-25F54F28A4E5}.Release|x64.ActiveCfg = Release|x64
		{B1157632-B120-4AEA-8BB1-25F54F28A4E5}.Release|x64.Build.0 = Release|x64
		{B1157632-B120-4AEA-8BB1-25F54F28A4E5}.Release|x86.ActiveCfg = Release|Win32
		{B1157632-B120-4AEA-8BB1-25F54F28A4E5}.Release|x86.Build.0 = Release|Win32
		{C9BA47DC-6DEE-41A4-96AA-71369C8A1BDA}.Debug|x64.ActiveCfg = Debug|x64
		{C9BA47DC-6DEE-41A4-96AA-71369C8A1BDA}.Debug|x64.Build.0 = Debug|x64
		{C9BA47DC-6DEE-41A4-96AA-71369C8A1BDA}.Debug|x86.ActiveCfg = Debug|Win32
		{C9BA47DC-6DEE-41A4-96AA-71369C8A1BDA}.Debug|x86.Build.0 = Debug|Win32
		{C9BA47DC-6DEE-41A4-96AA-71369C8A1BDA}.Release|x64.ActiveCfg = Release|x64
		{C9BA47DC-6DEE-41A4-96AA-71369C8A1BDA}.Release|x64.Build.0 = Release|x64
		{C9BA47DC-6DEE-41A4-96AA-71369C8A1BDA}.Release|x86.ActiveCfg = Release|Win32
		{C9BA47DC-6DEE-41A4-96AA-71369C8A1BDA}.Release|x86.Build.0 = Release|Win32
		{60449286-ECA1-4205-B6B6-A56BE7DD4864}.Debug|x64.ActiveCfg = Debug|x64
		{60449286-ECA1-4205-B6B6-A56BE7DD4864}.Debug|x64.Build.0 = Debug|x64
		{60449286-ECA1-4205-B6B6-A56BE7DD4864}.Debug|x86.ActiveCfg = Debug|Win32
		{60449286-ECA1-4205-B6B6-A56BE7DD4864}.Debug|x86.Build.0 = Debug|Win32
		{60449286-ECA1-4205-B6B6-A56BE7DD4864}.Release|x64.ActiveCfg = Release|x64
		{60449286-ECA1-4205-B6B6-A56BE7DD4864}.Release|x64.Build.0 = Release|x64
		{60449286-ECA1-4205-B6B6-A56BE7DD4864}.Release|x86.ActiveCfg = Release|Win32
		{60449286-ECA1-4205-B6B6-A56BE7DD4864}.Release|x86.Build.0 = Release|Win32
		{688C2C42-B427-48CA-9FCB-74C4870BF2CF}.Debug|x64.ActiveCfg = Debug|x64
		{688C2C42-B427-48CA-9FCB-74C4870BF2CF}.Debug|x64.Build.0 = Debug|x64
		{688C2C42-B427-48CA-9FCB-74C4870BF2CF}.Debug|x86.ActiveCfg = Debug|Win32
		{688C2C42-B427-48CA-9FCB-74C4870BF2CF}.Debug|x86.Build.0 = Debug|Win32
		{688C2C42-B427-48CA-9FCB-74C4870BF2CF}.Release|x64.ActiveCfg = Release|x64
		{688C2C42-B427-48CA-9FCB-74C4870BF2CF}.Release|x64.Build.0 = Release|x64
		{688C2C42-B427-48CA-9FCB-74C4870BF2CF}.Release|x86.ActiveCfg = Release|Win32
		{688C2C42-B427-48CA-9FCB-74C4870BF2CF}.Release|x86.Build.0 = Release|Win32
		{94F028C8-AD04-436B-9F18-A627261E7965}.Debug|x64.ActiveCfg = Debug|x64
		{94F028C8-AD04-436B-9F18-A627261E7965}.Debug|x64.Build.0 = Debug|x64
		{94F028C8-AD04-436B-9F18-A627261E7965}.Debug|x86.ActiveCfg = Debug|Win32
		{94F028C8-AD04-436B-9F18-A627261E7965}.Debug|x86.Build.0 = Debug|Win32
		{94F028C8-AD04-436B-9F18-A627261E7965}.Release|x64.ActiveCfg = Release|x64
		{94F028C8-AD04-436B-9F18-A627261E7965}.Release|x64.Build.0 = Release|x64
		{94F028C8-AD04-436B-9F18-A627261E7965}.Release|x86.ActiveCfg = Release|Win32
		{94F028C8-AD04-436B-9F18-A627261E7965}.Release|x86.Build.0 = Release|Win32
	EndGlobalSection
	GlobalSection(SolutionProperties) = preSolution
		HideSolutionNode = FALSE
	EndGlobalSection
	GlobalSection(ExtensibilityGlobals) = postSolution
		SolutionGuid = {6A707F30-43F6-4635-A3E8-242846EB5C65}
	EndGlobalSection
EndGlobal
