
Microsoft Visual Studio Solution File, Format Version 12.00
# Visual Studio Version 16
VisualStudioVersion = 16.0.29519.87
MinimumVisualStudioVersion = 10.0.40219.1
Project("{8BC9CEB8-8B4A-11D0-8D11-00A0C91BC942}") = "ex5-1", "ex5-1\ex5-1.vcxproj", "{69DC5DDF-A511-4431-A122-C37DC74CFA3C}"
EndProject
Project("{8BC9CEB8-8B4A-11D0-8D11-00A0C91BC942}") = "ex5-2", "ex5-2\ex5-2.vcxproj", "{D879DF56-3B1E-4B6E-8D06-39DBE8BBB8EC}"
EndProject
Project("{8BC9CEB8-8B4A-11D0-8D11-00A0C91BC942}") = "ex5-3", "ex5-3\ex5-3.vcxproj", "{7912ABB7-4449-49B1-8F29-DBDA880B9A1B}"
EndProject
Project("{8BC9CEB8-8B4A-11D0-8D11-00A0C91BC942}") = "5.1-03", "5.1-03\5.1-03.vcxproj", "{F26E2003-97AB-4004-B7A0-5D36F6649EEF}"
EndProject
Project("{8BC9CEB8-8B4A-11D0-8D11-00A0C91BC942}") = "5.1-04", "5.1-04\5.1-04.vcxproj", "{1F70D0B1-1532-42B7-AD95-11BD154DE70F}"
EndProject
Project("{8BC9CEB8-8B4A-11D0-8D11-00A0C91BC942}") = "5.1-05", "5.1-05\5.1-05.vcxproj", "{CECAC790-9655-4BD1-9309-65206A2EF54D}"
EndProject
Project("{8BC9CEB8-8B4A-11D0-8D11-00A0C91BC942}") = "ex5-4", "ex5-4\ex5-4.vcxproj", "{F57C0C00-2B71-4FFB-A266-9BB0F73DC7E7}"
EndProject
Project("{8BC9CEB8-8B4A-11D0-8D11-00A0C91BC942}") = "ex5-5", "ex5-5\ex5-5.vcxproj", "{7A77A82B-59CB-43FC-BAC2-499CAA658680}"
EndProject
Project("{8BC9CEB8-8B4A-11D0-8D11-00A0C91BC942}") = "ex5-6", "ex5-6\ex5-6.vcxproj", "{B1C0C03B-E913-45CC-BDFE-DE35508F877A}"
EndProject
Project("{8BC9CEB8-8B4A-11D0-8D11-00A0C91BC942}") = "5.2-05", "5.2-05\5.2-05.vcxproj", "{D777A1AF-2AEC-404E-A7E6-BF170E61297D}"
EndProject
Project("{8BC9CEB8-8B4A-11D0-8D11-00A0C91BC942}") = "challenge-01", "challenge-01\challenge-01.vcxproj", "{7F2FB736-8207-408C-BE1E-76A420441AB5}"
EndProject
Project("{8BC9CEB8-8B4A-11D0-8D11-00A0C91BC942}") = "challenge-02", "challenge-02\challenge-02.vcxproj", "{B1CA1803-0634-4155-92BF-93889F6BB683}"
EndProject
Project("{8BC9CEB8-8B4A-11D0-8D11-00A0C91BC942}") = "challenge-03", "challenge-03\challenge-03.vcxproj", "{B3B9EAFA-A715-48AC-9974-072414B95EA5}"
EndProject
Global
	GlobalSection(SolutionConfigurationPlatforms) = preSolution
		Debug|x64 = Debug|x64
		Debug|x86 = Debug|x86
		Release|x64 = Release|x64
		Release|x86 = Release|x86
	EndGlobalSection
	GlobalSection(ProjectConfigurationPlatforms) = postSolution
		{69DC5DDF-A511-4431-A122-C37DC74CFA3C}.Debug|x64.ActiveCfg = Debug|x64
		{69DC5DDF-A511-4431-A122-C37DC74CFA3C}.Debug|x64.Build.0 = Debug|x64
		{69DC5DDF-A511-4431-A122-C37DC74CFA3C}.Debug|x86.ActiveCfg = Debug|Win32
		{69DC5DDF-A511-4431-A122-C37DC74CFA3C}.Debug|x86.Build.0 = Debug|Win32
		{69DC5DDF-A511-4431-A122-C37DC74CFA3C}.Release|x64.ActiveCfg = Release|x64
		{69DC5DDF-A511-4431-A122-C37DC74CFA3C}.Release|x64.Build.0 = Release|x64
		{69DC5DDF-A511-4431-A122-C37DC74CFA3C}.Release|x86.ActiveCfg = Release|Win32
		{69DC5DDF-A511-4431-A122-C37DC74CFA3C}.Release|x86.Build.0 = Release|Win32
		{D879DF56-3B1E-4B6E-8D06-39DBE8BBB8EC}.Debug|x64.ActiveCfg = Debug|x64
		{D879DF56-3B1E-4B6E-8D06-39DBE8BBB8EC}.Debug|x64.Build.0 = Debug|x64
		{D879DF56-3B1E-4B6E-8D06-39DBE8BBB8EC}.Debug|x86.ActiveCfg = Debug|Win32
		{D879DF56-3B1E-4B6E-8D06-39DBE8BBB8EC}.Debug|x86.Build.0 = Debug|Win32
		{D879DF56-3B1E-4B6E-8D06-39DBE8BBB8EC}.Release|x64.ActiveCfg = Release|x64
		{D879DF56-3B1E-4B6E-8D06-39DBE8BBB8EC}.Release|x64.Build.0 = Release|x64
		{D879DF56-3B1E-4B6E-8D06-39DBE8BBB8EC}.Release|x86.ActiveCfg = Release|Win32
		{D879DF56-3B1E-4B6E-8D06-39DBE8BBB8EC}.Release|x86.Build.0 = Release|Win32
		{7912ABB7-4449-49B1-8F29-DBDA880B9A1B}.Debug|x64.ActiveCfg = Debug|x64
		{7912ABB7-4449-49B1-8F29-DBDA880B9A1B}.Debug|x64.Build.0 = Debug|x64
		{7912ABB7-4449-49B1-8F29-DBDA880B9A1B}.Debug|x86.ActiveCfg = Debug|Win32
		{7912ABB7-4449-49B1-8F29-DBDA880B9A1B}.Debug|x86.Build.0 = Debug|Win32
		{7912ABB7-4449-49B1-8F29-DBDA880B9A1B}.Release|x64.ActiveCfg = Release|x64
		{7912ABB7-4449-49B1-8F29-DBDA880B9A1B}.Release|x64.Build.0 = Release|x64
		{7912ABB7-4449-49B1-8F29-DBDA880B9A1B}.Release|x86.ActiveCfg = Release|Win32
		{7912ABB7-4449-49B1-8F29-DBDA880B9A1B}.Release|x86.Build.0 = Release|Win32
		{F26E2003-97AB-4004-B7A0-5D36F6649EEF}.Debug|x64.ActiveCfg = Debug|x64
		{F26E2003-97AB-4004-B7A0-5D36F6649EEF}.Debug|x64.Build.0 = Debug|x64
		{F26E2003-97AB-4004-B7A0-5D36F6649EEF}.Debug|x86.ActiveCfg = Debug|Win32
		{F26E2003-97AB-4004-B7A0-5D36F6649EEF}.Debug|x86.Build.0 = Debug|Win32
		{F26E2003-97AB-4004-B7A0-5D36F6649EEF}.Release|x64.ActiveCfg = Release|x64
		{F26E2003-97AB-4004-B7A0-5D36F6649EEF}.Release|x64.Build.0 = Release|x64
		{F26E2003-97AB-4004-B7A0-5D36F6649EEF}.Release|x86.ActiveCfg = Release|Win32
		{F26E2003-97AB-4004-B7A0-5D36F6649EEF}.Release|x86.Build.0 = Release|Win32
		{1F70D0B1-1532-42B7-AD95-11BD154DE70F}.Debug|x64.ActiveCfg = Debug|x64
		{1F70D0B1-1532-42B7-AD95-11BD154DE70F}.Debug|x64.Build.0 = Debug|x64
		{1F70D0B1-1532-42B7-AD95-11BD154DE70F}.Debug|x86.ActiveCfg = Debug|Win32
		{1F70D0B1-1532-42B7-AD95-11BD154DE70F}.Debug|x86.Build.0 = Debug|Win32
		{1F70D0B1-1532-42B7-AD95-11BD154DE70F}.Release|x64.ActiveCfg = Release|x64
		{1F70D0B1-1532-42B7-AD95-11BD154DE70F}.Release|x64.Build.0 = Release|x64
		{1F70D0B1-1532-42B7-AD95-11BD154DE70F}.Release|x86.ActiveCfg = Release|Win32
		{1F70D0B1-1532-42B7-AD95-11BD154DE70F}.Release|x86.Build.0 = Release|Win32
		{CECAC790-9655-4BD1-9309-65206A2EF54D}.Debug|x64.ActiveCfg = Debug|x64
		{CECAC790-9655-4BD1-9309-65206A2EF54D}.Debug|x64.Build.0 = Debug|x64
		{CECAC790-9655-4BD1-9309-65206A2EF54D}.Debug|x86.ActiveCfg = Debug|Win32
		{CECAC790-9655-4BD1-9309-65206A2EF54D}.Debug|x86.Build.0 = Debug|Win32
		{CECAC790-9655-4BD1-9309-65206A2EF54D}.Release|x64.ActiveCfg = Release|x64
		{CECAC790-9655-4BD1-9309-65206A2EF54D}.Release|x64.Build.0 = Release|x64
		{CECAC790-9655-4BD1-9309-65206A2EF54D}.Release|x86.ActiveCfg = Release|Win32
		{CECAC790-9655-4BD1-9309-65206A2EF54D}.Release|x86.Build.0 = Release|Win32
		{F57C0C00-2B71-4FFB-A266-9BB0F73DC7E7}.Debug|x64.ActiveCfg = Debug|x64
		{F57C0C00-2B71-4FFB-A266-9BB0F73DC7E7}.Debug|x64.Build.0 = Debug|x64
		{F57C0C00-2B71-4FFB-A266-9BB0F73DC7E7}.Debug|x86.ActiveCfg = Debug|Win32
		{F57C0C00-2B71-4FFB-A266-9BB0F73DC7E7}.Debug|x86.Build.0 = Debug|Win32
		{F57C0C00-2B71-4FFB-A266-9BB0F73DC7E7}.Release|x64.ActiveCfg = Release|x64
		{F57C0C00-2B71-4FFB-A266-9BB0F73DC7E7}.Release|x64.Build.0 = Release|x64
		{F57C0C00-2B71-4FFB-A266-9BB0F73DC7E7}.Release|x86.ActiveCfg = Release|Win32
		{F57C0C00-2B71-4FFB-A266-9BB0F73DC7E7}.Release|x86.Build.0 = Release|Win32
		{7A77A82B-59CB-43FC-BAC2-499CAA658680}.Debug|x64.ActiveCfg = Debug|x64
		{7A77A82B-59CB-43FC-BAC2-499CAA658680}.Debug|x64.Build.0 = Debug|x64
		{7A77A82B-59CB-43FC-BAC2-499CAA658680}.Debug|x86.ActiveCfg = Debug|Win32
		{7A77A82B-59CB-43FC-BAC2-499CAA658680}.Debug|x86.Build.0 = Debug|Win32
		{7A77A82B-59CB-43FC-BAC2-499CAA658680}.Release|x64.ActiveCfg = Release|x64
		{7A77A82B-59CB-43FC-BAC2-499CAA658680}.Release|x64.Build.0 = Release|x64
		{7A77A82B-59CB-43FC-BAC2-499CAA658680}.Release|x86.ActiveCfg = Release|Win32
		{7A77A82B-59CB-43FC-BAC2-499CAA658680}.Release|x86.Build.0 = Release|Win32
		{B1C0C03B-E913-45CC-BDFE-DE35508F877A}.Debug|x64.ActiveCfg = Debug|x64
		{B1C0C03B-E913-45CC-BDFE-DE35508F877A}.Debug|x64.Build.0 = Debug|x64
		{B1C0C03B-E913-45CC-BDFE-DE35508F877A}.Debug|x86.ActiveCfg = Debug|Win32
		{B1C0C03B-E913-45CC-BDFE-DE35508F877A}.Debug|x86.Build.0 = Debug|Win32
		{B1C0C03B-E913-45CC-BDFE-DE35508F877A}.Release|x64.ActiveCfg = Release|x64
		{B1C0C03B-E913-45CC-BDFE-DE35508F877A}.Release|x64.Build.0 = Release|x64
		{B1C0C03B-E913-45CC-BDFE-DE35508F877A}.Release|x86.ActiveCfg = Release|Win32
		{B1C0C03B-E913-45CC-BDFE-DE35508F877A}.Release|x86.Build.0 = Release|Win32
		{D777A1AF-2AEC-404E-A7E6-BF170E61297D}.Debug|x64.ActiveCfg = Debug|x64
		{D777A1AF-2AEC-404E-A7E6-BF170E61297D}.Debug|x64.Build.0 = Debug|x64
		{D777A1AF-2AEC-404E-A7E6-BF170E61297D}.Debug|x86.ActiveCfg = Debug|Win32
		{D777A1AF-2AEC-404E-A7E6-BF170E61297D}.Debug|x86.Build.0 = Debug|Win32
		{D777A1AF-2AEC-404E-A7E6-BF170E61297D}.Release|x64.ActiveCfg = Release|x64
		{D777A1AF-2AEC-404E-A7E6-BF170E61297D}.Release|x64.Build.0 = Release|x64
		{D777A1AF-2AEC-404E-A7E6-BF170E61297D}.Release|x86.ActiveCfg = Release|Win32
		{D777A1AF-2AEC-404E-A7E6-BF170E61297D}.Release|x86.Build.0 = Release|Win32
		{7F2FB736-8207-408C-BE1E-76A420441AB5}.Debug|x64.ActiveCfg = Debug|x64
		{7F2FB736-8207-408C-BE1E-76A420441AB5}.Debug|x64.Build.0 = Debug|x64
		{7F2FB736-8207-408C-BE1E-76A420441AB5}.Debug|x86.ActiveCfg = Debug|Win32
		{7F2FB736-8207-408C-BE1E-76A420441AB5}.Debug|x86.Build.0 = Debug|Win32
		{7F2FB736-8207-408C-BE1E-76A420441AB5}.Release|x64.ActiveCfg = Release|x64
		{7F2FB736-8207-408C-BE1E-76A420441AB5}.Release|x64.Build.0 = Release|x64
		{7F2FB736-8207-408C-BE1E-76A420441AB5}.Release|x86.ActiveCfg = Release|Win32
		{7F2FB736-8207-408C-BE1E-76A420441AB5}.Release|x86.Build.0 = Release|Win32
		{B1CA1803-0634-4155-92BF-93889F6BB683}.Debug|x64.ActiveCfg = Debug|x64
		{B1CA1803-0634-4155-92BF-93889F6BB683}.Debug|x64.Build.0 = Debug|x64
		{B1CA1803-0634-4155-92BF-93889F6BB683}.Debug|x86.ActiveCfg = Debug|Win32
		{B1CA1803-0634-4155-92BF-93889F6BB683}.Debug|x86.Build.0 = Debug|Win32
		{B1CA1803-0634-4155-92BF-93889F6BB683}.Release|x64.ActiveCfg = Release|x64
		{B1CA1803-0634-4155-92BF-93889F6BB683}.Release|x64.Build.0 = Release|x64
		{B1CA1803-0634-4155-92BF-93889F6BB683}.Release|x86.ActiveCfg = Release|Win32
		{B1CA1803-0634-4155-92BF-93889F6BB683}.Release|x86.Build.0 = Release|Win32
		{B3B9EAFA-A715-48AC-9974-072414B95EA5}.Debug|x64.ActiveCfg = Debug|x64
		{B3B9EAFA-A715-48AC-9974-072414B95EA5}.Debug|x64.Build.0 = Debug|x64
		{B3B9EAFA-A715-48AC-9974-072414B95EA5}.Debug|x86.ActiveCfg = Debug|Win32
		{B3B9EAFA-A715-48AC-9974-072414B95EA5}.Debug|x86.Build.0 = Debug|Win32
		{B3B9EAFA-A715-48AC-9974-072414B95EA5}.Release|x64.ActiveCfg = Release|x64
		{B3B9EAFA-A715-48AC-9974-072414B95EA5}.Release|x64.Build.0 = Release|x64
		{B3B9EAFA-A715-48AC-9974-072414B95EA5}.Release|x86.ActiveCfg = Release|Win32
		{B3B9EAFA-A715-48AC-9974-072414B95EA5}.Release|x86.Build.0 = Release|Win32
	EndGlobalSection
	GlobalSection(SolutionProperties) = preSolution
		HideSolutionNode = FALSE
	EndGlobalSection
	GlobalSection(ExtensibilityGlobals) = postSolution
		SolutionGuid = {140768B6-EE3A-462F-B67F-296D124C79DF}
	EndGlobalSection
EndGlobal
