
Microsoft Visual Studio Solution File, Format Version 12.00
# Visual Studio Version 16
VisualStudioVersion = 16.0.29806.167
MinimumVisualStudioVersion = 10.0.40219.1
Project("{8BC9CEB8-8B4A-11D0-8D11-00A0C91BC942}") = "ex13-1", "ex13-1\ex13-1.vcxproj", "{CC99D9F0-07A5-4524-94A3-96D2738EE381}"
EndProject
Project("{8BC9CEB8-8B4A-11D0-8D11-00A0C91BC942}") = "ex13-2", "ex13-2\ex13-2.vcxproj", "{67DB7290-2C69-4F36-AC21-40F428F0B987}"
EndProject
Project("{8BC9CEB8-8B4A-11D0-8D11-00A0C91BC942}") = "ex13-3", "ex13-3\ex13-3.vcxproj", "{670A29BE-2B6B-4E72-A08C-E33C5E47DB47}"
EndProject
Project("{8BC9CEB8-8B4A-11D0-8D11-00A0C91BC942}") = "ex13-4", "ex13-4\ex13-4.vcxproj", "{A2886B8C-E5E5-450B-A13B-8DCE62E098E8}"
EndProject
Project("{8BC9CEB8-8B4A-11D0-8D11-00A0C91BC942}") = "ex13-5", "ex13-5\ex13-5.vcxproj", "{E26ACF63-F3AA-4897-877B-C2DE4152EFB6}"
EndProject
Project("{8BC9CEB8-8B4A-11D0-8D11-00A0C91BC942}") = "ex13-6", "ex13-6\ex13-6.vcxproj", "{C9167A4D-FBF8-4978-9161-610FF5F0ABA9}"
EndProject
Project("{8BC9CEB8-8B4A-11D0-8D11-00A0C91BC942}") = "ex13-7", "ex13-7\ex13-7.vcxproj", "{DEEC2AAC-3325-4923-ACAA-9F0E80B79BED}"
EndProject
Project("{8BC9CEB8-8B4A-11D0-8D11-00A0C91BC942}") = "ex13-8", "ex13-8\ex13-8.vcxproj", "{F550650F-41AA-42FF-9A95-6731E15B4FF5}"
EndProject
Project("{8BC9CEB8-8B4A-11D0-8D11-00A0C91BC942}") = "challenge-01", "challenge-01\challenge-01.vcxproj", "{70E17913-3E5E-4F1E-9D22-8565480FB0D5}"
EndProject
Project("{8BC9CEB8-8B4A-11D0-8D11-00A0C91BC942}") = "challenge-02", "challenge-02\challenge-02.vcxproj", "{BC512F38-94A7-4EAD-96DB-C72E6FC5FBAD}"
EndProject
Project("{8BC9CEB8-8B4A-11D0-8D11-00A0C91BC942}") = "challenge-03", "challenge-03\challenge-03.vcxproj", "{999AC266-7A85-4D11-8F2F-050E40422693}"
EndProject
Global
	GlobalSection(SolutionConfigurationPlatforms) = preSolution
		Debug|x64 = Debug|x64
		Debug|x86 = Debug|x86
		Release|x64 = Release|x64
		Release|x86 = Release|x86
	EndGlobalSection
	GlobalSection(ProjectConfigurationPlatforms) = postSolution
		{CC99D9F0-07A5-4524-94A3-96D2738EE381}.Debug|x64.ActiveCfg = Debug|x64
		{CC99D9F0-07A5-4524-94A3-96D2738EE381}.Debug|x64.Build.0 = Debug|x64
		{CC99D9F0-07A5-4524-94A3-96D2738EE381}.Debug|x86.ActiveCfg = Debug|Win32
		{CC99D9F0-07A5-4524-94A3-96D2738EE381}.Debug|x86.Build.0 = Debug|Win32
		{CC99D9F0-07A5-4524-94A3-96D2738EE381}.Release|x64.ActiveCfg = Release|x64
		{CC99D9F0-07A5-4524-94A3-96D2738EE381}.Release|x64.Build.0 = Release|x64
		{CC99D9F0-07A5-4524-94A3-96D2738EE381}.Release|x86.ActiveCfg = Release|Win32
		{CC99D9F0-07A5-4524-94A3-96D2738EE381}.Release|x86.Build.0 = Release|Win32
		{67DB7290-2C69-4F36-AC21-40F428F0B987}.Debug|x64.ActiveCfg = Debug|x64
		{67DB7290-2C69-4F36-AC21-40F428F0B987}.Debug|x64.Build.0 = Debug|x64
		{67DB7290-2C69-4F36-AC21-40F428F0B987}.Debug|x86.ActiveCfg = Debug|Win32
		{67DB7290-2C69-4F36-AC21-40F428F0B987}.Debug|x86.Build.0 = Debug|Win32
		{67DB7290-2C69-4F36-AC21-40F428F0B987}.Release|x64.ActiveCfg = Release|x64
		{67DB7290-2C69-4F36-AC21-40F428F0B987}.Release|x64.Build.0 = Release|x64
		{67DB7290-2C69-4F36-AC21-40F428F0B987}.Release|x86.ActiveCfg = Release|Win32
		{67DB7290-2C69-4F36-AC21-40F428F0B987}.Release|x86.Build.0 = Release|Win32
		{670A29BE-2B6B-4E72-A08C-E33C5E47DB47}.Debug|x64.ActiveCfg = Debug|x64
		{670A29BE-2B6B-4E72-A08C-E33C5E47DB47}.Debug|x64.Build.0 = Debug|x64
		{670A29BE-2B6B-4E72-A08C-E33C5E47DB47}.Debug|x86.ActiveCfg = Debug|Win32
		{670A29BE-2B6B-4E72-A08C-E33C5E47DB47}.Debug|x86.Build.0 = Debug|Win32
		{670A29BE-2B6B-4E72-A08C-E33C5E47DB47}.Release|x64.ActiveCfg = Release|x64
		{670A29BE-2B6B-4E72-A08C-E33C5E47DB47}.Release|x64.Build.0 = Release|x64
		{670A29BE-2B6B-4E72-A08C-E33C5E47DB47}.Release|x86.ActiveCfg = Release|Win32
		{670A29BE-2B6B-4E72-A08C-E33C5E47DB47}.Release|x86.Build.0 = Release|Win32
		{A2886B8C-E5E5-450B-A13B-8DCE62E098E8}.Debug|x64.ActiveCfg = Debug|x64
		{A2886B8C-E5E5-450B-A13B-8DCE62E098E8}.Debug|x64.Build.0 = Debug|x64
		{A2886B8C-E5E5-450B-A13B-8DCE62E098E8}.Debug|x86.ActiveCfg = Debug|Win32
		{A2886B8C-E5E5-450B-A13B-8DCE62E098E8}.Debug|x86.Build.0 = Debug|Win32
		{A2886B8C-E5E5-450B-A13B-8DCE62E098E8}.Release|x64.ActiveCfg = Release|x64
		{A2886B8C-E5E5-450B-A13B-8DCE62E098E8}.Release|x64.Build.0 = Release|x64
		{A2886B8C-E5E5-450B-A13B-8DCE62E098E8}.Release|x86.ActiveCfg = Release|Win32
		{A2886B8C-E5E5-450B-A13B-8DCE62E098E8}.Release|x86.Build.0 = Release|Win32
		{E26ACF63-F3AA-4897-877B-C2DE4152EFB6}.Debug|x64.ActiveCfg = Debug|x64
		{E26ACF63-F3AA-4897-877B-C2DE4152EFB6}.Debug|x64.Build.0 = Debug|x64
		{E26ACF63-F3AA-4897-877B-C2DE4152EFB6}.Debug|x86.ActiveCfg = Debug|Win32
		{E26ACF63-F3AA-4897-877B-C2DE4152EFB6}.Debug|x86.Build.0 = Debug|Win32
		{E26ACF63-F3AA-4897-877B-C2DE4152EFB6}.Release|x64.ActiveCfg = Release|x64
		{E26ACF63-F3AA-4897-877B-C2DE4152EFB6}.Release|x64.Build.0 = Release|x64
		{E26ACF63-F3AA-4897-877B-C2DE4152EFB6}.Release|x86.ActiveCfg = Release|Win32
		{E26ACF63-F3AA-4897-877B-C2DE4152EFB6}.Release|x86.Build.0 = Release|Win32
		{C9167A4D-FBF8-4978-9161-610FF5F0ABA9}.Debug|x64.ActiveCfg = Debug|x64
		{C9167A4D-FBF8-4978-9161-610FF5F0ABA9}.Debug|x64.Build.0 = Debug|x64
		{C9167A4D-FBF8-4978-9161-610FF5F0ABA9}.Debug|x86.ActiveCfg = Debug|Win32
		{C9167A4D-FBF8-4978-9161-610FF5F0ABA9}.Debug|x86.Build.0 = Debug|Win32
		{C9167A4D-FBF8-4978-9161-610FF5F0ABA9}.Release|x64.ActiveCfg = Release|x64
		{C9167A4D-FBF8-4978-9161-610FF5F0ABA9}.Release|x64.Build.0 = Release|x64
		{C9167A4D-FBF8-4978-9161-610FF5F0ABA9}.Release|x86.ActiveCfg = Release|Win32
		{C9167A4D-FBF8-4978-9161-610FF5F0ABA9}.Release|x86.Build.0 = Release|Win32
		{DEEC2AAC-3325-4923-ACAA-9F0E80B79BED}.Debug|x64.ActiveCfg = Debug|x64
		{DEEC2AAC-3325-4923-ACAA-9F0E80B79BED}.Debug|x64.Build.0 = Debug|x64
		{DEEC2AAC-3325-4923-ACAA-9F0E80B79BED}.Debug|x86.ActiveCfg = Debug|Win32
		{DEEC2AAC-3325-4923-ACAA-9F0E80B79BED}.Debug|x86.Build.0 = Debug|Win32
		{DEEC2AAC-3325-4923-ACAA-9F0E80B79BED}.Release|x64.ActiveCfg = Release|x64
		{DEEC2AAC-3325-4923-ACAA-9F0E80B79BED}.Release|x64.Build.0 = Release|x64
		{DEEC2AAC-3325-4923-ACAA-9F0E80B79BED}.Release|x86.ActiveCfg = Release|Win32
		{DEEC2AAC-3325-4923-ACAA-9F0E80B79BED}.Release|x86.Build.0 = Release|Win32
		{F550650F-41AA-42FF-9A95-6731E15B4FF5}.Debug|x64.ActiveCfg = Debug|x64
		{F550650F-41AA-42FF-9A95-6731E15B4FF5}.Debug|x64.Build.0 = Debug|x64
		{F550650F-41AA-42FF-9A95-6731E15B4FF5}.Debug|x86.ActiveCfg = Debug|Win32
		{F550650F-41AA-42FF-9A95-6731E15B4FF5}.Debug|x86.Build.0 = Debug|Win32
		{F550650F-41AA-42FF-9A95-6731E15B4FF5}.Release|x64.ActiveCfg = Release|x64
		{F550650F-41AA-42FF-9A95-6731E15B4FF5}.Release|x64.Build.0 = Release|x64
		{F550650F-41AA-42FF-9A95-6731E15B4FF5}.Release|x86.ActiveCfg = Release|Win32
		{F550650F-41AA-42FF-9A95-6731E15B4FF5}.Release|x86.Build.0 = Release|Win32
		{70E17913-3E5E-4F1E-9D22-8565480FB0D5}.Debug|x64.ActiveCfg = Debug|x64
		{70E17913-3E5E-4F1E-9D22-8565480FB0D5}.Debug|x64.Build.0 = Debug|x64
		{70E17913-3E5E-4F1E-9D22-8565480FB0D5}.Debug|x86.ActiveCfg = Debug|Win32
		{70E17913-3E5E-4F1E-9D22-8565480FB0D5}.Debug|x86.Build.0 = Debug|Win32
		{70E17913-3E5E-4F1E-9D22-8565480FB0D5}.Release|x64.ActiveCfg = Release|x64
		{70E17913-3E5E-4F1E-9D22-8565480FB0D5}.Release|x64.Build.0 = Release|x64
		{70E17913-3E5E-4F1E-9D22-8565480FB0D5}.Release|x86.ActiveCfg = Release|Win32
		{70E17913-3E5E-4F1E-9D22-8565480FB0D5}.Release|x86.Build.0 = Release|Win32
		{BC512F38-94A7-4EAD-96DB-C72E6FC5FBAD}.Debug|x64.ActiveCfg = Debug|x64
		{BC512F38-94A7-4EAD-96DB-C72E6FC5FBAD}.Debug|x64.Build.0 = Debug|x64
		{BC512F38-94A7-4EAD-96DB-C72E6FC5FBAD}.Debug|x86.ActiveCfg = Debug|Win32
		{BC512F38-94A7-4EAD-96DB-C72E6FC5FBAD}.Debug|x86.Build.0 = Debug|Win32
		{BC512F38-94A7-4EAD-96DB-C72E6FC5FBAD}.Release|x64.ActiveCfg = Release|x64
		{BC512F38-94A7-4EAD-96DB-C72E6FC5FBAD}.Release|x64.Build.0 = Release|x64
		{BC512F38-94A7-4EAD-96DB-C72E6FC5FBAD}.Release|x86.ActiveCfg = Release|Win32
		{BC512F38-94A7-4EAD-96DB-C72E6FC5FBAD}.Release|x86.Build.0 = Release|Win32
		{999AC266-7A85-4D11-8F2F-050E40422693}.Debug|x64.ActiveCfg = Debug|x64
		{999AC266-7A85-4D11-8F2F-050E40422693}.Debug|x64.Build.0 = Debug|x64
		{999AC266-7A85-4D11-8F2F-050E40422693}.Debug|x86.ActiveCfg = Debug|Win32
		{999AC266-7A85-4D11-8F2F-050E40422693}.Debug|x86.Build.0 = Debug|Win32
		{999AC266-7A85-4D11-8F2F-050E40422693}.Release|x64.ActiveCfg = Release|x64
		{999AC266-7A85-4D11-8F2F-050E40422693}.Release|x64.Build.0 = Release|x64
		{999AC266-7A85-4D11-8F2F-050E40422693}.Release|x86.ActiveCfg = Release|Win32
		{999AC266-7A85-4D11-8F2F-050E40422693}.Release|x86.Build.0 = Release|Win32
	EndGlobalSection
	GlobalSection(SolutionProperties) = preSolution
		HideSolutionNode = FALSE
	EndGlobalSection
	GlobalSection(ExtensibilityGlobals) = postSolution
		SolutionGuid = {9339594A-E015-4A5D-973A-17239B4D488E}
	EndGlobalSection
EndGlobal
