
Microsoft Visual Studio Solution File, Format Version 12.00
# Visual Studio Version 16
VisualStudioVersion = 16.0.29519.87
MinimumVisualStudioVersion = 10.0.40219.1
Project("{8BC9CEB8-8B4A-11D0-8D11-00A0C91BC942}") = "ex8-1", "ex8-1\ex8-1.vcxproj", "{0662EC9D-25C0-40A3-9C2C-1F814EB57B28}"
EndProject
Project("{8BC9CEB8-8B4A-11D0-8D11-00A0C91BC942}") = "ex8-2", "ex8-2\ex8-2.vcxproj", "{ECC53D12-01C6-46FE-9206-AB5508ACECC2}"
EndProject
Project("{8BC9CEB8-8B4A-11D0-8D11-00A0C91BC942}") = "ex8-3", "ex8-3\ex8-3.vcxproj", "{EC01B4AF-E4FA-4FA7-BC2E-98ED080CCBFA}"
EndProject
Project("{8BC9CEB8-8B4A-11D0-8D11-00A0C91BC942}") = "ex8-4", "ex8-4\ex8-4.vcxproj", "{03C7A1B4-493E-4444-8B62-EE0D2D839A04}"
EndProject
Project("{8BC9CEB8-8B4A-11D0-8D11-00A0C91BC942}") = "8.1-03", "8.1-03\8.1-03.vcxproj", "{C48C5251-D6AD-4F4D-A174-2D2897D12683}"
EndProject
Project("{8BC9CEB8-8B4A-11D0-8D11-00A0C91BC942}") = "8.1-04", "8.1-04\8.1-04.vcxproj", "{5B0E8597-089F-434A-BEE8-70A56889D970}"
EndProject
Project("{8BC9CEB8-8B4A-11D0-8D11-00A0C91BC942}") = "8.1-05", "8.1-05\8.1-05.vcxproj", "{01D2DBDE-4E4F-4025-80B1-50875ECA0298}"
EndProject
Project("{8BC9CEB8-8B4A-11D0-8D11-00A0C91BC942}") = "ex8-5", "ex8-5\ex8-5.vcxproj", "{91965E1D-58D0-4B7B-B611-97378C2729EA}"
EndProject
Project("{8BC9CEB8-8B4A-11D0-8D11-00A0C91BC942}") = "ex8-6", "ex8-6\ex8-6.vcxproj", "{81EDC2A8-FF93-4CEC-9755-83642194FD03}"
EndProject
Project("{8BC9CEB8-8B4A-11D0-8D11-00A0C91BC942}") = "ex8-7", "ex8-7\ex8-7.vcxproj", "{0856CBD5-4D96-49DC-A659-4D1CED8F629E}"
EndProject
Project("{8BC9CEB8-8B4A-11D0-8D11-00A0C91BC942}") = "ex8-8", "ex8-8\ex8-8.vcxproj", "{CCD2A98F-BCC3-4E59-9FB6-0AD61DC7CBD0}"
EndProject
Project("{8BC9CEB8-8B4A-11D0-8D11-00A0C91BC942}") = "challenge-01", "challenge-01\challenge-01.vcxproj", "{8274DA34-A7A5-418C-8C62-8742A317733E}"
EndProject
Project("{8BC9CEB8-8B4A-11D0-8D11-00A0C91BC942}") = "challenge-02", "challenge-02\challenge-02.vcxproj", "{9162F920-B9B2-4A11-8806-8E8C378E44A9}"
EndProject
Project("{8BC9CEB8-8B4A-11D0-8D11-00A0C91BC942}") = "challenge-03", "challenge-03\challenge-03.vcxproj", "{F4EB5A56-798C-4E3E-8A9B-DD46C9E5D74E}"
EndProject
Global
	GlobalSection(SolutionConfigurationPlatforms) = preSolution
		Debug|x64 = Debug|x64
		Debug|x86 = Debug|x86
		Release|x64 = Release|x64
		Release|x86 = Release|x86
	EndGlobalSection
	GlobalSection(ProjectConfigurationPlatforms) = postSolution
		{0662EC9D-25C0-40A3-9C2C-1F814EB57B28}.Debug|x64.ActiveCfg = Debug|x64
		{0662EC9D-25C0-40A3-9C2C-1F814EB57B28}.Debug|x64.Build.0 = Debug|x64
		{0662EC9D-25C0-40A3-9C2C-1F814EB57B28}.Debug|x86.ActiveCfg = Debug|Win32
		{0662EC9D-25C0-40A3-9C2C-1F814EB57B28}.Debug|x86.Build.0 = Debug|Win32
		{0662EC9D-25C0-40A3-9C2C-1F814EB57B28}.Release|x64.ActiveCfg = Release|x64
		{0662EC9D-25C0-40A3-9C2C-1F814EB57B28}.Release|x64.Build.0 = Release|x64
		{0662EC9D-25C0-40A3-9C2C-1F814EB57B28}.Release|x86.ActiveCfg = Release|Win32
		{0662EC9D-25C0-40A3-9C2C-1F814EB57B28}.Release|x86.Build.0 = Release|Win32
		{ECC53D12-01C6-46FE-9206-AB5508ACECC2}.Debug|x64.ActiveCfg = Debug|x64
		{ECC53D12-01C6-46FE-9206-AB5508ACECC2}.Debug|x64.Build.0 = Debug|x64
		{ECC53D12-01C6-46FE-9206-AB5508ACECC2}.Debug|x86.ActiveCfg = Debug|Win32
		{ECC53D12-01C6-46FE-9206-AB5508ACECC2}.Debug|x86.Build.0 = Debug|Win32
		{ECC53D12-01C6-46FE-9206-AB5508ACECC2}.Release|x64.ActiveCfg = Release|x64
		{ECC53D12-01C6-46FE-9206-AB5508ACECC2}.Release|x64.Build.0 = Release|x64
		{ECC53D12-01C6-46FE-9206-AB5508ACECC2}.Release|x86.ActiveCfg = Release|Win32
		{ECC53D12-01C6-46FE-9206-AB5508ACECC2}.Release|x86.Build.0 = Release|Win32
		{EC01B4AF-E4FA-4FA7-BC2E-98ED080CCBFA}.Debug|x64.ActiveCfg = Debug|x64
		{EC01B4AF-E4FA-4FA7-BC2E-98ED080CCBFA}.Debug|x64.Build.0 = Debug|x64
		{EC01B4AF-E4FA-4FA7-BC2E-98ED080CCBFA}.Debug|x86.ActiveCfg = Debug|Win32
		{EC01B4AF-E4FA-4FA7-BC2E-98ED080CCBFA}.Debug|x86.Build.0 = Debug|Win32
		{EC01B4AF-E4FA-4FA7-BC2E-98ED080CCBFA}.Release|x64.ActiveCfg = Release|x64
		{EC01B4AF-E4FA-4FA7-BC2E-98ED080CCBFA}.Release|x64.Build.0 = Release|x64
		{EC01B4AF-E4FA-4FA7-BC2E-98ED080CCBFA}.Release|x86.ActiveCfg = Release|Win32
		{EC01B4AF-E4FA-4FA7-BC2E-98ED080CCBFA}.Release|x86.Build.0 = Release|Win32
		{03C7A1B4-493E-4444-8B62-EE0D2D839A04}.Debug|x64.ActiveCfg = Debug|x64
		{03C7A1B4-493E-4444-8B62-EE0D2D839A04}.Debug|x64.Build.0 = Debug|x64
		{03C7A1B4-493E-4444-8B62-EE0D2D839A04}.Debug|x86.ActiveCfg = Debug|Win32
		{03C7A1B4-493E-4444-8B62-EE0D2D839A04}.Debug|x86.Build.0 = Debug|Win32
		{03C7A1B4-493E-4444-8B62-EE0D2D839A04}.Release|x64.ActiveCfg = Release|x64
		{03C7A1B4-493E-4444-8B62-EE0D2D839A04}.Release|x64.Build.0 = Release|x64
		{03C7A1B4-493E-4444-8B62-EE0D2D839A04}.Release|x86.ActiveCfg = Release|Win32
		{03C7A1B4-493E-4444-8B62-EE0D2D839A04}.Release|x86.Build.0 = Release|Win32
		{C48C5251-D6AD-4F4D-A174-2D2897D12683}.Debug|x64.ActiveCfg = Debug|x64
		{C48C5251-D6AD-4F4D-A174-2D2897D12683}.Debug|x64.Build.0 = Debug|x64
		{C48C5251-D6AD-4F4D-A174-2D2897D12683}.Debug|x86.ActiveCfg = Debug|Win32
		{C48C5251-D6AD-4F4D-A174-2D2897D12683}.Debug|x86.Build.0 = Debug|Win32
		{C48C5251-D6AD-4F4D-A174-2D2897D12683}.Release|x64.ActiveCfg = Release|x64
		{C48C5251-D6AD-4F4D-A174-2D2897D12683}.Release|x64.Build.0 = Release|x64
		{C48C5251-D6AD-4F4D-A174-2D2897D12683}.Release|x86.ActiveCfg = Release|Win32
		{C48C5251-D6AD-4F4D-A174-2D2897D12683}.Release|x86.Build.0 = Release|Win32
		{5B0E8597-089F-434A-BEE8-70A56889D970}.Debug|x64.ActiveCfg = Debug|x64
		{5B0E8597-089F-434A-BEE8-70A56889D970}.Debug|x64.Build.0 = Debug|x64
		{5B0E8597-089F-434A-BEE8-70A56889D970}.Debug|x86.ActiveCfg = Debug|Win32
		{5B0E8597-089F-434A-BEE8-70A56889D970}.Debug|x86.Build.0 = Debug|Win32
		{5B0E8597-089F-434A-BEE8-70A56889D970}.Release|x64.ActiveCfg = Release|x64
		{5B0E8597-089F-434A-BEE8-70A56889D970}.Release|x64.Build.0 = Release|x64
		{5B0E8597-089F-434A-BEE8-70A56889D970}.Release|x86.ActiveCfg = Release|Win32
		{5B0E8597-089F-434A-BEE8-70A56889D970}.Release|x86.Build.0 = Release|Win32
		{01D2DBDE-4E4F-4025-80B1-50875ECA0298}.Debug|x64.ActiveCfg = Debug|x64
		{01D2DBDE-4E4F-4025-80B1-50875ECA0298}.Debug|x64.Build.0 = Debug|x64
		{01D2DBDE-4E4F-4025-80B1-50875ECA0298}.Debug|x86.ActiveCfg = Debug|Win32
		{01D2DBDE-4E4F-4025-80B1-50875ECA0298}.Debug|x86.Build.0 = Debug|Win32
		{01D2DBDE-4E4F-4025-80B1-50875ECA0298}.Release|x64.ActiveCfg = Release|x64
		{01D2DBDE-4E4F-4025-80B1-50875ECA0298}.Release|x64.Build.0 = Release|x64
		{01D2DBDE-4E4F-4025-80B1-50875ECA0298}.Release|x86.ActiveCfg = Release|Win32
		{01D2DBDE-4E4F-4025-80B1-50875ECA0298}.Release|x86.Build.0 = Release|Win32
		{91965E1D-58D0-4B7B-B611-97378C2729EA}.Debug|x64.ActiveCfg = Debug|x64
		{91965E1D-58D0-4B7B-B611-97378C2729EA}.Debug|x64.Build.0 = Debug|x64
		{91965E1D-58D0-4B7B-B611-97378C2729EA}.Debug|x86.ActiveCfg = Debug|Win32
		{91965E1D-58D0-4B7B-B611-97378C2729EA}.Debug|x86.Build.0 = Debug|Win32
		{91965E1D-58D0-4B7B-B611-97378C2729EA}.Release|x64.ActiveCfg = Release|x64
		{91965E1D-58D0-4B7B-B611-97378C2729EA}.Release|x64.Build.0 = Release|x64
		{91965E1D-58D0-4B7B-B611-97378C2729EA}.Release|x86.ActiveCfg = Release|Win32
		{91965E1D-58D0-4B7B-B611-97378C2729EA}.Release|x86.Build.0 = Release|Win32
		{81EDC2A8-FF93-4CEC-9755-83642194FD03}.Debug|x64.ActiveCfg = Debug|x64
		{81EDC2A8-FF93-4CEC-9755-83642194FD03}.Debug|x64.Build.0 = Debug|x64
		{81EDC2A8-FF93-4CEC-9755-83642194FD03}.Debug|x86.ActiveCfg = Debug|Win32
		{81EDC2A8-FF93-4CEC-9755-83642194FD03}.Debug|x86.Build.0 = Debug|Win32
		{81EDC2A8-FF93-4CEC-9755-83642194FD03}.Release|x64.ActiveCfg = Release|x64
		{81EDC2A8-FF93-4CEC-9755-83642194FD03}.Release|x64.Build.0 = Release|x64
		{81EDC2A8-FF93-4CEC-9755-83642194FD03}.Release|x86.ActiveCfg = Release|Win32
		{81EDC2A8-FF93-4CEC-9755-83642194FD03}.Release|x86.Build.0 = Release|Win32
		{0856CBD5-4D96-49DC-A659-4D1CED8F629E}.Debug|x64.ActiveCfg = Debug|x64
		{0856CBD5-4D96-49DC-A659-4D1CED8F629E}.Debug|x64.Build.0 = Debug|x64
		{0856CBD5-4D96-49DC-A659-4D1CED8F629E}.Debug|x86.ActiveCfg = Debug|Win32
		{0856CBD5-4D96-49DC-A659-4D1CED8F629E}.Debug|x86.Build.0 = Debug|Win32
		{0856CBD5-4D96-49DC-A659-4D1CED8F629E}.Release|x64.ActiveCfg = Release|x64
		{0856CBD5-4D96-49DC-A659-4D1CED8F629E}.Release|x64.Build.0 = Release|x64
		{0856CBD5-4D96-49DC-A659-4D1CED8F629E}.Release|x86.ActiveCfg = Release|Win32
		{0856CBD5-4D96-49DC-A659-4D1CED8F629E}.Release|x86.Build.0 = Release|Win32
		{CCD2A98F-BCC3-4E59-9FB6-0AD61DC7CBD0}.Debug|x64.ActiveCfg = Debug|x64
		{CCD2A98F-BCC3-4E59-9FB6-0AD61DC7CBD0}.Debug|x64.Build.0 = Debug|x64
		{CCD2A98F-BCC3-4E59-9FB6-0AD61DC7CBD0}.Debug|x86.ActiveCfg = Debug|Win32
		{CCD2A98F-BCC3-4E59-9FB6-0AD61DC7CBD0}.Debug|x86.Build.0 = Debug|Win32
		{CCD2A98F-BCC3-4E59-9FB6-0AD61DC7CBD0}.Release|x64.ActiveCfg = Release|x64
		{CCD2A98F-BCC3-4E59-9FB6-0AD61DC7CBD0}.Release|x64.Build.0 = Release|x64
		{CCD2A98F-BCC3-4E59-9FB6-0AD61DC7CBD0}.Release|x86.ActiveCfg = Release|Win32
		{CCD2A98F-BCC3-4E59-9FB6-0AD61DC7CBD0}.Release|x86.Build.0 = Release|Win32
		{8274DA34-A7A5-418C-8C62-8742A317733E}.Debug|x64.ActiveCfg = Debug|x64
		{8274DA34-A7A5-418C-8C62-8742A317733E}.Debug|x64.Build.0 = Debug|x64
		{8274DA34-A7A5-418C-8C62-8742A317733E}.Debug|x86.ActiveCfg = Debug|Win32
		{8274DA34-A7A5-418C-8C62-8742A317733E}.Debug|x86.Build.0 = Debug|Win32
		{8274DA34-A7A5-418C-8C62-8742A317733E}.Release|x64.ActiveCfg = Release|x64
		{8274DA34-A7A5-418C-8C62-8742A317733E}.Release|x64.Build.0 = Release|x64
		{8274DA34-A7A5-418C-8C62-8742A317733E}.Release|x86.ActiveCfg = Release|Win32
		{8274DA34-A7A5-418C-8C62-8742A317733E}.Release|x86.Build.0 = Release|Win32
		{9162F920-B9B2-4A11-8806-8E8C378E44A9}.Debug|x64.ActiveCfg = Debug|x64
		{9162F920-B9B2-4A11-8806-8E8C378E44A9}.Debug|x64.Build.0 = Debug|x64
		{9162F920-B9B2-4A11-8806-8E8C378E44A9}.Debug|x86.ActiveCfg = Debug|Win32
		{9162F920-B9B2-4A11-8806-8E8C378E44A9}.Debug|x86.Build.0 = Debug|Win32
		{9162F920-B9B2-4A11-8806-8E8C378E44A9}.Release|x64.ActiveCfg = Release|x64
		{9162F920-B9B2-4A11-8806-8E8C378E44A9}.Release|x64.Build.0 = Release|x64
		{9162F920-B9B2-4A11-8806-8E8C378E44A9}.Release|x86.ActiveCfg = Release|Win32
		{9162F920-B9B2-4A11-8806-8E8C378E44A9}.Release|x86.Build.0 = Release|Win32
		{F4EB5A56-798C-4E3E-8A9B-DD46C9E5D74E}.Debug|x64.ActiveCfg = Debug|x64
		{F4EB5A56-798C-4E3E-8A9B-DD46C9E5D74E}.Debug|x64.Build.0 = Debug|x64
		{F4EB5A56-798C-4E3E-8A9B-DD46C9E5D74E}.Debug|x86.ActiveCfg = Debug|Win32
		{F4EB5A56-798C-4E3E-8A9B-DD46C9E5D74E}.Debug|x86.Build.0 = Debug|Win32
		{F4EB5A56-798C-4E3E-8A9B-DD46C9E5D74E}.Release|x64.ActiveCfg = Release|x64
		{F4EB5A56-798C-4E3E-8A9B-DD46C9E5D74E}.Release|x64.Build.0 = Release|x64
		{F4EB5A56-798C-4E3E-8A9B-DD46C9E5D74E}.Release|x86.ActiveCfg = Release|Win32
		{F4EB5A56-798C-4E3E-8A9B-DD46C9E5D74E}.Release|x86.Build.0 = Release|Win32
	EndGlobalSection
	GlobalSection(SolutionProperties) = preSolution
		HideSolutionNode = FALSE
	EndGlobalSection
	GlobalSection(ExtensibilityGlobals) = postSolution
		SolutionGuid = {9D686E26-0B05-43FE-9C39-3CECD1250C11}
	EndGlobalSection
EndGlobal
