
Microsoft Visual Studio Solution File, Format Version 12.00
# Visual Studio Version 16
VisualStudioVersion = 16.0.29519.87
MinimumVisualStudioVersion = 10.0.40219.1
Project("{8BC9CEB8-8B4A-11D0-8D11-00A0C91BC942}") = "ex9-1", "ex9-1\ex9-1.vcxproj", "{795DFE8E-8337-41B6-B74F-2D213F7DBE8F}"
EndProject
Project("{8BC9CEB8-8B4A-11D0-8D11-00A0C91BC942}") = "ex9-2", "ex9-2\ex9-2.vcxproj", "{DFE76B82-B1FF-453F-9365-BEE3515BB6C3}"
EndProject
Project("{8BC9CEB8-8B4A-11D0-8D11-00A0C91BC942}") = "ex9-3", "ex9-3\ex9-3.vcxproj", "{7F51F3B9-F218-4AA9-9942-B0BD93EB0C75}"
EndProject
Project("{8BC9CEB8-8B4A-11D0-8D11-00A0C91BC942}") = "ex9-4", "ex9-4\ex9-4.vcxproj", "{D1AE7FC1-446C-4CEE-A3A4-F82974E25CC6}"
EndProject
Project("{8BC9CEB8-8B4A-11D0-8D11-00A0C91BC942}") = "ex9-5", "ex9-5\ex9-5.vcxproj", "{12D5B154-4665-496B-A551-CC235584936B}"
EndProject
Project("{8BC9CEB8-8B4A-11D0-8D11-00A0C91BC942}") = "ex9-6", "ex9-6\ex9-6.vcxproj", "{F3546A47-3A2F-4A0E-B3B3-0770C2380C9F}"
EndProject
Project("{8BC9CEB8-8B4A-11D0-8D11-00A0C91BC942}") = "ex9-7", "ex9-7\ex9-7.vcxproj", "{0CC7486D-7A45-4B17-9AC4-6C818E90CC54}"
EndProject
Project("{8BC9CEB8-8B4A-11D0-8D11-00A0C91BC942}") = "ex9-8", "ex9-8\ex9-8.vcxproj", "{1323079E-3864-40E8-AE42-048787D170D3}"
EndProject
Project("{8BC9CEB8-8B4A-11D0-8D11-00A0C91BC942}") = "ex9-9", "ex9-9\ex9-9.vcxproj", "{D9D4CB64-A851-4B44-AF70-F07C09026EE2}"
EndProject
Project("{8BC9CEB8-8B4A-11D0-8D11-00A0C91BC942}") = "challenge-01", "challenge-01\challenge-01.vcxproj", "{D87990F6-968D-40E2-959E-FA52C6FA8C32}"
EndProject
Project("{8BC9CEB8-8B4A-11D0-8D11-00A0C91BC942}") = "challenge-02", "challenge-02\challenge-02.vcxproj", "{A2734020-F722-4CD1-B4B9-BFA8218D6EFD}"
EndProject
Project("{8BC9CEB8-8B4A-11D0-8D11-00A0C91BC942}") = "challenge-03", "challenge-03\challenge-03.vcxproj", "{E4949471-B8A2-4CD2-94FE-C1CFC464B387}"
EndProject
Global
	GlobalSection(SolutionConfigurationPlatforms) = preSolution
		Debug|x64 = Debug|x64
		Debug|x86 = Debug|x86
		Release|x64 = Release|x64
		Release|x86 = Release|x86
	EndGlobalSection
	GlobalSection(ProjectConfigurationPlatforms) = postSolution
		{795DFE8E-8337-41B6-B74F-2D213F7DBE8F}.Debug|x64.ActiveCfg = Debug|x64
		{795DFE8E-8337-41B6-B74F-2D213F7DBE8F}.Debug|x64.Build.0 = Debug|x64
		{795DFE8E-8337-41B6-B74F-2D213F7DBE8F}.Debug|x86.ActiveCfg = Debug|Win32
		{795DFE8E-8337-41B6-B74F-2D213F7DBE8F}.Debug|x86.Build.0 = Debug|Win32
		{795DFE8E-8337-41B6-B74F-2D213F7DBE8F}.Release|x64.ActiveCfg = Release|x64
		{795DFE8E-8337-41B6-B74F-2D213F7DBE8F}.Release|x64.Build.0 = Release|x64
		{795DFE8E-8337-41B6-B74F-2D213F7DBE8F}.Release|x86.ActiveCfg = Release|Win32
		{795DFE8E-8337-41B6-B74F-2D213F7DBE8F}.Release|x86.Build.0 = Release|Win32
		{DFE76B82-B1FF-453F-9365-BEE3515BB6C3}.Debug|x64.ActiveCfg = Debug|x64
		{DFE76B82-B1FF-453F-9365-BEE3515BB6C3}.Debug|x64.Build.0 = Debug|x64
		{DFE76B82-B1FF-453F-9365-BEE3515BB6C3}.Debug|x86.ActiveCfg = Debug|Win32
		{DFE76B82-B1FF-453F-9365-BEE3515BB6C3}.Debug|x86.Build.0 = Debug|Win32
		{DFE76B82-B1FF-453F-9365-BEE3515BB6C3}.Release|x64.ActiveCfg = Release|x64
		{DFE76B82-B1FF-453F-9365-BEE3515BB6C3}.Release|x64.Build.0 = Release|x64
		{DFE76B82-B1FF-453F-9365-BEE3515BB6C3}.Release|x86.ActiveCfg = Release|Win32
		{DFE76B82-B1FF-453F-9365-BEE3515BB6C3}.Release|x86.Build.0 = Release|Win32
		{7F51F3B9-F218-4AA9-9942-B0BD93EB0C75}.Debug|x64.ActiveCfg = Debug|x64
		{7F51F3B9-F218-4AA9-9942-B0BD93EB0C75}.Debug|x64.Build.0 = Debug|x64
		{7F51F3B9-F218-4AA9-9942-B0BD93EB0C75}.Debug|x86.ActiveCfg = Debug|Win32
		{7F51F3B9-F218-4AA9-9942-B0BD93EB0C75}.Debug|x86.Build.0 = Debug|Win32
		{7F51F3B9-F218-4AA9-9942-B0BD93EB0C75}.Release|x64.ActiveCfg = Release|x64
		{7F51F3B9-F218-4AA9-9942-B0BD93EB0C75}.Release|x64.Build.0 = Release|x64
		{7F51F3B9-F218-4AA9-9942-B0BD93EB0C75}.Release|x86.ActiveCfg = Release|Win32
		{7F51F3B9-F218-4AA9-9942-B0BD93EB0C75}.Release|x86.Build.0 = Release|Win32
		{D1AE7FC1-446C-4CEE-A3A4-F82974E25CC6}.Debug|x64.ActiveCfg = Debug|x64
		{D1AE7FC1-446C-4CEE-A3A4-F82974E25CC6}.Debug|x64.Build.0 = Debug|x64
		{D1AE7FC1-446C-4CEE-A3A4-F82974E25CC6}.Debug|x86.ActiveCfg = Debug|Win32
		{D1AE7FC1-446C-4CEE-A3A4-F82974E25CC6}.Debug|x86.Build.0 = Debug|Win32
		{D1AE7FC1-446C-4CEE-A3A4-F82974E25CC6}.Release|x64.ActiveCfg = Release|x64
		{D1AE7FC1-446C-4CEE-A3A4-F82974E25CC6}.Release|x64.Build.0 = Release|x64
		{D1AE7FC1-446C-4CEE-A3A4-F82974E25CC6}.Release|x86.ActiveCfg = Release|Win32
		{D1AE7FC1-446C-4CEE-A3A4-F82974E25CC6}.Release|x86.Build.0 = Release|Win32
		{12D5B154-4665-496B-A551-CC235584936B}.Debug|x64.ActiveCfg = Debug|x64
		{12D5B154-4665-496B-A551-CC235584936B}.Debug|x64.Build.0 = Debug|x64
		{12D5B154-4665-496B-A551-CC235584936B}.Debug|x86.ActiveCfg = Debug|Win32
		{12D5B154-4665-496B-A551-CC235584936B}.Debug|x86.Build.0 = Debug|Win32
		{12D5B154-4665-496B-A551-CC235584936B}.Release|x64.ActiveCfg = Release|x64
		{12D5B154-4665-496B-A551-CC235584936B}.Release|x64.Build.0 = Release|x64
		{12D5B154-4665-496B-A551-CC235584936B}.Release|x86.ActiveCfg = Release|Win32
		{12D5B154-4665-496B-A551-CC235584936B}.Release|x86.Build.0 = Release|Win32
		{F3546A47-3A2F-4A0E-B3B3-0770C2380C9F}.Debug|x64.ActiveCfg = Debug|x64
		{F3546A47-3A2F-4A0E-B3B3-0770C2380C9F}.Debug|x64.Build.0 = Debug|x64
		{F3546A47-3A2F-4A0E-B3B3-0770C2380C9F}.Debug|x86.ActiveCfg = Debug|Win32
		{F3546A47-3A2F-4A0E-B3B3-0770C2380C9F}.Debug|x86.Build.0 = Debug|Win32
		{F3546A47-3A2F-4A0E-B3B3-0770C2380C9F}.Release|x64.ActiveCfg = Release|x64
		{F3546A47-3A2F-4A0E-B3B3-0770C2380C9F}.Release|x64.Build.0 = Release|x64
		{F3546A47-3A2F-4A0E-B3B3-0770C2380C9F}.Release|x86.ActiveCfg = Release|Win32
		{F3546A47-3A2F-4A0E-B3B3-0770C2380C9F}.Release|x86.Build.0 = Release|Win32
		{0CC7486D-7A45-4B17-9AC4-6C818E90CC54}.Debug|x64.ActiveCfg = Debug|x64
		{0CC7486D-7A45-4B17-9AC4-6C818E90CC54}.Debug|x64.Build.0 = Debug|x64
		{0CC7486D-7A45-4B17-9AC4-6C818E90CC54}.Debug|x86.ActiveCfg = Debug|Win32
		{0CC7486D-7A45-4B17-9AC4-6C818E90CC54}.Debug|x86.Build.0 = Debug|Win32
		{0CC7486D-7A45-4B17-9AC4-6C818E90CC54}.Release|x64.ActiveCfg = Release|x64
		{0CC7486D-7A45-4B17-9AC4-6C818E90CC54}.Release|x64.Build.0 = Release|x64
		{0CC7486D-7A45-4B17-9AC4-6C818E90CC54}.Release|x86.ActiveCfg = Release|Win32
		{0CC7486D-7A45-4B17-9AC4-6C818E90CC54}.Release|x86.Build.0 = Release|Win32
		{1323079E-3864-40E8-AE42-048787D170D3}.Debug|x64.ActiveCfg = Debug|x64
		{1323079E-3864-40E8-AE42-048787D170D3}.Debug|x64.Build.0 = Debug|x64
		{1323079E-3864-40E8-AE42-048787D170D3}.Debug|x86.ActiveCfg = Debug|Win32
		{1323079E-3864-40E8-AE42-048787D170D3}.Debug|x86.Build.0 = Debug|Win32
		{1323079E-3864-40E8-AE42-048787D170D3}.Release|x64.ActiveCfg = Release|x64
		{1323079E-3864-40E8-AE42-048787D170D3}.Release|x64.Build.0 = Release|x64
		{1323079E-3864-40E8-AE42-048787D170D3}.Release|x86.ActiveCfg = Release|Win32
		{1323079E-3864-40E8-AE42-048787D170D3}.Release|x86.Build.0 = Release|Win32
		{D9D4CB64-A851-4B44-AF70-F07C09026EE2}.Debug|x64.ActiveCfg = Debug|x64
		{D9D4CB64-A851-4B44-AF70-F07C09026EE2}.Debug|x64.Build.0 = Debug|x64
		{D9D4CB64-A851-4B44-AF70-F07C09026EE2}.Debug|x86.ActiveCfg = Debug|Win32
		{D9D4CB64-A851-4B44-AF70-F07C09026EE2}.Debug|x86.Build.0 = Debug|Win32
		{D9D4CB64-A851-4B44-AF70-F07C09026EE2}.Release|x64.ActiveCfg = Release|x64
		{D9D4CB64-A851-4B44-AF70-F07C09026EE2}.Release|x64.Build.0 = Release|x64
		{D9D4CB64-A851-4B44-AF70-F07C09026EE2}.Release|x86.ActiveCfg = Release|Win32
		{D9D4CB64-A851-4B44-AF70-F07C09026EE2}.Release|x86.Build.0 = Release|Win32
		{D87990F6-968D-40E2-959E-FA52C6FA8C32}.Debug|x64.ActiveCfg = Debug|x64
		{D87990F6-968D-40E2-959E-FA52C6FA8C32}.Debug|x64.Build.0 = Debug|x64
		{D87990F6-968D-40E2-959E-FA52C6FA8C32}.Debug|x86.ActiveCfg = Debug|Win32
		{D87990F6-968D-40E2-959E-FA52C6FA8C32}.Debug|x86.Build.0 = Debug|Win32
		{D87990F6-968D-40E2-959E-FA52C6FA8C32}.Release|x64.ActiveCfg = Release|x64
		{D87990F6-968D-40E2-959E-FA52C6FA8C32}.Release|x64.Build.0 = Release|x64
		{D87990F6-968D-40E2-959E-FA52C6FA8C32}.Release|x86.ActiveCfg = Release|Win32
		{D87990F6-968D-40E2-959E-FA52C6FA8C32}.Release|x86.Build.0 = Release|Win32
		{A2734020-F722-4CD1-B4B9-BFA8218D6EFD}.Debug|x64.ActiveCfg = Debug|x64
		{A2734020-F722-4CD1-B4B9-BFA8218D6EFD}.Debug|x64.Build.0 = Debug|x64
		{A2734020-F722-4CD1-B4B9-BFA8218D6EFD}.Debug|x86.ActiveCfg = Debug|Win32
		{A2734020-F722-4CD1-B4B9-BFA8218D6EFD}.Debug|x86.Build.0 = Debug|Win32
		{A2734020-F722-4CD1-B4B9-BFA8218D6EFD}.Release|x64.ActiveCfg = Release|x64
		{A2734020-F722-4CD1-B4B9-BFA8218D6EFD}.Release|x64.Build.0 = Release|x64
		{A2734020-F722-4CD1-B4B9-BFA8218D6EFD}.Release|x86.ActiveCfg = Release|Win32
		{A2734020-F722-4CD1-B4B9-BFA8218D6EFD}.Release|x86.Build.0 = Release|Win32
		{E4949471-B8A2-4CD2-94FE-C1CFC464B387}.Debug|x64.ActiveCfg = Debug|x64
		{E4949471-B8A2-4CD2-94FE-C1CFC464B387}.Debug|x64.Build.0 = Debug|x64
		{E4949471-B8A2-4CD2-94FE-C1CFC464B387}.Debug|x86.ActiveCfg = Debug|Win32
		{E4949471-B8A2-4CD2-94FE-C1CFC464B387}.Debug|x86.Build.0 = Debug|Win32
		{E4949471-B8A2-4CD2-94FE-C1CFC464B387}.Release|x64.ActiveCfg = Release|x64
		{E4949471-B8A2-4CD2-94FE-C1CFC464B387}.Release|x64.Build.0 = Release|x64
		{E4949471-B8A2-4CD2-94FE-C1CFC464B387}.Release|x86.ActiveCfg = Release|Win32
		{E4949471-B8A2-4CD2-94FE-C1CFC464B387}.Release|x86.Build.0 = Release|Win32
	EndGlobalSection
	GlobalSection(SolutionProperties) = preSolution
		HideSolutionNode = FALSE
	EndGlobalSection
	GlobalSection(ExtensibilityGlobals) = postSolution
		SolutionGuid = {2761B249-C1A4-4D28-A558-38FDE6BE4B53}
	EndGlobalSection
EndGlobal
