
Microsoft Visual Studio Solution File, Format Version 12.00
# Visual Studio Version 16
VisualStudioVersion = 16.0.29806.167
MinimumVisualStudioVersion = 10.0.40219.1
Project("{8BC9CEB8-8B4A-11D0-8D11-00A0C91BC942}") = "ex14-1", "ex14-1\ex14-1.vcxproj", "{BF310C1B-8CBC-4D03-A7E7-8F64959C30B8}"
EndProject
Project("{8BC9CEB8-8B4A-11D0-8D11-00A0C91BC942}") = "ex14-2", "ex14-2\ex14-2.vcxproj", "{1C7F670A-E043-4264-8E9C-298C9E6712FC}"
EndProject
Project("{8BC9CEB8-8B4A-11D0-8D11-00A0C91BC942}") = "ex14-3", "ex14-3\ex14-3.vcxproj", "{D2B6A160-51C2-4145-9FA4-803AA12AA188}"
EndProject
Project("{8BC9CEB8-8B4A-11D0-8D11-00A0C91BC942}") = "ex14-4", "ex14-4\ex14-4.vcxproj", "{C69722DA-A0AA-4902-8909-E171434F1516}"
EndProject
Project("{8BC9CEB8-8B4A-11D0-8D11-00A0C91BC942}") = "ex14-5", "ex14-5\ex14-5.vcxproj", "{8F6C93F5-1E4C-4E26-97E6-6BF3183CCAF5}"
EndProject
Project("{8BC9CEB8-8B4A-11D0-8D11-00A0C91BC942}") = "14.1-03", "14.1-03\14.1-03.vcxproj", "{42C50D67-8D9D-4AD1-8BA1-8D76D4AECD35}"
EndProject
Project("{8BC9CEB8-8B4A-11D0-8D11-00A0C91BC942}") = "14.1-04", "14.1-04\14.1-04.vcxproj", "{7DF1D5C2-6CE6-470D-B9A1-A2F43A654B8C}"
EndProject
Project("{8BC9CEB8-8B4A-11D0-8D11-00A0C91BC942}") = "ex14-6", "ex14-6\ex14-6.vcxproj", "{742AA9DD-C46E-4AB9-92DA-F0397ADBBF7D}"
EndProject
Project("{8BC9CEB8-8B4A-11D0-8D11-00A0C91BC942}") = "ex14-7", "ex14-7\ex14-7.vcxproj", "{E659C372-3060-4814-8C2C-EAD4D19813EE}"
EndProject
Project("{8BC9CEB8-8B4A-11D0-8D11-00A0C91BC942}") = "14.2-04", "14.2-04\14.2-04.vcxproj", "{C28F9B4C-B25A-469F-9446-471FF800B27C}"
EndProject
Project("{8BC9CEB8-8B4A-11D0-8D11-00A0C91BC942}") = "14.2-05", "14.2-05\14.2-05.vcxproj", "{CE91BDB8-1ED9-44E6-8ECB-5E5C9D8354BC}"
EndProject
Project("{8BC9CEB8-8B4A-11D0-8D11-00A0C91BC942}") = "challenge-01", "challenge-01\challenge-01.vcxproj", "{0718D616-94ED-40B6-BF74-EC5EF63907F6}"
EndProject
Project("{8BC9CEB8-8B4A-11D0-8D11-00A0C91BC942}") = "challenge-02", "challenge-02\challenge-02.vcxproj", "{9C1F791D-DB93-4AFE-8A40-52B8938EC506}"
EndProject
Project("{8BC9CEB8-8B4A-11D0-8D11-00A0C91BC942}") = "challenge-03", "challenge-03\challenge-03.vcxproj", "{21688503-B9EA-477F-8A7D-D04149980FD1}"
EndProject
Global
	GlobalSection(SolutionConfigurationPlatforms) = preSolution
		Debug|x64 = Debug|x64
		Debug|x86 = Debug|x86
		Release|x64 = Release|x64
		Release|x86 = Release|x86
	EndGlobalSection
	GlobalSection(ProjectConfigurationPlatforms) = postSolution
		{BF310C1B-8CBC-4D03-A7E7-8F64959C30B8}.Debug|x64.ActiveCfg = Debug|x64
		{BF310C1B-8CBC-4D03-A7E7-8F64959C30B8}.Debug|x64.Build.0 = Debug|x64
		{BF310C1B-8CBC-4D03-A7E7-8F64959C30B8}.Debug|x86.ActiveCfg = Debug|Win32
		{BF310C1B-8CBC-4D03-A7E7-8F64959C30B8}.Debug|x86.Build.0 = Debug|Win32
		{BF310C1B-8CBC-4D03-A7E7-8F64959C30B8}.Release|x64.ActiveCfg = Release|x64
		{BF310C1B-8CBC-4D03-A7E7-8F64959C30B8}.Release|x64.Build.0 = Release|x64
		{BF310C1B-8CBC-4D03-A7E7-8F64959C30B8}.Release|x86.ActiveCfg = Release|Win32
		{BF310C1B-8CBC-4D03-A7E7-8F64959C30B8}.Release|x86.Build.0 = Release|Win32
		{1C7F670A-E043-4264-8E9C-298C9E6712FC}.Debug|x64.ActiveCfg = Debug|x64
		{1C7F670A-E043-4264-8E9C-298C9E6712FC}.Debug|x64.Build.0 = Debug|x64
		{1C7F670A-E043-4264-8E9C-298C9E6712FC}.Debug|x86.ActiveCfg = Debug|Win32
		{1C7F670A-E043-4264-8E9C-298C9E6712FC}.Debug|x86.Build.0 = Debug|Win32
		{1C7F670A-E043-4264-8E9C-298C9E6712FC}.Release|x64.ActiveCfg = Release|x64
		{1C7F670A-E043-4264-8E9C-298C9E6712FC}.Release|x64.Build.0 = Release|x64
		{1C7F670A-E043-4264-8E9C-298C9E6712FC}.Release|x86.ActiveCfg = Release|Win32
		{1C7F670A-E043-4264-8E9C-298C9E6712FC}.Release|x86.Build.0 = Release|Win32
		{D2B6A160-51C2-4145-9FA4-803AA12AA188}.Debug|x64.ActiveCfg = Debug|x64
		{D2B6A160-51C2-4145-9FA4-803AA12AA188}.Debug|x64.Build.0 = Debug|x64
		{D2B6A160-51C2-4145-9FA4-803AA12AA188}.Debug|x86.ActiveCfg = Debug|Win32
		{D2B6A160-51C2-4145-9FA4-803AA12AA188}.Debug|x86.Build.0 = Debug|Win32
		{D2B6A160-51C2-4145-9FA4-803AA12AA188}.Release|x64.ActiveCfg = Release|x64
		{D2B6A160-51C2-4145-9FA4-803AA12AA188}.Release|x64.Build.0 = Release|x64
		{D2B6A160-51C2-4145-9FA4-803AA12AA188}.Release|x86.ActiveCfg = Release|Win32
		{D2B6A160-51C2-4145-9FA4-803AA12AA188}.Release|x86.Build.0 = Release|Win32
		{C69722DA-A0AA-4902-8909-E171434F1516}.Debug|x64.ActiveCfg = Debug|x64
		{C69722DA-A0AA-4902-8909-E171434F1516}.Debug|x64.Build.0 = Debug|x64
		{C69722DA-A0AA-4902-8909-E171434F1516}.Debug|x86.ActiveCfg = Debug|Win32
		{C69722DA-A0AA-4902-8909-E171434F1516}.Debug|x86.Build.0 = Debug|Win32
		{C69722DA-A0AA-4902-8909-E171434F1516}.Release|x64.ActiveCfg = Release|x64
		{C69722DA-A0AA-4902-8909-E171434F1516}.Release|x64.Build.0 = Release|x64
		{C69722DA-A0AA-4902-8909-E171434F1516}.Release|x86.ActiveCfg = Release|Win32
		{C69722DA-A0AA-4902-8909-E171434F1516}.Release|x86.Build.0 = Release|Win32
		{8F6C93F5-1E4C-4E26-97E6-6BF3183CCAF5}.Debug|x64.ActiveCfg = Debug|x64
		{8F6C93F5-1E4C-4E26-97E6-6BF3183CCAF5}.Debug|x64.Build.0 = Debug|x64
		{8F6C93F5-1E4C-4E26-97E6-6BF3183CCAF5}.Debug|x86.ActiveCfg = Debug|Win32
		{8F6C93F5-1E4C-4E26-97E6-6BF3183CCAF5}.Debug|x86.Build.0 = Debug|Win32
		{8F6C93F5-1E4C-4E26-97E6-6BF3183CCAF5}.Release|x64.ActiveCfg = Release|x64
		{8F6C93F5-1E4C-4E26-97E6-6BF3183CCAF5}.Release|x64.Build.0 = Release|x64
		{8F6C93F5-1E4C-4E26-97E6-6BF3183CCAF5}.Release|x86.ActiveCfg = Release|Win32
		{8F6C93F5-1E4C-4E26-97E6-6BF3183CCAF5}.Release|x86.Build.0 = Release|Win32
		{42C50D67-8D9D-4AD1-8BA1-8D76D4AECD35}.Debug|x64.ActiveCfg = Debug|x64
		{42C50D67-8D9D-4AD1-8BA1-8D76D4AECD35}.Debug|x64.Build.0 = Debug|x64
		{42C50D67-8D9D-4AD1-8BA1-8D76D4AECD35}.Debug|x86.ActiveCfg = Debug|Win32
		{42C50D67-8D9D-4AD1-8BA1-8D76D4AECD35}.Debug|x86.Build.0 = Debug|Win32
		{42C50D67-8D9D-4AD1-8BA1-8D76D4AECD35}.Release|x64.ActiveCfg = Release|x64
		{42C50D67-8D9D-4AD1-8BA1-8D76D4AECD35}.Release|x64.Build.0 = Release|x64
		{42C50D67-8D9D-4AD1-8BA1-8D76D4AECD35}.Release|x86.ActiveCfg = Release|Win32
		{42C50D67-8D9D-4AD1-8BA1-8D76D4AECD35}.Release|x86.Build.0 = Release|Win32
		{7DF1D5C2-6CE6-470D-B9A1-A2F43A654B8C}.Debug|x64.ActiveCfg = Debug|x64
		{7DF1D5C2-6CE6-470D-B9A1-A2F43A654B8C}.Debug|x64.Build.0 = Debug|x64
		{7DF1D5C2-6CE6-470D-B9A1-A2F43A654B8C}.Debug|x86.ActiveCfg = Debug|Win32
		{7DF1D5C2-6CE6-470D-B9A1-A2F43A654B8C}.Debug|x86.Build.0 = Debug|Win32
		{7DF1D5C2-6CE6-470D-B9A1-A2F43A654B8C}.Release|x64.ActiveCfg = Release|x64
		{7DF1D5C2-6CE6-470D-B9A1-A2F43A654B8C}.Release|x64.Build.0 = Release|x64
		{7DF1D5C2-6CE6-470D-B9A1-A2F43A654B8C}.Release|x86.ActiveCfg = Release|Win32
		{7DF1D5C2-6CE6-470D-B9A1-A2F43A654B8C}.Release|x86.Build.0 = Release|Win32
		{742AA9DD-C46E-4AB9-92DA-F0397ADBBF7D}.Debug|x64.ActiveCfg = Debug|x64
		{742AA9DD-C46E-4AB9-92DA-F0397ADBBF7D}.Debug|x64.Build.0 = Debug|x64
		{742AA9DD-C46E-4AB9-92DA-F0397ADBBF7D}.Debug|x86.ActiveCfg = Debug|Win32
		{742AA9DD-C46E-4AB9-92DA-F0397ADBBF7D}.Debug|x86.Build.0 = Debug|Win32
		{742AA9DD-C46E-4AB9-92DA-F0397ADBBF7D}.Release|x64.ActiveCfg = Release|x64
		{742AA9DD-C46E-4AB9-92DA-F0397ADBBF7D}.Release|x64.Build.0 = Release|x64
		{742AA9DD-C46E-4AB9-92DA-F0397ADBBF7D}.Release|x86.ActiveCfg = Release|Win32
		{742AA9DD-C46E-4AB9-92DA-F0397ADBBF7D}.Release|x86.Build.0 = Release|Win32
		{E659C372-3060-4814-8C2C-EAD4D19813EE}.Debug|x64.ActiveCfg = Debug|x64
		{E659C372-3060-4814-8C2C-EAD4D19813EE}.Debug|x64.Build.0 = Debug|x64
		{E659C372-3060-4814-8C2C-EAD4D19813EE}.Debug|x86.ActiveCfg = Debug|Win32
		{E659C372-3060-4814-8C2C-EAD4D19813EE}.Debug|x86.Build.0 = Debug|Win32
		{E659C372-3060-4814-8C2C-EAD4D19813EE}.Release|x64.ActiveCfg = Release|x64
		{E659C372-3060-4814-8C2C-EAD4D19813EE}.Release|x64.Build.0 = Release|x64
		{E659C372-3060-4814-8C2C-EAD4D19813EE}.Release|x86.ActiveCfg = Release|Win32
		{E659C372-3060-4814-8C2C-EAD4D19813EE}.Release|x86.Build.0 = Release|Win32
		{C28F9B4C-B25A-469F-9446-471FF800B27C}.Debug|x64.ActiveCfg = Debug|x64
		{C28F9B4C-B25A-469F-9446-471FF800B27C}.Debug|x64.Build.0 = Debug|x64
		{C28F9B4C-B25A-469F-9446-471FF800B27C}.Debug|x86.ActiveCfg = Debug|Win32
		{C28F9B4C-B25A-469F-9446-471FF800B27C}.Debug|x86.Build.0 = Debug|Win32
		{C28F9B4C-B25A-469F-9446-471FF800B27C}.Release|x64.ActiveCfg = Release|x64
		{C28F9B4C-B25A-469F-9446-471FF800B27C}.Release|x64.Build.0 = Release|x64
		{C28F9B4C-B25A-469F-9446-471FF800B27C}.Release|x86.ActiveCfg = Release|Win32
		{C28F9B4C-B25A-469F-9446-471FF800B27C}.Release|x86.Build.0 = Release|Win32
		{CE91BDB8-1ED9-44E6-8ECB-5E5C9D8354BC}.Debug|x64.ActiveCfg = Debug|x64
		{CE91BDB8-1ED9-44E6-8ECB-5E5C9D8354BC}.Debug|x64.Build.0 = Debug|x64
		{CE91BDB8-1ED9-44E6-8ECB-5E5C9D8354BC}.Debug|x86.ActiveCfg = Debug|Win32
		{CE91BDB8-1ED9-44E6-8ECB-5E5C9D8354BC}.Debug|x86.Build.0 = Debug|Win32
		{CE91BDB8-1ED9-44E6-8ECB-5E5C9D8354BC}.Release|x64.ActiveCfg = Release|x64
		{CE91BDB8-1ED9-44E6-8ECB-5E5C9D8354BC}.Release|x64.Build.0 = Release|x64
		{CE91BDB8-1ED9-44E6-8ECB-5E5C9D8354BC}.Release|x86.ActiveCfg = Release|Win32
		{CE91BDB8-1ED9-44E6-8ECB-5E5C9D8354BC}.Release|x86.Build.0 = Release|Win32
		{0718D616-94ED-40B6-BF74-EC5EF63907F6}.Debug|x64.ActiveCfg = Debug|x64
		{0718D616-94ED-40B6-BF74-EC5EF63907F6}.Debug|x64.Build.0 = Debug|x64
		{0718D616-94ED-40B6-BF74-EC5EF63907F6}.Debug|x86.ActiveCfg = Debug|Win32
		{0718D616-94ED-40B6-BF74-EC5EF63907F6}.Debug|x86.Build.0 = Debug|Win32
		{0718D616-94ED-40B6-BF74-EC5EF63907F6}.Release|x64.ActiveCfg = Release|x64
		{0718D616-94ED-40B6-BF74-EC5EF63907F6}.Release|x64.Build.0 = Release|x64
		{0718D616-94ED-40B6-BF74-EC5EF63907F6}.Release|x86.ActiveCfg = Release|Win32
		{0718D616-94ED-40B6-BF74-EC5EF63907F6}.Release|x86.Build.0 = Release|Win32
		{9C1F791D-DB93-4AFE-8A40-52B8938EC506}.Debug|x64.ActiveCfg = Debug|x64
		{9C1F791D-DB93-4AFE-8A40-52B8938EC506}.Debug|x64.Build.0 = Debug|x64
		{9C1F791D-DB93-4AFE-8A40-52B8938EC506}.Debug|x86.ActiveCfg = Debug|Win32
		{9C1F791D-DB93-4AFE-8A40-52B8938EC506}.Debug|x86.Build.0 = Debug|Win32
		{9C1F791D-DB93-4AFE-8A40-52B8938EC506}.Release|x64.ActiveCfg = Release|x64
		{9C1F791D-DB93-4AFE-8A40-52B8938EC506}.Release|x64.Build.0 = Release|x64
		{9C1F791D-DB93-4AFE-8A40-52B8938EC506}.Release|x86.ActiveCfg = Release|Win32
		{9C1F791D-DB93-4AFE-8A40-52B8938EC506}.Release|x86.Build.0 = Release|Win32
		{21688503-B9EA-477F-8A7D-D04149980FD1}.Debug|x64.ActiveCfg = Debug|x64
		{21688503-B9EA-477F-8A7D-D04149980FD1}.Debug|x64.Build.0 = Debug|x64
		{21688503-B9EA-477F-8A7D-D04149980FD1}.Debug|x86.ActiveCfg = Debug|Win32
		{21688503-B9EA-477F-8A7D-D04149980FD1}.Debug|x86.Build.0 = Debug|Win32
		{21688503-B9EA-477F-8A7D-D04149980FD1}.Release|x64.ActiveCfg = Release|x64
		{21688503-B9EA-477F-8A7D-D04149980FD1}.Release|x64.Build.0 = Release|x64
		{21688503-B9EA-477F-8A7D-D04149980FD1}.Release|x86.ActiveCfg = Release|Win32
		{21688503-B9EA-477F-8A7D-D04149980FD1}.Release|x86.Build.0 = Release|Win32
	EndGlobalSection
	GlobalSection(SolutionProperties) = preSolution
		HideSolutionNode = FALSE
	EndGlobalSection
	GlobalSection(ExtensibilityGlobals) = postSolution
		SolutionGuid = {6F511C15-512F-4EFE-8B58-C943E86F7FC1}
	EndGlobalSection
EndGlobal
